<?xml version="1.0" encoding="utf-8"?>
<Project ToolsVersion="4.0" xmlns="http://schemas.microsoft.com/developer/msbuild/2003">
  <ItemGroup>
    <ClCompile Include="..\..\..\..\source\emulation\cpu\decoder.cpp">
      <Filter>source\emulation\cpu</Filter>
    </ClCompile>
    <ClCompile Include="..\..\..\..\source\emulation\cpu\normal\normalCPU.cpp">
      <Filter>source\emulation\cpu\normal</Filter>
    </ClCompile>
    <ClCompile Include="..\..\..\..\source\emulation\cpu\common\lazyFlags.cpp">
      <Filter>source\emulation\cpu\common</Filter>
    </ClCompile>
    <ClCompile Include="..\..\..\..\source\emulation\cpu\common\cpu.cpp">
      <Filter>source\emulation\cpu\common</Filter>
    </ClCompile>
    <ClCompile Include="..\..\..\..\source\emulation\cpu\normal\instructions.cpp">
      <Filter>source\emulation\cpu\normal</Filter>
    </ClCompile>
    <ClCompile Include="..\..\..\..\source\emulation\cpu\normal\normal_strings.cpp">
      <Filter>source\emulation\cpu\normal</Filter>
    </ClCompile>
    <ClCompile Include="..\..\..\..\source\emulation\cpu\normal\normal_shift.cpp">
      <Filter>source\emulation\cpu\normal</Filter>
    </ClCompile>
    <ClCompile Include="..\..\..\..\source\emulation\cpu\common\fpu.cpp">
      <Filter>source\emulation\cpu\common</Filter>
    </ClCompile>
    <ClCompile Include="..\..\..\..\source\kernel\syscall.cpp">
      <Filter>source\kernel</Filter>
    </ClCompile>
    <ClCompile Include="..\..\..\..\source\kernel\kprocess.cpp">
      <Filter>source\kernel</Filter>
    </ClCompile>
    <ClCompile Include="..\..\..\..\source\kernel\kthread.cpp">
      <Filter>source\kernel</Filter>
    </ClCompile>
    <ClCompile Include="..\..\..\..\source\io\fs.cpp">
      <Filter>source\io</Filter>
    </ClCompile>
    <ClCompile Include="..\..\..\..\source\io\fsnode.cpp">
      <Filter>source\io</Filter>
    </ClCompile>
    <ClCompile Include="..\..\..\..\source\io\fsopennode.cpp">
      <Filter>source\io</Filter>
    </ClCompile>
    <ClCompile Include="..\..\..\..\source\kernel\kpoll.cpp">
      <Filter>source\kernel</Filter>
    </ClCompile>
    <ClCompile Include="..\..\..\..\source\kernel\kepoll.cpp">
      <Filter>source\kernel</Filter>
    </ClCompile>
    <ClCompile Include="..\..\..\..\source\kernel\kfile.cpp">
      <Filter>source\kernel</Filter>
    </ClCompile>
    <ClCompile Include="..\..\..\..\source\kernel\kfiledescriptor.cpp">
      <Filter>source\kernel</Filter>
    </ClCompile>
    <ClCompile Include="..\..\..\..\source\kernel\kscheduler.cpp">
      <Filter>source\kernel</Filter>
    </ClCompile>
    <ClCompile Include="..\..\..\..\source\kernel\ksignal.cpp">
      <Filter>source\kernel</Filter>
    </ClCompile>
    <ClCompile Include="..\..\..\..\source\kernel\ksocket.cpp">
      <Filter>source\kernel</Filter>
    </ClCompile>
    <ClCompile Include="..\..\..\..\source\kernel\proc\bufferaccess.cpp">
      <Filter>source\kernel\proc</Filter>
    </ClCompile>
    <ClCompile Include="..\..\..\..\source\kernel\loader\loader.cpp">
      <Filter>source\kernel\loader</Filter>
    </ClCompile>
    <ClCompile Include="..\..\..\..\source\kernel\devs\devdsp.cpp">
      <Filter>source\kernel\devs</Filter>
    </ClCompile>
    <ClCompile Include="..\..\..\..\source\kernel\devs\devinput.cpp">
      <Filter>source\kernel\devs</Filter>
    </ClCompile>
    <ClCompile Include="..\..\..\..\source\kernel\devs\devmixer.cpp">
      <Filter>source\kernel\devs</Filter>
    </ClCompile>
    <ClCompile Include="..\..\..\..\source\kernel\devs\devnull.cpp">
      <Filter>source\kernel\devs</Filter>
    </ClCompile>
    <ClCompile Include="..\..\..\..\source\kernel\devs\devtty.cpp">
      <Filter>source\kernel\devs</Filter>
    </ClCompile>
    <ClCompile Include="..\..\..\..\source\kernel\devs\devurandom.cpp">
      <Filter>source\kernel\devs</Filter>
    </ClCompile>
    <ClCompile Include="..\..\..\..\source\kernel\devs\devzero.cpp">
      <Filter>source\kernel\devs</Filter>
    </ClCompile>
    <ClCompile Include="..\..\..\..\source\emulation\softmmu\soft_file_map.cpp">
      <Filter>source\emulation\softmmu</Filter>
    </ClCompile>
    <ClCompile Include="..\..\..\..\source\emulation\softmmu\soft_invalid_page.cpp">
      <Filter>source\emulation\softmmu</Filter>
    </ClCompile>
    <ClCompile Include="..\..\..\..\source\emulation\softmmu\soft_rw_page.cpp">
      <Filter>source\emulation\softmmu</Filter>
    </ClCompile>
    <ClCompile Include="..\..\..\..\source\emulation\softmmu\soft_ro_page.cpp">
      <Filter>source\emulation\softmmu</Filter>
    </ClCompile>
    <ClCompile Include="..\..\..\..\source\emulation\softmmu\soft_wo_page.cpp">
      <Filter>source\emulation\softmmu</Filter>
    </ClCompile>
    <ClCompile Include="..\..\..\..\source\emulation\softmmu\soft_copy_on_write_page.cpp">
      <Filter>source\emulation\softmmu</Filter>
    </ClCompile>
    <ClCompile Include="..\..\..\..\source\emulation\softmmu\soft_code_page.cpp">
      <Filter>source\emulation\softmmu</Filter>
    </ClCompile>
    <ClCompile Include="..\..\..\..\source\kernel\proc\meminfo.cpp">
      <Filter>source\kernel\proc</Filter>
    </ClCompile>
    <ClCompile Include="..\..\..\..\source\sdl\main.cpp">
      <Filter>source\sdl</Filter>
    </ClCompile>
    <ClCompile Include="..\..\..\..\source\io\fsfilenode.cpp">
      <Filter>source\io</Filter>
    </ClCompile>
    <ClCompile Include="..\..\..\..\source\io\fszipnode.cpp">
      <Filter>source\io</Filter>
    </ClCompile>
    <ClCompile Include="..\..\..\..\source\io\fszip.cpp">
      <Filter>source\io</Filter>
    </ClCompile>
    <ClCompile Include="..\..\..\..\source\io\fsfileopennode.cpp">
      <Filter>source\io</Filter>
    </ClCompile>
    <ClCompile Include="..\..\..\..\source\io\fsdiropennode.cpp">
      <Filter>source\io</Filter>
    </ClCompile>
    <ClCompile Include="..\..\..\..\source\io\fszipopennode.cpp">
      <Filter>source\io</Filter>
    </ClCompile>
    <ClCompile Include="..\..\..\..\source\io\fsvirtualnode.cpp">
      <Filter>source\io</Filter>
    </ClCompile>
    <ClCompile Include="..\..\..\..\platform\windows\platform.cpp">
      <Filter>platform\windows</Filter>
    </ClCompile>
    <ClCompile Include="..\..\..\..\source\opengl\glcommon.cpp">
      <Filter>opengl</Filter>
    </ClCompile>
    <ClCompile Include="..\..\..\..\source\opengl\glfunctions_ext1.cpp">
      <Filter>opengl</Filter>
    </ClCompile>
    <ClCompile Include="..\..\..\..\source\opengl\glfunctions_ext2.cpp">
      <Filter>opengl</Filter>
    </ClCompile>
    <ClCompile Include="..\..\..\..\source\opengl\glfunctions_ext3.cpp">
      <Filter>opengl</Filter>
    </ClCompile>
    <ClCompile Include="..\..\..\..\source\opengl\glMarshal.cpp">
      <Filter>opengl</Filter>
    </ClCompile>
    <ClCompile Include="..\..\..\..\source\opengl\glMarshalSize.cpp">
      <Filter>opengl</Filter>
    </ClCompile>
    <ClCompile Include="..\..\..\..\source\opengl\glMarshalVertex.cpp">
      <Filter>opengl</Filter>
    </ClCompile>
    <ClCompile Include="..\..\..\..\source\opengl\glext.cpp">
      <Filter>opengl</Filter>
    </ClCompile>
    <ClCompile Include="..\..\..\..\source\opengl\sdl\sdlgl.cpp">
      <Filter>opengl\sdl</Filter>
    </ClCompile>
    <ClCompile Include="..\..\..\..\source\sdl\winedrv.cpp">
      <Filter>source\sdl</Filter>
    </ClCompile>
    <ClCompile Include="..\..\..\..\source\kernel\ksystem.cpp">
      <Filter>source\kernel</Filter>
    </ClCompile>
    <ClCompile Include="..\..\..\..\source\kernel\proc\self.cpp">
      <Filter>source\kernel\proc</Filter>
    </ClCompile>
    <ClCompile Include="..\..\..\..\source\kernel\kunixsocket.cpp">
      <Filter>source\kernel</Filter>
    </ClCompile>
    <ClCompile Include="..\..\..\..\source\kernel\knativesocket.cpp">
      <Filter>source\kernel</Filter>
    </ClCompile>
    <ClCompile Include="..\..\..\..\source\kernel\ksocketobject.cpp">
      <Filter>source\kernel</Filter>
    </ClCompile>
    <ClCompile Include="..\..\..\..\source\emulation\softmmu\soft_no_page.cpp">
      <Filter>source\emulation\softmmu</Filter>
    </ClCompile>
    <ClCompile Include="..\..\..\..\source\util\crc.cpp">
      <Filter>source\util</Filter>
    </ClCompile>
    <ClCompile Include="..\..\..\..\source\util\log.cpp">
      <Filter>source\util</Filter>
    </ClCompile>
    <ClCompile Include="..\..\..\..\source\test\testCPU.cpp">
      <Filter>source\test</Filter>
    </ClCompile>
    <ClCompile Include="..\..\..\..\source\emulation\softmmu\soft_native_page.cpp">
      <Filter>source\emulation\softmmu</Filter>
    </ClCompile>
    <ClCompile Include="..\..\..\..\lib\zlib\contrib\minizip\ioapi.c">
      <Filter>minizip</Filter>
    </ClCompile>
    <ClCompile Include="..\..\..\..\lib\zlib\contrib\minizip\mztools.c">
      <Filter>minizip</Filter>
    </ClCompile>
    <ClCompile Include="..\..\..\..\lib\zlib\contrib\minizip\unzip.c">
      <Filter>minizip</Filter>
    </ClCompile>
    <ClCompile Include="..\..\..\..\lib\zlib\contrib\minizip\zip.c">
      <Filter>minizip</Filter>
    </ClCompile>
    <ClCompile Include="..\..\..\..\source\kernel\kobject.cpp">
      <Filter>source\kernel</Filter>
    </ClCompile>
    <ClCompile Include="..\..\..\..\source\kernel\kfilelock.cpp">
      <Filter>source\kernel</Filter>
    </ClCompile>
    <ClCompile Include="..\..\..\..\source\emulation\softmmu\soft_ram.cpp">
      <Filter>source\emulation\softmmu</Filter>
    </ClCompile>
    <ClCompile Include="..\..\..\..\source\kernel\kmemory.cpp">
      <Filter>source\kernel</Filter>
    </ClCompile>
    <ClCompile Include="..\boxedwine.cpp">
      <Filter>platform\windows</Filter>
    </ClCompile>
    <ClCompile Include="..\..\..\..\source\util\stringutil.cpp">
      <Filter>source\util</Filter>
    </ClCompile>
    <ClCompile Include="..\..\..\..\source\emulation\cpu\x32\x32CPU.cpp">
      <Filter>source\emulation\cpu\x32</Filter>
    </ClCompile>
    <ClCompile Include="..\..\..\..\source\emulation\cpu\common\common_arith.cpp">
      <Filter>source\emulation\cpu\common</Filter>
    </ClCompile>
    <ClCompile Include="..\..\..\..\source\emulation\cpu\common\common_pushpop.cpp">
      <Filter>source\emulation\cpu\common</Filter>
    </ClCompile>
    <ClCompile Include="..\..\..\..\source\emulation\cpu\common\common_xchg.cpp">
      <Filter>source\emulation\cpu\common</Filter>
    </ClCompile>
    <ClCompile Include="..\..\..\..\source\emulation\cpu\common\common_bit.cpp">
      <Filter>source\emulation\cpu\common</Filter>
    </ClCompile>
    <ClCompile Include="..\..\..\..\source\emulation\cpu\common\common_other.cpp">
      <Filter>source\emulation\cpu\common</Filter>
    </ClCompile>
    <ClCompile Include="..\..\..\..\source\emulation\cpu\common\common_mmx.cpp">
      <Filter>source\emulation\cpu\common</Filter>
    </ClCompile>
    <ClCompile Include="..\..\..\..\source\emulation\cpu\common\common_fpu.cpp">
      <Filter>source\emulation\cpu\common</Filter>
    </ClCompile>
    <ClCompile Include="..\..\..\..\source\util\recorder.cpp">
      <Filter>source\util</Filter>
    </ClCompile>
    <ClCompile Include="..\..\..\..\source\util\player.cpp">
      <Filter>source\util</Filter>
    </ClCompile>
    <ClCompile Include="..\..\..\..\source\kernel\devs\devsequencer.cpp">
      <Filter>source\kernel\devs</Filter>
    </ClCompile>
    <ClCompile Include="..\..\..\..\platform\windows\winmidi.cpp">
      <Filter>platform\windows</Filter>
    </ClCompile>
    <ClCompile Include="..\..\..\..\source\util\synchronization.cpp">
      <Filter>source\util</Filter>
    </ClCompile>
    <ClCompile Include="..\..\..\..\source\sdl\singleThreaded\mainloop.cpp">
      <Filter>source\sdl\singleThreaded</Filter>
    </ClCompile>
    <ClCompile Include="..\..\..\..\source\sdl\multiThreaded\threadedMainloop.cpp">
      <Filter>source\sdl\multiThreaded</Filter>
    </ClCompile>
    <ClCompile Include="..\..\..\..\source\kernel\ktimer.cpp">
      <Filter>source\kernel</Filter>
    </ClCompile>
    <ClCompile Include="..\..\..\..\source\emulation\cpu\x64\x64CPU.cpp">
      <Filter>source\emulation\cpu\x64</Filter>
    </ClCompile>
    <ClCompile Include="..\..\..\..\platform\windows\platformThreads.cpp">
      <Filter>platform\windows</Filter>
    </ClCompile>
    <ClCompile Include="..\..\..\..\source\emulation\cpu\x64\x64Data.cpp">
      <Filter>source\emulation\cpu\x64</Filter>
    </ClCompile>
    <ClCompile Include="..\..\..\..\source\emulation\cpu\x64\x64Ops.cpp">
      <Filter>source\emulation\cpu\x64</Filter>
    </ClCompile>
    <ClCompile Include="..\..\..\..\source\emulation\cpu\x64\x64Asm.cpp">
      <Filter>source\emulation\cpu\x64</Filter>
    </ClCompile>
    <ClCompile Include="..\..\..\..\source\emulation\cpu\x64\x64CodeChunk.cpp">
      <Filter>source\emulation\cpu\x64</Filter>
    </ClCompile>
    <ClCompile Include="..\..\..\..\source\emulation\cpu\srcgen.cpp">
      <Filter>source\emulation\cpu</Filter>
    </ClCompile>
    <ClCompile Include="..\..\..\..\source\emulation\cpu\common\common_sse.cpp">
      <Filter>source\emulation\cpu\common</Filter>
    </ClCompile>
    <ClCompile Include="..\..\..\..\source\emulation\cpu\common\common_sse2.cpp">
      <Filter>source\emulation\cpu\common</Filter>
    </ClCompile>
    <ClCompile Include="..\..\..\..\source\test\testMMX.cpp">
      <Filter>source\test</Filter>
    </ClCompile>
    <ClCompile Include="..\..\..\..\source\test\testSSE.cpp">
      <Filter>source\test</Filter>
    </ClCompile>
    <ClCompile Include="..\..\..\..\source\test\testSSE2.cpp">
      <Filter>source\test</Filter>
    </ClCompile>
    <ClCompile Include="..\..\..\..\source\kernel\sys\cpuonline.cpp">
      <Filter>source\kernel\sys</Filter>
    </ClCompile>
    <ClCompile Include="..\..\..\..\source\kernel\sys\cpumaxfreq.cpp">
      <Filter>source\kernel\sys</Filter>
    </ClCompile>
    <ClCompile Include="..\..\..\..\source\kernel\sys\cpuscalingcurfreq.cpp">
      <Filter>source\kernel\sys</Filter>
    </ClCompile>
    <ClCompile Include="..\..\..\..\source\kernel\sys\cpuscalingmaxfreq.cpp">
      <Filter>source\kernel\sys</Filter>
    </ClCompile>
    <ClCompile Include="..\..\..\..\source\kernel\proc\cpuinfo.cpp">
      <Filter>source\kernel\proc</Filter>
    </ClCompile>
    <ClCompile Include="..\..\..\..\source\io\fsmemopennode.cpp">
      <Filter>source\io</Filter>
    </ClCompile>
    <ClCompile Include="..\..\..\..\source\io\fsmemnode.cpp">
      <Filter>source\io</Filter>
    </ClCompile>
    <ClCompile Include="..\..\..\..\source\sdl\startupArgs.cpp">
      <Filter>source\sdl</Filter>
    </ClCompile>
    <ClCompile Include="..\..\..\..\lib\imgui\imgui.cpp">
      <Filter>source\ui\imgui</Filter>
    </ClCompile>
    <ClCompile Include="..\..\..\..\lib\imgui\imgui_draw.cpp">
      <Filter>source\ui\imgui</Filter>
    </ClCompile>
    <ClCompile Include="..\..\..\..\lib\imgui\imgui_widgets.cpp">
      <Filter>source\ui\imgui</Filter>
    </ClCompile>
    <ClCompile Include="..\..\..\..\source\ui\mainui.cpp">
      <Filter>source\ui</Filter>
    </ClCompile>
    <ClCompile Include="..\..\..\..\lib\imgui\examples\imgui_impl_sdl.cpp">
      <Filter>source\ui\imgui</Filter>
    </ClCompile>
    <ClCompile Include="..\..\..\..\source\ui\controls\menubar.cpp">
      <Filter>source\ui\controls</Filter>
    </ClCompile>
    <ClCompile Include="..\..\..\..\source\ui\data\boxedApp.cpp">
      <Filter>source\ui\data</Filter>
    </ClCompile>
    <ClCompile Include="..\..\..\..\source\ui\data\boxedContainer.cpp">
      <Filter>source\ui\data</Filter>
    </ClCompile>
    <ClCompile Include="..\..\..\..\source\ui\data\globalSettings.cpp">
      <Filter>source\ui\data</Filter>
    </ClCompile>
    <ClCompile Include="..\..\..\..\source\ui\data\configFile.cpp">
      <Filter>source\ui\data</Filter>
    </ClCompile>
    <ClCompile Include="..\..\..\..\source\util\fileutils.cpp">
      <Filter>source\util</Filter>
    </ClCompile>
    <ClCompile Include="..\..\..\..\source\ui\data\boxedwineData.cpp">
      <Filter>source\ui\data</Filter>
    </ClCompile>
    <ClCompile Include="..\..\..\..\source\ui\controls\listView.cpp">
      <Filter>source\ui\controls</Filter>
    </ClCompile>
    <ClCompile Include="..\..\..\..\source\ui\controls\listViewItem.cpp">
      <Filter>source\ui\controls</Filter>
    </ClCompile>
    <ClCompile Include="..\..\..\..\source\ui\controls\appbar.cpp">
      <Filter>source\ui\controls</Filter>
    </ClCompile>
    <ClCompile Include="..\..\..\..\source\ui\utils\boxedTranslation.cpp">
      <Filter>source\ui\utils</Filter>
    </ClCompile>
    <ClCompile Include="..\..\..\..\lib\imgui\addon\imguitinyfiledialogs.cpp">
      <Filter>source\ui\imgui\addon</Filter>
    </ClCompile>
    <ClCompile Include="..\..\..\..\lib\glew\src\glew.cpp">
      <Filter>source\ui\glew</Filter>
    </ClCompile>
    <ClCompile Include="..\..\..\..\source\ui\controls\containersView.cpp">
      <Filter>source\ui\controls</Filter>
    </ClCompile>
    <ClCompile Include="..\..\..\..\source\ui\controls\baseDlg.cpp">
      <Filter>source\ui\controls</Filter>
    </ClCompile>
    <ClCompile Include="..\..\..\..\source\ui\controls\uiSettings.cpp">
      <Filter>source\ui\controls</Filter>
    </ClCompile>
    <ClCompile Include="..\..\..\..\source\ui\controls\appChooserDlg.cpp">
      <Filter>source\ui\controls</Filter>
    </ClCompile>
    <ClCompile Include="..\..\..\..\source\ui\utils\readIcons.cpp">
      <Filter>source\ui\utils</Filter>
    </ClCompile>
    <ClCompile Include="..\..\..\..\source\ui\opengl\platformhelper.cpp">
      <Filter>source\ui\opengl</Filter>
    </ClCompile>
    <ClCompile Include="..\..\..\..\source\ui\utils\uihelper.cpp">
      <Filter>source\ui\utils</Filter>
    </ClCompile>
    <ClCompile Include="..\..\..\..\source\ui\controls\waitDlg.cpp">
      <Filter>source\ui\controls</Filter>
    </ClCompile>
    <ClCompile Include="..\..\..\..\source\ui\controls\spinnerControl.cpp">
      <Filter>source\ui\controls</Filter>
    </ClCompile>
    <ClCompile Include="..\..\..\..\source\util\networkutils.cpp">
      <Filter>source\util</Filter>
    </ClCompile>
    <ClCompile Include="..\..\..\..\source\util\threadutils.cpp">
      <Filter>source\util</Filter>
    </ClCompile>
    <ClCompile Include="..\..\..\..\source\ui\controls\optionsView.cpp">
      <Filter>source\ui\controls</Filter>
    </ClCompile>
    <ClCompile Include="..\..\..\..\source\ui\controls\baseView.cpp">
      <Filter>source\ui\controls</Filter>
    </ClCompile>
    <ClCompile Include="..\..\..\..\source\ui\controls\downloadDlg.cpp">
      <Filter>source\ui\controls</Filter>
    </ClCompile>
    <ClCompile Include="..\..\..\..\source\ui\controls\yesNoDlg.cpp">
      <Filter>source\ui\controls</Filter>
    </ClCompile>
    <ClCompile Include="..\..\..\..\source\ui\controls\okDlg.cpp">
      <Filter>source\ui\controls</Filter>
    </ClCompile>
    <ClCompile Include="..\..\..\..\source\ui\controls\installView.cpp">
      <Filter>source\ui\controls</Filter>
    </ClCompile>
    <ClCompile Include="..\..\..\..\source\ui\data\boxedReg.cpp">
      <Filter>source\ui\data</Filter>
    </ClCompile>
    <ClCompile Include="..\..\..\..\source\ui\controls\ImGuiLayout.cpp">
      <Filter>source\ui\controls</Filter>
    </ClCompile>
    <ClCompile Include="..\..\..\..\lib\pugixml\src\pugixml.cpp">
      <Filter>pugixml</Filter>
    </ClCompile>
    <ClCompile Include="..\..\..\..\source\ui\data\appFile.cpp">
      <Filter>source\ui\data</Filter>
    </ClCompile>
    <ClCompile Include="..\..\..\..\lib\imgui\examples\imgui_impl_dx9.cpp">
      <Filter>source\ui\imgui</Filter>
    </ClCompile>
    <ClCompile Include="..\..\..\..\source\ui\data\boxedTexture.cpp">
      <Filter>source\ui\data</Filter>
    </ClCompile>
    <ClCompile Include="..\..\..\..\lib\imgui\examples\imgui_impl_opengl3.cpp">
      <Filter>source\ui\imgui</Filter>
    </ClCompile>
    <ClCompile Include="..\..\..\..\source\ui\controls\unzipDlg.cpp">
      <Filter>source\ui\controls</Filter>
    </ClCompile>
    <ClCompile Include="..\..\..\..\platform\sdl\knativethread.cpp">
      <Filter>platform\sdl</Filter>
    </ClCompile>
    <ClCompile Include="..\..\..\..\platform\sdl\knativesystem.cpp">
      <Filter>platform\sdl</Filter>
    </ClCompile>
    <ClCompile Include="..\..\..\..\platform\sdl\knativeaudio.cpp">
      <Filter>platform\sdl</Filter>
    </ClCompile>
    <ClCompile Include="..\..\..\..\platform\sdl\knativewindow.cpp">
      <Filter>platform\sdl</Filter>
    </ClCompile>
    <ClCompile Include="..\..\..\..\platform\sdl\sdlcallback.cpp">
      <Filter>platform\sdl</Filter>
    </ClCompile>
    <ClCompile Include="..\..\..\..\source\ui\controls\helpView.cpp">
      <Filter>source\ui\controls</Filter>
    </ClCompile>
    <ClCompile Include="..\..\..\..\source\emulation\cpu\binaryTranslation\btCodeChunk.cpp">
      <Filter>source\emulation\cpu\binaryTranslation</Filter>
    </ClCompile>
    <ClCompile Include="..\..\..\..\source\sdl\wineaudiodrv.cpp">
      <Filter>source\sdl</Filter>
    </ClCompile>
    <ClCompile Include="..\..\..\..\platform\sdl\kdspaudio.cpp">
      <Filter>platform\sdl</Filter>
    </ClCompile>
    <ClCompile Include="..\..\..\..\platform\windows\kwindowsaudio.cpp">
      <Filter>platform\windows</Filter>
    </ClCompile>
    <ClCompile Include="..\..\..\..\source\opengl\osmesa\osmesa.cpp">
      <Filter>opengl\osmesa</Filter>
    </ClCompile>
    <ClCompile Include="..\..\..\..\source\opengl\boxedwineGL.cpp">
      <Filter>opengl</Filter>
    </ClCompile>
    <ClCompile Include="..\..\..\..\source\io\fsdynamiclinknode.cpp">
      <Filter>source\io</Filter>
    </ClCompile>
    <ClCompile Include="..\..\..\..\source\vulkan\vk_host.cpp">
      <Filter>vulkan</Filter>
    </ClCompile>
    <ClCompile Include="..\..\..\..\source\vulkan\vulkancommon.cpp">
      <Filter>vulkan</Filter>
    </ClCompile>
    <ClCompile Include="..\..\..\..\source\kernel\proc\uptime.cpp">
      <Filter>source\kernel\proc</Filter>
    </ClCompile>
    <ClCompile Include="..\..\..\..\lib\tiny-process\process.cpp">
      <Filter>process</Filter>
    </ClCompile>
    <ClCompile Include="..\..\..\..\lib\tiny-process\process_win.cpp">
      <Filter>process</Filter>
    </ClCompile>
    <ClCompile Include="..\..\..\..\source\emulation\cpu\binaryTranslation\btCpu.cpp">
      <Filter>source\emulation\cpu\binaryTranslation</Filter>
    </ClCompile>
    <ClCompile Include="..\..\..\..\source\emulation\cpu\binaryTranslation\btData.cpp">
      <Filter>source\emulation\cpu\binaryTranslation</Filter>
    </ClCompile>
    <ClCompile Include="..\..\..\..\source\util\bstring.cpp">
      <Filter>source\util</Filter>
    </ClCompile>
    <ClCompile Include="..\..\..\..\source\emulation\softmmu\kmemory_soft.cpp">
      <Filter>source\emulation\softmmu</Filter>
    </ClCompile>
    <ClCompile Include="..\..\..\..\source\emulation\cpu\binaryTranslation\btMemory.cpp">
      <Filter>source\emulation\cpu\binaryTranslation</Filter>
    </ClCompile>
    <ClCompile Include="..\..\..\..\source\util\bfile.cpp">
      <Filter>source\util</Filter>
    </ClCompile>
    <ClCompile Include="..\..\..\..\source\kernel\devs\devfb.cpp">
      <Filter>source\kernel\devs</Filter>
    </ClCompile>
    <ClCompile Include="..\..\..\..\source\kernel\sys\sysmouse.cpp">
      <Filter>source\kernel\sys</Filter>
    </ClCompile>
    <ClCompile Include="..\..\..\..\source\kernel\sys\sysfs.cpp">
      <Filter>source\kernel\sys</Filter>
    </ClCompile>
    <ClCompile Include="..\..\..\..\source\kernel\sys\sysbus.cpp">
      <Filter>source\kernel\sys</Filter>
    </ClCompile>
    <ClCompile Include="..\..\..\..\source\kernel\sys\sysdevices.cpp">
      <Filter>source\kernel\sys</Filter>
    </ClCompile>
    <ClCompile Include="..\..\..\..\source\kernel\sys\sysbususb.cpp">
      <Filter>source\kernel\sys</Filter>
    </ClCompile>
    <ClCompile Include="..\..\..\..\source\kernel\sys\sysdev.cpp">
      <Filter>source\kernel\sys</Filter>
    </ClCompile>
    <ClCompile Include="..\..\..\..\source\kernel\sys\sysfb.cpp">
      <Filter>source\kernel\sys</Filter>
    </ClCompile>
    <ClCompile Include="..\..\..\..\source\kernel\proc\procstat.cpp">
      <Filter>source\kernel\proc</Filter>
    </ClCompile>
    <ClCompile Include="..\..\..\..\source\kernel\knetlink.cpp">
      <Filter>source\kernel</Filter>
    </ClCompile>
    <ClCompile Include="..\..\..\..\source\kernel\kevent.cpp">
      <Filter>source\kernel</Filter>
    </ClCompile>
  </ItemGroup>
  <ItemGroup>
    <ClInclude Include="..\..\..\..\include\bufferaccess.h">
      <Filter>include</Filter>
    </ClInclude>
    <ClInclude Include="..\..\..\..\include\devdsp.h">
      <Filter>include</Filter>
    </ClInclude>
    <ClInclude Include="..\..\..\..\include\devinput.h">
      <Filter>include</Filter>
    </ClInclude>
    <ClInclude Include="..\..\..\..\include\devnull.h">
      <Filter>include</Filter>
    </ClInclude>
    <ClInclude Include="..\..\..\..\include\devurandom.h">
      <Filter>include</Filter>
    </ClInclude>
    <ClInclude Include="..\..\..\..\include\devtty.h">
      <Filter>include</Filter>
    </ClInclude>
    <ClInclude Include="..\..\..\..\include\kepoll.h">
      <Filter>include</Filter>
    </ClInclude>
    <ClInclude Include="..\..\..\..\include\kerror.h">
      <Filter>include</Filter>
    </ClInclude>
    <ClInclude Include="..\..\..\..\include\kfile.h">
      <Filter>include</Filter>
    </ClInclude>
    <ClInclude Include="..\..\..\..\include\kfilelock.h">
      <Filter>include</Filter>
    </ClInclude>
    <ClInclude Include="..\..\..\..\include\kfiledescriptor.h">
      <Filter>include</Filter>
    </ClInclude>
    <ClInclude Include="..\..\..\..\include\kobject.h">
      <Filter>include</Filter>
    </ClInclude>
    <ClInclude Include="..\..\..\..\include\kpoll.h">
      <Filter>include</Filter>
    </ClInclude>
    <ClInclude Include="..\..\..\..\include\kprocess.h">
      <Filter>include</Filter>
    </ClInclude>
    <ClInclude Include="..\..\..\..\include\kscheduler.h">
      <Filter>include</Filter>
    </ClInclude>
    <ClInclude Include="..\..\..\..\include\ksignal.h">
      <Filter>include</Filter>
    </ClInclude>
    <ClInclude Include="..\..\..\..\include\ksocket.h">
      <Filter>include</Filter>
    </ClInclude>
    <ClInclude Include="..\..\..\..\include\kstat.h">
      <Filter>include</Filter>
    </ClInclude>
    <ClInclude Include="..\..\..\..\include\ksystem.h">
      <Filter>include</Filter>
    </ClInclude>
    <ClInclude Include="..\..\..\..\include\kthread.h">
      <Filter>include</Filter>
    </ClInclude>
    <ClInclude Include="..\..\..\..\include\loader.h">
      <Filter>include</Filter>
    </ClInclude>
    <ClInclude Include="..\..\..\..\include\log.h">
      <Filter>include</Filter>
    </ClInclude>
    <ClInclude Include="..\..\..\..\include\meminfo.h">
      <Filter>include</Filter>
    </ClInclude>
    <ClInclude Include="..\..\..\..\include\platform.h">
      <Filter>include</Filter>
    </ClInclude>
    <ClInclude Include="..\..\..\..\include\reg.h">
      <Filter>include</Filter>
    </ClInclude>
    <ClInclude Include="..\..\..\..\source\opengl\glcommon.h">
      <Filter>opengl</Filter>
    </ClInclude>
    <ClInclude Include="..\..\..\..\include\jit.h">
      <Filter>include</Filter>
    </ClInclude>
    <ClInclude Include="..\..\..\..\include\crc.h">
      <Filter>include</Filter>
    </ClInclude>
    <ClInclude Include="..\..\..\..\source\sdl\wnd.h">
      <Filter>source\sdl</Filter>
    </ClInclude>
    <ClInclude Include="..\..\..\..\include\ktimer.h">
      <Filter>include</Filter>
    </ClInclude>
    <ClInclude Include="..\..\..\..\source\emulation\softmmu\soft_file_map.h">
      <Filter>source\emulation\softmmu</Filter>
    </ClInclude>
    <ClInclude Include="..\..\..\..\source\emulation\softmmu\soft_page.h">
      <Filter>source\emulation\softmmu</Filter>
    </ClInclude>
    <ClInclude Include="..\..\..\..\source\kernel\loader\kelf.h">
      <Filter>source\kernel\loader</Filter>
    </ClInclude>
    <ClInclude Include="..\..\..\..\source\opengl\glfunctions.h">
      <Filter>opengl</Filter>
    </ClInclude>
    <ClInclude Include="..\..\..\..\source\opengl\glfunctions_ext.h">
      <Filter>opengl</Filter>
    </ClInclude>
    <ClInclude Include="..\..\..\..\source\opengl\glMarshal.h">
      <Filter>opengl</Filter>
    </ClInclude>
    <ClInclude Include="..\..\..\..\source\emulation\cpu\normal\normalCPU.h">
      <Filter>source\emulation\cpu\normal</Filter>
    </ClInclude>
    <ClInclude Include="..\..\..\..\source\emulation\cpu\normal\instructions.h">
      <Filter>source\emulation\cpu\normal</Filter>
    </ClInclude>
    <ClInclude Include="..\..\..\..\source\emulation\cpu\normal\normal_arith.h">
      <Filter>source\emulation\cpu\normal</Filter>
    </ClInclude>
    <ClInclude Include="..\..\..\..\source\emulation\cpu\normal\normal_conditions.h">
      <Filter>source\emulation\cpu\normal</Filter>
    </ClInclude>
    <ClInclude Include="..\..\..\..\source\emulation\cpu\normal\normal_incdec.h">
      <Filter>source\emulation\cpu\normal</Filter>
    </ClInclude>
    <ClInclude Include="..\..\..\..\source\emulation\cpu\normal\normal_pushpop.h">
      <Filter>source\emulation\cpu\normal</Filter>
    </ClInclude>
    <ClInclude Include="..\..\..\..\source\emulation\cpu\normal\normal_setcc.h">
      <Filter>source\emulation\cpu\normal</Filter>
    </ClInclude>
    <ClInclude Include="..\..\..\..\source\emulation\cpu\normal\normal_shift.h">
      <Filter>source\emulation\cpu\normal</Filter>
    </ClInclude>
    <ClInclude Include="..\..\..\..\source\emulation\cpu\normal\normal_shift_op.h">
      <Filter>source\emulation\cpu\normal</Filter>
    </ClInclude>
    <ClInclude Include="..\..\..\..\source\emulation\cpu\normal\normal_strings.h">
      <Filter>source\emulation\cpu\normal</Filter>
    </ClInclude>
    <ClInclude Include="..\..\..\..\source\emulation\cpu\normal\normal_strings_op.h">
      <Filter>source\emulation\cpu\normal</Filter>
    </ClInclude>
    <ClInclude Include="..\..\..\..\source\emulation\cpu\normal\normal_xchg.h">
      <Filter>source\emulation\cpu\normal</Filter>
    </ClInclude>
    <ClInclude Include="..\..\..\..\source\emulation\cpu\normal\normal_bit.h">
      <Filter>source\emulation\cpu\normal</Filter>
    </ClInclude>
    <ClInclude Include="..\..\..\..\source\emulation\cpu\normal\normal_mmx.h">
      <Filter>source\emulation\cpu\normal</Filter>
    </ClInclude>
    <ClInclude Include="..\..\..\..\source\emulation\cpu\common\fpu.h">
      <Filter>source\emulation\cpu\common</Filter>
    </ClInclude>
    <ClInclude Include="..\..\..\..\source\emulation\cpu\normal\normal_fpu.h">
      <Filter>source\emulation\cpu\normal</Filter>
    </ClInclude>
    <ClInclude Include="..\..\..\..\source\emulation\cpu\normal\normal_other.h">
      <Filter>source\emulation\cpu\normal</Filter>
    </ClInclude>
    <ClInclude Include="..\..\..\..\source\emulation\cpu\normal\normal_move.h">
      <Filter>source\emulation\cpu\normal</Filter>
    </ClInclude>
    <ClInclude Include="..\..\..\..\source\emulation\cpu\common\lazyFlags.h">
      <Filter>source\emulation\cpu\common</Filter>
    </ClInclude>
    <ClInclude Include="..\..\..\..\source\emulation\cpu\common\cpu.h">
      <Filter>source\emulation\cpu\common</Filter>
    </ClInclude>
    <ClInclude Include="..\..\..\..\source\io\fs.h">
      <Filter>source\io</Filter>
    </ClInclude>
    <ClInclude Include="..\..\..\..\source\io\fsnode.h">
      <Filter>source\io</Filter>
    </ClInclude>
    <ClInclude Include="..\..\..\..\source\io\fsopennode.h">
      <Filter>source\io</Filter>
    </ClInclude>
    <ClInclude Include="..\..\..\..\source\emulation\softmmu\soft_invalid_page.h">
      <Filter>source\emulation\softmmu</Filter>
    </ClInclude>
    <ClInclude Include="..\..\..\..\source\emulation\softmmu\soft_rw_page.h">
      <Filter>source\emulation\softmmu</Filter>
    </ClInclude>
    <ClInclude Include="..\..\..\..\source\emulation\softmmu\soft_ro_page.h">
      <Filter>source\emulation\softmmu</Filter>
    </ClInclude>
    <ClInclude Include="..\..\..\..\source\emulation\softmmu\soft_wo_page.h">
      <Filter>source\emulation\softmmu</Filter>
    </ClInclude>
    <ClInclude Include="..\..\..\..\source\emulation\softmmu\soft_copy_on_write_page.h">
      <Filter>source\emulation\softmmu</Filter>
    </ClInclude>
    <ClInclude Include="..\..\..\..\source\emulation\softmmu\soft_code_page.h">
      <Filter>source\emulation\softmmu</Filter>
    </ClInclude>
    <ClInclude Include="..\..\..\..\source\io\fsfilenode.h">
      <Filter>source\io</Filter>
    </ClInclude>
    <ClInclude Include="..\..\..\..\source\io\fszipnode.h">
      <Filter>source\io</Filter>
    </ClInclude>
    <ClInclude Include="..\..\..\..\source\io\fszip.h">
      <Filter>source\io</Filter>
    </ClInclude>
    <ClInclude Include="..\..\..\..\source\io\fsfileopennode.h">
      <Filter>source\io</Filter>
    </ClInclude>
    <ClInclude Include="..\..\..\..\source\io\fsdiropennode.h">
      <Filter>source\io</Filter>
    </ClInclude>
    <ClInclude Include="..\..\..\..\source\io\fszipopennode.h">
      <Filter>source\io</Filter>
    </ClInclude>
    <ClInclude Include="..\..\..\..\source\io\fsvirtualopennode.h">
      <Filter>source\io</Filter>
    </ClInclude>
    <ClInclude Include="..\..\..\..\source\io\fsvirtualnode.h">
      <Filter>source\io</Filter>
    </ClInclude>
    <ClInclude Include="..\..\..\..\include\devmixer.h">
      <Filter>include</Filter>
    </ClInclude>
    <ClInclude Include="..\..\..\..\include\kunixsocket.h">
      <Filter>include</Filter>
    </ClInclude>
    <ClInclude Include="..\..\..\..\include\ksocketmsg.h">
      <Filter>include</Filter>
    </ClInclude>
    <ClInclude Include="..\..\..\..\include\knativesocket.h">
      <Filter>include</Filter>
    </ClInclude>
    <ClInclude Include="..\..\..\..\include\ksocketobject.h">
      <Filter>include</Filter>
    </ClInclude>
    <ClInclude Include="..\..\..\..\source\emulation\softmmu\soft_no_page.h">
      <Filter>source\emulation\softmmu</Filter>
    </ClInclude>
    <ClInclude Include="..\..\..\..\include\boxedwine.h">
      <Filter>include</Filter>
    </ClInclude>
    <ClInclude Include="..\..\..\..\source\emulation\softmmu\soft_native_page.h">
      <Filter>source\emulation\softmmu</Filter>
    </ClInclude>
    <ClInclude Include="..\..\..\..\lib\zlib\contrib\minizip\crypt.h">
      <Filter>minizip</Filter>
    </ClInclude>
    <ClInclude Include="..\..\..\..\lib\zlib\contrib\minizip\ioapi.h">
      <Filter>minizip</Filter>
    </ClInclude>
    <ClInclude Include="..\..\..\..\lib\zlib\contrib\minizip\mztools.h">
      <Filter>minizip</Filter>
    </ClInclude>
    <ClInclude Include="..\..\..\..\lib\zlib\contrib\minizip\unzip.h">
      <Filter>minizip</Filter>
    </ClInclude>
    <ClInclude Include="..\..\..\..\lib\zlib\contrib\minizip\zip.h">
      <Filter>minizip</Filter>
    </ClInclude>
    <ClInclude Include="..\..\..\..\source\emulation\softmmu\soft_ram.h">
      <Filter>source\emulation\softmmu</Filter>
    </ClInclude>
    <ClInclude Include="..\..\..\..\source\util\klist.h">
      <Filter>source\util</Filter>
    </ClInclude>
    <ClInclude Include="..\..\..\..\source\util\karray.h">
      <Filter>source\util</Filter>
    </ClInclude>
    <ClInclude Include="..\..\..\..\source\util\stringutil.h">
      <Filter>source\util</Filter>
    </ClInclude>
    <ClInclude Include="..\..\..\..\source\emulation\cpu\normal\normal_jump.h">
      <Filter>source\emulation\cpu\normal</Filter>
    </ClInclude>
    <ClInclude Include="..\..\..\..\source\emulation\cpu\x32\x32CPU.h">
      <Filter>source\emulation\cpu\x32</Filter>
    </ClInclude>
    <ClInclude Include="..\..\..\..\source\emulation\cpu\common\cpu_init.h">
      <Filter>source\emulation\cpu\common</Filter>
    </ClInclude>
    <ClInclude Include="..\..\..\..\source\emulation\cpu\common\cpu_init_fpu.h">
      <Filter>source\emulation\cpu\common</Filter>
    </ClInclude>
    <ClInclude Include="..\..\..\..\source\emulation\cpu\common\cpu_init_mmx.h">
      <Filter>source\emulation\cpu\common</Filter>
    </ClInclude>
    <ClInclude Include="..\..\..\..\source\emulation\cpu\common\common_arith.h">
      <Filter>source\emulation\cpu\common</Filter>
    </ClInclude>
    <ClInclude Include="..\..\..\..\source\emulation\cpu\common\common_pushpop.h">
      <Filter>source\emulation\cpu\common</Filter>
    </ClInclude>
    <ClInclude Include="..\..\..\..\source\emulation\cpu\common\common_xchg.h">
      <Filter>source\emulation\cpu\common</Filter>
    </ClInclude>
    <ClInclude Include="..\..\..\..\source\emulation\cpu\common\common_bit.h">
      <Filter>source\emulation\cpu\common</Filter>
    </ClInclude>
    <ClInclude Include="..\..\..\..\source\emulation\cpu\common\common_other.h">
      <Filter>source\emulation\cpu\common</Filter>
    </ClInclude>
    <ClInclude Include="..\..\..\..\source\emulation\cpu\common\common_mmx.h">
      <Filter>source\emulation\cpu\common</Filter>
    </ClInclude>
    <ClInclude Include="..\..\..\..\source\emulation\cpu\common\common_mmx_def.h">
      <Filter>source\emulation\cpu\common</Filter>
    </ClInclude>
    <ClInclude Include="..\..\..\..\source\emulation\cpu\common\common_fpu.h">
      <Filter>source\emulation\cpu\common</Filter>
    </ClInclude>
    <ClInclude Include="..\..\..\..\source\emulation\cpu\common\common_fpu_def.h">
      <Filter>source\emulation\cpu\common</Filter>
    </ClInclude>
    <ClInclude Include="..\..\..\..\source\emulation\cpu\dynamic\dynamic_arith.h">
      <Filter>source\emulation\cpu\dynamic</Filter>
    </ClInclude>
    <ClInclude Include="..\..\..\..\source\emulation\cpu\dynamic\dynamic_bit.h">
      <Filter>source\emulation\cpu\dynamic</Filter>
    </ClInclude>
    <ClInclude Include="..\..\..\..\source\emulation\cpu\dynamic\dynamic_conditions.h">
      <Filter>source\emulation\cpu\dynamic</Filter>
    </ClInclude>
    <ClInclude Include="..\..\..\..\source\emulation\cpu\dynamic\dynamic_fpu.h">
      <Filter>source\emulation\cpu\dynamic</Filter>
    </ClInclude>
    <ClInclude Include="..\..\..\..\source\emulation\cpu\dynamic\dynamic_incdec.h">
      <Filter>source\emulation\cpu\dynamic</Filter>
    </ClInclude>
    <ClInclude Include="..\..\..\..\source\emulation\cpu\dynamic\dynamic_jump.h">
      <Filter>source\emulation\cpu\dynamic</Filter>
    </ClInclude>
    <ClInclude Include="..\..\..\..\source\emulation\cpu\dynamic\dynamic_mmx.h">
      <Filter>source\emulation\cpu\dynamic</Filter>
    </ClInclude>
    <ClInclude Include="..\..\..\..\source\emulation\cpu\dynamic\dynamic_mov.h">
      <Filter>source\emulation\cpu\dynamic</Filter>
    </ClInclude>
    <ClInclude Include="..\..\..\..\source\emulation\cpu\dynamic\dynamic_other.h">
      <Filter>source\emulation\cpu\dynamic</Filter>
    </ClInclude>
    <ClInclude Include="..\..\..\..\source\emulation\cpu\dynamic\dynamic_pushpop.h">
      <Filter>source\emulation\cpu\dynamic</Filter>
    </ClInclude>
    <ClInclude Include="..\..\..\..\source\emulation\cpu\dynamic\dynamic_setcc.h">
      <Filter>source\emulation\cpu\dynamic</Filter>
    </ClInclude>
    <ClInclude Include="..\..\..\..\source\emulation\cpu\dynamic\dynamic_shift.h">
      <Filter>source\emulation\cpu\dynamic</Filter>
    </ClInclude>
    <ClInclude Include="..\..\..\..\source\emulation\cpu\dynamic\dynamic_strings.h">
      <Filter>source\emulation\cpu\dynamic</Filter>
    </ClInclude>
    <ClInclude Include="..\..\..\..\source\emulation\cpu\dynamic\dynamic_xchg.h">
      <Filter>source\emulation\cpu\dynamic</Filter>
    </ClInclude>
    <ClInclude Include="..\..\..\..\source\emulation\cpu\dynamic\dynamic.h">
      <Filter>source\emulation\cpu\dynamic</Filter>
    </ClInclude>
    <ClInclude Include="..\..\..\..\source\emulation\cpu\dynamic\dynamic_func.h">
      <Filter>source\emulation\cpu\dynamic</Filter>
    </ClInclude>
    <ClInclude Include="..\..\..\..\include\recorder.h">
      <Filter>include</Filter>
    </ClInclude>
    <ClInclude Include="..\..\..\..\include\player.h">
      <Filter>include</Filter>
    </ClInclude>
    <ClInclude Include="..\..\..\..\include\devsequencer.h">
      <Filter>include</Filter>
    </ClInclude>
    <ClInclude Include="..\..\..\..\include\mixer.h">
      <Filter>include</Filter>
    </ClInclude>
    <ClInclude Include="..\..\..\..\source\util\synchronization.h">
      <Filter>source\util</Filter>
    </ClInclude>
    <ClInclude Include="..\..\..\..\source\sdl\mainloop.h">
      <Filter>source\sdl</Filter>
    </ClInclude>
    <ClInclude Include="..\..\..\..\source\emulation\cpu\x64\x64CPU.h">
      <Filter>source\emulation\cpu\x64</Filter>
    </ClInclude>
    <ClInclude Include="..\..\..\..\source\emulation\cpu\x64\x64Data.h">
      <Filter>source\emulation\cpu\x64</Filter>
    </ClInclude>
    <ClInclude Include="..\..\..\..\source\emulation\cpu\x64\x64Asm.h">
      <Filter>source\emulation\cpu\x64</Filter>
    </ClInclude>
    <ClInclude Include="..\..\..\..\source\emulation\cpu\x64\x64Ops.h">
      <Filter>source\emulation\cpu\x64</Filter>
    </ClInclude>
    <ClInclude Include="..\..\..\..\source\emulation\cpu\x64\x64CodeChunk.h">
      <Filter>source\emulation\cpu\x64</Filter>
    </ClInclude>
    <ClInclude Include="..\..\..\..\source\emulation\cpu\normal\normal_sse.h">
      <Filter>source\emulation\cpu\normal</Filter>
    </ClInclude>
    <ClInclude Include="..\..\..\..\source\emulation\cpu\common\common_sse.h">
      <Filter>source\emulation\cpu\common</Filter>
    </ClInclude>
    <ClInclude Include="..\..\..\..\source\emulation\cpu\common\common_sse_def.h">
      <Filter>source\emulation\cpu\common</Filter>
    </ClInclude>
    <ClInclude Include="..\..\..\..\source\emulation\cpu\dynamic\dynamic_sse.h">
      <Filter>source\emulation\cpu\dynamic</Filter>
    </ClInclude>
    <ClInclude Include="..\..\..\..\source\emulation\cpu\common\common_sse2.h">
      <Filter>source\emulation\cpu\common</Filter>
    </ClInclude>
    <ClInclude Include="..\..\..\..\source\emulation\cpu\common\common_sse2_def.h">
      <Filter>source\emulation\cpu\common</Filter>
    </ClInclude>
    <ClInclude Include="..\..\..\..\source\emulation\cpu\common\cpu_init_sse.h">
      <Filter>source\emulation\cpu\common</Filter>
    </ClInclude>
    <ClInclude Include="..\..\..\..\source\emulation\cpu\common\cpu_init_sse2.h">
      <Filter>source\emulation\cpu\common</Filter>
    </ClInclude>
    <ClInclude Include="..\..\..\..\source\emulation\cpu\normal\normal_sse2.h">
      <Filter>source\emulation\cpu\normal</Filter>
    </ClInclude>
    <ClInclude Include="..\..\..\..\source\emulation\cpu\dynamic\dynamic_sse2.h">
      <Filter>source\emulation\cpu\dynamic</Filter>
    </ClInclude>
    <ClInclude Include="..\..\..\..\source\test\testCPU.h">
      <Filter>source\test</Filter>
    </ClInclude>
    <ClInclude Include="..\..\..\..\source\test\testMMX.h">
      <Filter>source\test</Filter>
    </ClInclude>
    <ClInclude Include="..\..\..\..\source\test\testSSE.h">
      <Filter>source\test</Filter>
    </ClInclude>
    <ClInclude Include="..\..\..\..\source\test\testSSE2.h">
      <Filter>source\test</Filter>
    </ClInclude>
    <ClInclude Include="..\..\..\..\include\syscpuonline.h">
      <Filter>include</Filter>
    </ClInclude>
    <ClInclude Include="..\..\..\..\include\syscpumaxfreq.h">
      <Filter>include</Filter>
    </ClInclude>
    <ClInclude Include="..\..\..\..\include\syscpuscalingcurfreq.h">
      <Filter>include</Filter>
    </ClInclude>
    <ClInclude Include="..\..\..\..\include\syscpuscalingmaxfreq.h">
      <Filter>include</Filter>
    </ClInclude>
    <ClInclude Include="..\..\..\..\include\cpuinfo.h">
      <Filter>include</Filter>
    </ClInclude>
    <ClInclude Include="..\..\..\..\source\io\fsmemopennode.h">
      <Filter>source\io</Filter>
    </ClInclude>
    <ClInclude Include="..\..\..\..\source\io\fsmemnode.h">
      <Filter>source\io</Filter>
    </ClInclude>
    <ClInclude Include="..\..\..\..\source\sdl\startupArgs.h">
      <Filter>source\sdl</Filter>
    </ClInclude>
    <ClInclude Include="..\..\..\..\lib\imgui\imconfig.h">
      <Filter>source\ui\imgui</Filter>
    </ClInclude>
    <ClInclude Include="..\..\..\..\lib\imgui\imgui.h">
      <Filter>source\ui\imgui</Filter>
    </ClInclude>
    <ClInclude Include="..\..\..\..\lib\imgui\imgui_internal.h">
      <Filter>source\ui\imgui</Filter>
    </ClInclude>
    <ClInclude Include="..\..\..\..\lib\imgui\imstb_rectpack.h">
      <Filter>source\ui\imgui</Filter>
    </ClInclude>
    <ClInclude Include="..\..\..\..\lib\imgui\imstb_textedit.h">
      <Filter>source\ui\imgui</Filter>
    </ClInclude>
    <ClInclude Include="..\..\..\..\lib\imgui\imstb_truetype.h">
      <Filter>source\ui\imgui</Filter>
    </ClInclude>
    <ClInclude Include="..\..\..\..\source\ui\mainui.h">
      <Filter>source\ui</Filter>
    </ClInclude>
    <ClInclude Include="..\..\..\..\lib\imgui\examples\imgui_impl_sdl.h">
      <Filter>source\ui\imgui</Filter>
    </ClInclude>
    <ClInclude Include="..\..\..\..\source\ui\utils\stb_image.h">
      <Filter>source\ui\utils</Filter>
    </ClInclude>
    <ClInclude Include="..\..\..\..\source\ui\utils\uihelper.h">
      <Filter>source\ui\utils</Filter>
    </ClInclude>
    <ClInclude Include="..\..\..\..\source\ui\controls\menubar.h">
      <Filter>source\ui\controls</Filter>
    </ClInclude>
    <ClInclude Include="..\..\..\..\source\ui\data\boxedApp.h">
      <Filter>source\ui\data</Filter>
    </ClInclude>
    <ClInclude Include="..\..\..\..\source\ui\data\boxedContainer.h">
      <Filter>source\ui\data</Filter>
    </ClInclude>
    <ClInclude Include="..\..\..\..\source\ui\data\globalSettings.h">
      <Filter>source\ui\data</Filter>
    </ClInclude>
    <ClInclude Include="..\..\..\..\source\ui\data\configFile.h">
      <Filter>source\ui\data</Filter>
    </ClInclude>
    <ClInclude Include="..\..\..\..\source\util\fileutils.h">
      <Filter>source\util</Filter>
    </ClInclude>
    <ClInclude Include="..\..\..\..\source\ui\data\boxedwineData.h">
      <Filter>source\ui\data</Filter>
    </ClInclude>
    <ClInclude Include="..\..\..\..\source\ui\controls\listView.h">
      <Filter>source\ui\controls</Filter>
    </ClInclude>
    <ClInclude Include="..\..\..\..\source\ui\controls\listViewItem.h">
      <Filter>source\ui\controls</Filter>
    </ClInclude>
    <ClInclude Include="..\..\..\..\source\ui\controls\appbar.h">
      <Filter>source\ui\controls</Filter>
    </ClInclude>
    <ClInclude Include="..\..\..\..\source\ui\utils\boxedTranslation.h">
      <Filter>source\ui\utils</Filter>
    </ClInclude>
    <ClInclude Include="..\..\..\..\source\ui\boxedwineui.h">
      <Filter>source\ui</Filter>
    </ClInclude>
    <ClInclude Include="..\..\..\..\lib\imgui\addon\imguitinyfiledialogs.h">
      <Filter>source\ui\imgui\addon</Filter>
    </ClInclude>
    <ClInclude Include="..\..\..\..\source\ui\controls\containersView.h">
      <Filter>source\ui\controls</Filter>
    </ClInclude>
    <ClInclude Include="..\..\..\..\source\ui\controls\baseDlg.h">
      <Filter>source\ui\controls</Filter>
    </ClInclude>
    <ClInclude Include="..\..\..\..\source\ui\controls\uiSettings.h">
      <Filter>source\ui\controls</Filter>
    </ClInclude>
    <ClInclude Include="..\..\..\..\source\ui\controls\appChooserDlg.h">
      <Filter>source\ui\controls</Filter>
    </ClInclude>
    <ClInclude Include="..\..\..\..\source\ui\utils\readIcons.h">
      <Filter>source\ui\utils</Filter>
    </ClInclude>
    <ClInclude Include="..\..\..\..\source\ui\platformhelper.h">
      <Filter>source\ui</Filter>
    </ClInclude>
    <ClInclude Include="..\..\..\..\source\ui\controls\waitDlg.h">
      <Filter>source\ui\controls</Filter>
    </ClInclude>
    <ClInclude Include="..\..\..\..\source\ui\controls\spinnerControl.h">
      <Filter>source\ui\controls</Filter>
    </ClInclude>
    <ClInclude Include="..\..\..\..\source\util\networkutils.h">
      <Filter>source\util</Filter>
    </ClInclude>
    <ClInclude Include="..\..\..\..\source\util\threadutils.h">
      <Filter>source\util</Filter>
    </ClInclude>
    <ClInclude Include="..\..\..\..\source\ui\controls\optionsView.h">
      <Filter>source\ui\controls</Filter>
    </ClInclude>
    <ClInclude Include="..\..\..\..\source\ui\controls\baseView.h">
      <Filter>source\ui\controls</Filter>
    </ClInclude>
    <ClInclude Include="..\..\..\..\source\ui\controls\downloadDlg.h">
      <Filter>source\ui\controls</Filter>
    </ClInclude>
    <ClInclude Include="..\..\..\..\source\ui\controls\yesNoDlg.h">
      <Filter>source\ui\controls</Filter>
    </ClInclude>
    <ClInclude Include="..\..\..\..\source\ui\controls\okDlg.h">
      <Filter>source\ui\controls</Filter>
    </ClInclude>
    <ClInclude Include="..\..\..\..\source\ui\controls\installView.h">
      <Filter>source\ui\controls</Filter>
    </ClInclude>
    <ClInclude Include="..\..\..\..\source\util\vectorutils.h">
      <Filter>source\util</Filter>
    </ClInclude>
    <ClInclude Include="..\..\..\..\source\ui\data\boxedReg.h">
      <Filter>source\ui\data</Filter>
    </ClInclude>
    <ClInclude Include="..\..\..\..\source\ui\controls\ImGuiLayout.h">
      <Filter>source\ui\controls</Filter>
    </ClInclude>
    <ClInclude Include="..\..\..\..\lib\pugixml\src\pugiconfig.hpp">
      <Filter>pugixml</Filter>
    </ClInclude>
    <ClInclude Include="..\..\..\..\lib\pugixml\src\pugixml.hpp">
      <Filter>pugixml</Filter>
    </ClInclude>
    <ClInclude Include="..\..\..\..\source\ui\data\appFile.h">
      <Filter>source\ui\data</Filter>
    </ClInclude>
    <ClInclude Include="..\..\..\..\lib\imgui\examples\imgui_impl_dx9.h">
      <Filter>source\ui\imgui</Filter>
    </ClInclude>
    <ClInclude Include="..\..\..\..\source\ui\data\boxedTexture.h">
      <Filter>source\ui\data</Filter>
    </ClInclude>
    <ClInclude Include="..\..\..\..\lib\imgui\examples\imgui_impl_opengl3.h">
      <Filter>source\ui\imgui</Filter>
    </ClInclude>
    <ClInclude Include="..\..\..\..\source\ui\controls\unzipDlg.h">
      <Filter>source\ui\controls</Filter>
    </ClInclude>
    <ClInclude Include="..\..\..\..\include\knativethread.h">
      <Filter>include</Filter>
    </ClInclude>
    <ClInclude Include="..\..\..\..\include\knativesystem.h">
      <Filter>include</Filter>
    </ClInclude>
    <ClInclude Include="..\..\..\..\include\knativeaudio.h">
      <Filter>include</Filter>
    </ClInclude>
    <ClInclude Include="..\..\..\..\include\knativewindow.h">
      <Filter>include</Filter>
    </ClInclude>
    <ClInclude Include="..\..\..\..\source\ui\utils\imgui_markdown.h">
      <Filter>source\ui\utils</Filter>
    </ClInclude>
    <ClInclude Include="..\..\..\..\source\ui\controls\helpView.h">
      <Filter>source\ui\controls</Filter>
    </ClInclude>
    <ClInclude Include="..\..\..\..\source\emulation\cpu\binaryTranslation\btCodeChunk.h">
      <Filter>source\emulation\cpu\binaryTranslation</Filter>
    </ClInclude>
    <ClInclude Include="..\..\..\..\source\emulation\cpu\binaryTranslation\btCpu.h">
      <Filter>source\emulation\cpu\binaryTranslation</Filter>
    </ClInclude>
    <ClInclude Include="..\..\..\..\include\kdspaudio.h">
      <Filter>include</Filter>
    </ClInclude>
    <ClInclude Include="..\..\..\..\platform\sdl\knativeaudiosdl.h">
      <Filter>platform\sdl</Filter>
    </ClInclude>
    <ClInclude Include="..\..\..\..\source\opengl\boxedwineGL.h">
      <Filter>opengl</Filter>
    </ClInclude>
    <ClInclude Include="..\..\..\..\source\io\fsdynamiclinknode.h">
      <Filter>source\io</Filter>
    </ClInclude>
    <ClInclude Include="..\..\..\..\source\vulkan\vkdef.h">
      <Filter>vulkan</Filter>
    </ClInclude>
    <ClInclude Include="..\..\..\..\source\vulkan\vkfuncs.h">
      <Filter>vulkan</Filter>
    </ClInclude>
    <ClInclude Include="..\..\..\..\source\vulkan\vk_host.h">
      <Filter>vulkan</Filter>
    </ClInclude>
    <ClInclude Include="..\..\..\..\include\uptime.h">
      <Filter>include</Filter>
    </ClInclude>
    <ClInclude Include="..\..\..\..\lib\tiny-process\process.hpp">
      <Filter>process</Filter>
    </ClInclude>
    <ClInclude Include="..\..\..\..\source\emulation\cpu\binaryTranslation\btData.h">
      <Filter>source\emulation\cpu\binaryTranslation</Filter>
    </ClInclude>
    <ClInclude Include="..\..\..\..\source\util\bstring.h">
      <Filter>source\util</Filter>
    </ClInclude>
    <ClInclude Include="..\..\..\..\source\util\concurrentqueue.h">
      <Filter>source\util</Filter>
    </ClInclude>
    <ClInclude Include="..\..\..\..\include\kmemory.h">
      <Filter>include</Filter>
    </ClInclude>
    <ClInclude Include="..\..\..\..\source\emulation\softmmu\kmemory_soft.h">
      <Filter>source\emulation\softmmu</Filter>
    </ClInclude>
    <ClInclude Include="..\..\..\..\source\emulation\cpu\dynamic\dynamic_memory.h">
      <Filter>source\emulation\cpu\dynamic</Filter>
    </ClInclude>
    <ClInclude Include="..\..\..\..\source\emulation\cpu\binaryTranslation\btMemory.h">
      <Filter>source\emulation\cpu\binaryTranslation</Filter>
    </ClInclude>
    <ClInclude Include="..\..\..\..\source\util\ptrpool.h">
      <Filter>source\util</Filter>
    </ClInclude>
    <ClInclude Include="..\..\..\..\source\util\bfile.h">
      <Filter>source\util</Filter>
    </ClInclude>
    <ClInclude Include="..\..\..\..\source\util\bhashtable.h">
      <Filter>source\util</Filter>
    </ClInclude>
    <ClInclude Include="..\..\..\..\include\devfb.h">
      <Filter>include</Filter>
    </ClInclude>
    <ClInclude Include="..\..\..\..\include\ktimercallback.h">
      <Filter>include</Filter>
    </ClInclude>
    <ClInclude Include="..\..\..\..\include\procstat.h">
      <Filter>include</Filter>
    </ClInclude>
    <ClInclude Include="..\..\..\..\include\knetlink.h">
      <Filter>include</Filter>
    </ClInclude>
    <ClInclude Include="..\..\..\..\include\kevent.h">
      <Filter>include</Filter>
    </ClInclude>
  </ItemGroup>
  <ItemGroup>
    <Filter Include="include">
      <UniqueIdentifier>{521b3115-a375-45ae-8840-39b6929ab6cb}</UniqueIdentifier>
    </Filter>
    <Filter Include="platform">
      <UniqueIdentifier>{730b15ed-7cf5-4f0e-a233-13c4300d7c1b}</UniqueIdentifier>
    </Filter>
    <Filter Include="platform\windows">
      <UniqueIdentifier>{810bbc45-25a0-42fa-8bde-e229106c972c}</UniqueIdentifier>
    </Filter>
    <Filter Include="source">
      <UniqueIdentifier>{798ce3bd-21f8-4784-890c-e52ed7aefa67}</UniqueIdentifier>
    </Filter>
    <Filter Include="source\emulation">
      <UniqueIdentifier>{196ebad4-64c8-4055-a7ef-842c0b2dec50}</UniqueIdentifier>
    </Filter>
    <Filter Include="source\io">
      <UniqueIdentifier>{5b3e5919-cc13-4e9d-8957-daad643caddc}</UniqueIdentifier>
    </Filter>
    <Filter Include="source\kernel">
      <UniqueIdentifier>{f0ffff08-162d-4396-84d4-6b4765374b1e}</UniqueIdentifier>
    </Filter>
    <Filter Include="source\kernel\devs">
      <UniqueIdentifier>{1b8edd26-4dfd-4b12-a554-6de1d16bcab9}</UniqueIdentifier>
    </Filter>
    <Filter Include="source\kernel\loader">
      <UniqueIdentifier>{e47e2dfc-2680-4e68-984f-88a33fb921d6}</UniqueIdentifier>
    </Filter>
    <Filter Include="source\kernel\proc">
      <UniqueIdentifier>{7a1ab29b-2d35-4f08-8ce5-ce49a3cd1835}</UniqueIdentifier>
    </Filter>
    <Filter Include="source\sdl">
      <UniqueIdentifier>{90c464bf-108e-4f85-88e5-fa61083787c5}</UniqueIdentifier>
    </Filter>
    <Filter Include="source\test">
      <UniqueIdentifier>{22aaa7cb-e4a1-49e8-9844-58102a85f567}</UniqueIdentifier>
    </Filter>
    <Filter Include="source\util">
      <UniqueIdentifier>{61d9f8bc-45fb-4306-81d6-fcd7fe308745}</UniqueIdentifier>
    </Filter>
    <Filter Include="opengl">
      <UniqueIdentifier>{e54df08a-a4a1-4839-a6e6-d58ee8102ea6}</UniqueIdentifier>
    </Filter>
    <Filter Include="opengl\sdl">
      <UniqueIdentifier>{8e8c72e1-51c4-424b-bfcf-ad07de7342b6}</UniqueIdentifier>
    </Filter>
    <Filter Include="source\emulation\softmmu">
      <UniqueIdentifier>{0b40ed43-c940-475f-a783-ceaf5a1355c5}</UniqueIdentifier>
    </Filter>
    <Filter Include="source\emulation\cpu">
      <UniqueIdentifier>{bd50481e-bf26-40ec-a17d-5be2c1ced3c8}</UniqueIdentifier>
    </Filter>
    <Filter Include="source\emulation\cpu\normal">
      <UniqueIdentifier>{1776cbff-d684-4c5e-8003-a9a9e76b5e8a}</UniqueIdentifier>
    </Filter>
    <Filter Include="source\emulation\cpu\common">
      <UniqueIdentifier>{a36bc840-2690-48cc-861b-43704b7f4f78}</UniqueIdentifier>
    </Filter>
    <Filter Include="minizip">
      <UniqueIdentifier>{63031e16-f5cd-4f1e-bb8c-aee7a81314a8}</UniqueIdentifier>
    </Filter>
    <Filter Include="source\emulation\cpu\x32">
      <UniqueIdentifier>{e80bd918-375f-4341-916a-4301b88a0c8f}</UniqueIdentifier>
    </Filter>
    <Filter Include="source\emulation\cpu\dynamic">
      <UniqueIdentifier>{e1841181-9a19-4729-b1a7-f486eca82f6f}</UniqueIdentifier>
    </Filter>
    <Filter Include="source\sdl\singleThreaded">
      <UniqueIdentifier>{14e8b5db-a6c7-4986-ba35-63b7955ad64e}</UniqueIdentifier>
    </Filter>
    <Filter Include="source\sdl\multiThreaded">
      <UniqueIdentifier>{02bfdf2e-8559-4081-908a-a49b47b0a328}</UniqueIdentifier>
    </Filter>
    <Filter Include="source\emulation\cpu\x64">
      <UniqueIdentifier>{0cac0668-e773-41da-9b57-accb214a243c}</UniqueIdentifier>
    </Filter>
    <Filter Include="source\kernel\sys">
      <UniqueIdentifier>{047354d6-39dd-46f8-b620-fa342c311476}</UniqueIdentifier>
    </Filter>
    <Filter Include="source\ui">
      <UniqueIdentifier>{4162bf17-3dfe-4acd-8835-7e47f15f2ebf}</UniqueIdentifier>
    </Filter>
    <Filter Include="source\ui\imgui">
      <UniqueIdentifier>{16cf36ab-f397-4a59-a568-e3428a9d25ab}</UniqueIdentifier>
    </Filter>
    <Filter Include="source\ui\glew">
      <UniqueIdentifier>{1ccdd695-571e-42f4-b552-007c853f83a3}</UniqueIdentifier>
    </Filter>
    <Filter Include="source\ui\utils">
      <UniqueIdentifier>{ed37f056-ec88-454a-8481-d09f72fc7efa}</UniqueIdentifier>
    </Filter>
    <Filter Include="source\ui\controls">
      <UniqueIdentifier>{fd15ae78-abe4-4317-ad93-d72cea3d40d9}</UniqueIdentifier>
    </Filter>
    <Filter Include="source\ui\data">
      <UniqueIdentifier>{a5eee024-26de-4e7d-a93e-cbe426fe5107}</UniqueIdentifier>
    </Filter>
    <Filter Include="source\ui\imgui\addon">
      <UniqueIdentifier>{77cdf5a5-f6c2-46fb-a47f-bc0c5c435f34}</UniqueIdentifier>
    </Filter>
    <Filter Include="source\ui\opengl">
      <UniqueIdentifier>{cf081343-7dba-422c-ad5f-2d156e33ec3c}</UniqueIdentifier>
    </Filter>
    <Filter Include="pugixml">
      <UniqueIdentifier>{03dff67b-616e-460f-b0fb-be0f2de70aa8}</UniqueIdentifier>
    </Filter>
    <Filter Include="platform\sdl">
      <UniqueIdentifier>{c6380c00-27de-4538-9794-9ba6c16ec66d}</UniqueIdentifier>
    </Filter>
    <Filter Include="source\emulation\cpu\binaryTranslation">
      <UniqueIdentifier>{96c6e302-3534-4426-be3e-83673afb6d5b}</UniqueIdentifier>
    </Filter>
    <Filter Include="opengl\osmesa">
      <UniqueIdentifier>{c16a03b0-cb55-44fa-99bd-ea9eb8db949c}</UniqueIdentifier>
    </Filter>
    <Filter Include="vulkan">
      <UniqueIdentifier>{30fe2744-f038-4f14-be86-a165f2ac883f}</UniqueIdentifier>
    </Filter>
    <Filter Include="process">
      <UniqueIdentifier>{fbbdcd0b-4e4a-409c-bc7f-0b7e5b5c3909}</UniqueIdentifier>
    </Filter>
  </ItemGroup>
  <ItemGroup>
    <None Include="ClassDiagram.cd" />
    <None Include="BoxedWine.ruleset" />
    <None Include="BoxedWine1.ruleset" />
  </ItemGroup>
  <ItemGroup>
    <ResourceCompile Include="..\Boxedwine.rc" />
  </ItemGroup>
</Project>