<?xml version="1.0" encoding="UTF-8" standalone="yes" ?>
<CodeBlocks_project_file>
	<FileVersion major="1" minor="6" />
	<Project>
		<Option title="Boxedwine" />
		<Option pch_mode="2" />
		<Option compiler="gcc" />
		<Build>
			<Target title="Debug">
				<Option output="bin/Debug/Boxedwine" prefix_auto="1" extension_auto="1" />
				<Option object_output="obj/Debug/" />
				<Option type="1" />
				<Option compiler="gcc" />
				<Compiler>
					<Add option="-g" />
				</Compiler>
			</Target>
			<Target title="Release">
				<Option output="bin/Release/Boxedwine" prefix_auto="1" extension_auto="1" />
				<Option object_output="obj/Release/" />
				<Option type="0" />
				<Option compiler="gcc" />
				<Compiler>
					<Add option="-O2" />
				</Compiler>
				<Linker>
					<Add option="-s" />
				</Linker>
			</Target>
		</Build>
		<Compiler>
			<Add option="-Wall" />
			<Add option="-std=c++17" />
			<Add option="-DBOXEDWINE_RECORDER" />
			<Add option="-DBOXEDWINE_ZLIB" />
			<Add option="-DBOXEDWINE_HAS_SETJMP" />
			<Add option="-DSDL2=1" />
			<Add option='-DGLH=&quot;SDL_opengl.h&quot;' />
			<Add option="-DSIMDE_SSE2_NO_NATIVE" />
			<Add option="-DPOCO_UTIL_NO_JSONCONFIGURATION" />
			<Add option="-DPOCO_UTIL_NO_XMLCONFIGURATION" />
			<Add directory="../../../../include" />
			<Add directory="../../../../lib/poco/Net/include" />
			<Add directory="../../../../lib/poco/Crypto/include" />
			<Add directory="../../../../lib/poco/Util/include" />
			<Add directory="../../../../lib/poco/Foundation/include" />
			<Add directory="../../../../lib/poco/NetSSL_OpenSSL/include" />
			<Add directory="../../../../lib/glew/include" />
			<Add directory="../../../../lib/imgui" />
			<Add directory="../../../../lib/sdl2/include" />
		</Compiler>
		<Linker>
			<Add option="`sdl2-config --libs`" />
			<Add library="m" />
			<Add library="z" />
			<Add library="minizip" />
			<Add library="pthread" />
			<Add library="GL" />
			<Add library="stdc++" />
			<Add library="stdc++fs" />
			<Add library="PocoNetSSL" />
			<Add library="PocoNet" />
			<Add library="PocoCrypto" />
			<Add library="PocoUtil" />
			<Add library="PocoFoundation" />
			<Add library="ssl" />
			<Add library="crypto" />
			<Add directory="../../linux_build/lib" />
		</Linker>
		<Unit filename="../../../../lib/glew/src/glew.cpp" />
		<Unit filename="../../../../lib/imgui/addon/imguitinyfiledialogs.cpp" />
		<Unit filename="../../../../lib/imgui/examples/imgui_impl_opengl3.cpp" />
		<Unit filename="../../../../lib/imgui/examples/imgui_impl_sdl.cpp" />
		<Unit filename="../../../../lib/imgui/imgui.cpp" />
		<Unit filename="../../../../lib/imgui/imgui_draw.cpp" />
		<Unit filename="../../../../lib/imgui/imgui_widgets.cpp" />
		<Unit filename="../../../../lib/pugixml/src/pugiconfig.hpp" />
		<Unit filename="../../../../lib/pugixml/src/pugixml.cpp" />
		<Unit filename="../../../../lib/pugixml/src/pugixml.hpp" />
		<Unit filename="../../../../platform/linux/memory64.cpp" />
		<Unit filename="../../../../platform/linux/platform.cpp" />
		<Unit filename="../../../../platform/linux/platformThreads.cpp" />
		<Unit filename="../../../../source/emulation/cpu/common/common_arith.cpp" />
		<Unit filename="../../../../source/emulation/cpu/common/common_arith.h" />
		<Unit filename="../../../../source/emulation/cpu/common/common_bit.cpp" />
		<Unit filename="../../../../source/emulation/cpu/common/common_bit.h" />
		<Unit filename="../../../../source/emulation/cpu/common/common_fpu.cpp" />
		<Unit filename="../../../../source/emulation/cpu/common/common_fpu.h" />
		<Unit filename="../../../../source/emulation/cpu/common/common_fpu_def.h" />
		<Unit filename="../../../../source/emulation/cpu/common/common_mmx.cpp" />
		<Unit filename="../../../../source/emulation/cpu/common/common_mmx.h" />
		<Unit filename="../../../../source/emulation/cpu/common/common_mmx_def.h" />
		<Unit filename="../../../../source/emulation/cpu/common/common_other.cpp" />
		<Unit filename="../../../../source/emulation/cpu/common/common_other.h" />
		<Unit filename="../../../../source/emulation/cpu/common/common_pushpop.cpp" />
		<Unit filename="../../../../source/emulation/cpu/common/common_pushpop.h" />
		<Unit filename="../../../../source/emulation/cpu/common/common_sse.cpp" />
		<Unit filename="../../../../source/emulation/cpu/common/common_sse.h" />
		<Unit filename="../../../../source/emulation/cpu/common/common_sse2.cpp" />
		<Unit filename="../../../../source/emulation/cpu/common/common_sse2.h" />
		<Unit filename="../../../../source/emulation/cpu/common/common_sse2_def.h" />
		<Unit filename="../../../../source/emulation/cpu/common/common_sse_def.h" />
		<Unit filename="../../../../source/emulation/cpu/common/common_xchg.cpp" />
		<Unit filename="../../../../source/emulation/cpu/common/common_xchg.h" />
		<Unit filename="../../../../source/emulation/cpu/common/cpu.cpp" />
		<Unit filename="../../../../source/emulation/cpu/common/cpu.h" />
		<Unit filename="../../../../source/emulation/cpu/common/cpu_init.h" />
		<Unit filename="../../../../source/emulation/cpu/common/cpu_init_fpu.h" />
		<Unit filename="../../../../source/emulation/cpu/common/cpu_init_mmx.h" />
		<Unit filename="../../../../source/emulation/cpu/common/cpu_init_sse.h" />
		<Unit filename="../../../../source/emulation/cpu/common/cpu_init_sse2.h" />
		<Unit filename="../../../../source/emulation/cpu/common/fpu.cpp" />
		<Unit filename="../../../../source/emulation/cpu/common/fpu.h" />
		<Unit filename="../../../../source/emulation/cpu/common/lazyFlags.cpp" />
		<Unit filename="../../../../source/emulation/cpu/common/lazyFlags.h" />
		<Unit filename="../../../../source/emulation/cpu/conditions.h" />
		<Unit filename="../../../../source/emulation/cpu/decode.h" />
		<Unit filename="../../../../source/emulation/cpu/decode_noflags.h" />
		<Unit filename="../../../../source/emulation/cpu/decoder.cpp" />
		<Unit filename="../../../../source/emulation/cpu/decoder.h" />
		<Unit filename="../../../../source/emulation/cpu/dynamic/dynamic.h" />
		<Unit filename="../../../../source/emulation/cpu/dynamic/dynamic_arith.h" />
		<Unit filename="../../../../source/emulation/cpu/dynamic/dynamic_bit.h" />
		<Unit filename="../../../../source/emulation/cpu/dynamic/dynamic_conditions.h" />
		<Unit filename="../../../../source/emulation/cpu/dynamic/dynamic_fpu.h" />
		<Unit filename="../../../../source/emulation/cpu/dynamic/dynamic_func.h" />
		<Unit filename="../../../../source/emulation/cpu/dynamic/dynamic_incdec.h" />
		<Unit filename="../../../../source/emulation/cpu/dynamic/dynamic_jump.h" />
		<Unit filename="../../../../source/emulation/cpu/dynamic/dynamic_mmx.h" />
		<Unit filename="../../../../source/emulation/cpu/dynamic/dynamic_mov.h" />
		<Unit filename="../../../../source/emulation/cpu/dynamic/dynamic_other.h" />
		<Unit filename="../../../../source/emulation/cpu/dynamic/dynamic_pushpop.h" />
		<Unit filename="../../../../source/emulation/cpu/dynamic/dynamic_setcc.h" />
		<Unit filename="../../../../source/emulation/cpu/dynamic/dynamic_shift.h" />
		<Unit filename="../../../../source/emulation/cpu/dynamic/dynamic_sse.h" />
		<Unit filename="../../../../source/emulation/cpu/dynamic/dynamic_sse2.h" />
		<Unit filename="../../../../source/emulation/cpu/dynamic/dynamic_strings.h" />
		<Unit filename="../../../../source/emulation/cpu/dynamic/dynamic_xchg.h" />
		<Unit filename="../../../../source/emulation/cpu/fpu.h" />
		<Unit filename="../../../../source/emulation/cpu/gensrc.h" />
		<Unit filename="../../../../source/emulation/cpu/incdec.h" />
		<Unit filename="../../../../source/emulation/cpu/instructions.h" />
		<Unit filename="../../../../source/emulation/cpu/mmx.h" />
		<Unit filename="../../../../source/emulation/cpu/normal/instructions.cpp" />
		<Unit filename="../../../../source/emulation/cpu/normal/instructions.h" />
		<Unit filename="../../../../source/emulation/cpu/normal/normalCPU.cpp" />
		<Unit filename="../../../../source/emulation/cpu/normal/normalCPU.h" />
		<Unit filename="../../../../source/emulation/cpu/normal/normal_arith.h" />
		<Unit filename="../../../../source/emulation/cpu/normal/normal_bit.h" />
		<Unit filename="../../../../source/emulation/cpu/normal/normal_conditions.h" />
		<Unit filename="../../../../source/emulation/cpu/normal/normal_fpu.h" />
		<Unit filename="../../../../source/emulation/cpu/normal/normal_incdec.h" />
		<Unit filename="../../../../source/emulation/cpu/normal/normal_jump.h" />
		<Unit filename="../../../../source/emulation/cpu/normal/normal_mmx.h" />
		<Unit filename="../../../../source/emulation/cpu/normal/normal_move.h" />
		<Unit filename="../../../../source/emulation/cpu/normal/normal_other.h" />
		<Unit filename="../../../../source/emulation/cpu/normal/normal_pushpop.h" />
		<Unit filename="../../../../source/emulation/cpu/normal/normal_setcc.h" />
		<Unit filename="../../../../source/emulation/cpu/normal/normal_shift.cpp" />
		<Unit filename="../../../../source/emulation/cpu/normal/normal_shift.h" />
		<Unit filename="../../../../source/emulation/cpu/normal/normal_shift_op.h" />
		<Unit filename="../../../../source/emulation/cpu/normal/normal_sse.h" />
		<Unit filename="../../../../source/emulation/cpu/normal/normal_sse2.h" />
		<Unit filename="../../../../source/emulation/cpu/normal/normal_strings.cpp" />
		<Unit filename="../../../../source/emulation/cpu/normal/normal_strings.h" />
		<Unit filename="../../../../source/emulation/cpu/normal/normal_strings_op.h" />
		<Unit filename="../../../../source/emulation/cpu/normal/normal_xchg.h" />
		<Unit filename="../../../../source/emulation/cpu/ops.h" />
		<Unit filename="../../../../source/emulation/cpu/pushpop.h" />
		<Unit filename="../../../../source/emulation/cpu/setcc.h" />
		<Unit filename="../../../../source/emulation/cpu/shift.h" />
		<Unit filename="../../../../source/emulation/cpu/shift_op.h" />
		<Unit filename="../../../../source/emulation/cpu/srcgen.cpp" />
		<Unit filename="../../../../source/emulation/cpu/strings.h" />
		<Unit filename="../../../../source/emulation/cpu/strings_op.h" />
		<Unit filename="../../../../source/emulation/cpu/x32/x32CPU.cpp" />
		<Unit filename="../../../../source/emulation/cpu/x32/x32CPU.h" />
		<Unit filename="../../../../source/emulation/cpu/x64/x64Asm.cpp" />
		<Unit filename="../../../../source/emulation/cpu/x64/x64Asm.h" />
		<Unit filename="../../../../source/emulation/cpu/x64/x64CPU.cpp" />
		<Unit filename="../../../../source/emulation/cpu/x64/x64CPU.h" />
		<Unit filename="../../../../source/emulation/cpu/x64/x64CodeChunk.cpp" />
		<Unit filename="../../../../source/emulation/cpu/x64/x64CodeChunk.h" />
		<Unit filename="../../../../source/emulation/cpu/x64/x64Data.cpp" />
		<Unit filename="../../../../source/emulation/cpu/x64/x64Data.h" />
		<Unit filename="../../../../source/emulation/cpu/x64/x64Ops.cpp" />
		<Unit filename="../../../../source/emulation/cpu/x64/x64Ops.h" />
		<Unit filename="../../../../source/emulation/hardmmu/hard_memory.cpp" />
		<Unit filename="../../../../source/emulation/hardmmu/hard_memory.h" />
		<Unit filename="../../../../source/emulation/softmmu/soft_code_page.cpp" />
		<Unit filename="../../../../source/emulation/softmmu/soft_code_page.h" />
		<Unit filename="../../../../source/emulation/softmmu/soft_copy_on_write_page.cpp" />
		<Unit filename="../../../../source/emulation/softmmu/soft_copy_on_write_page.h" />
		<Unit filename="../../../../source/emulation/softmmu/soft_file_map.cpp" />
		<Unit filename="../../../../source/emulation/softmmu/soft_file_map.h" />
		<Unit filename="../../../../source/emulation/softmmu/soft_invalid_page.cpp" />
		<Unit filename="../../../../source/emulation/softmmu/soft_invalid_page.h" />
		<Unit filename="../../../../source/emulation/softmmu/soft_memory.cpp" />
		<Unit filename="../../../../source/emulation/softmmu/soft_memory.h" />
		<Unit filename="../../../../source/emulation/softmmu/soft_native_page.cpp" />
		<Unit filename="../../../../source/emulation/softmmu/soft_native_page.h" />
		<Unit filename="../../../../source/emulation/softmmu/soft_no_page.cpp" />
		<Unit filename="../../../../source/emulation/softmmu/soft_no_page.h" />
		<Unit filename="../../../../source/emulation/softmmu/soft_ondemand_page.cpp" />
		<Unit filename="../../../../source/emulation/softmmu/soft_ondemand_page.h" />
		<Unit filename="../../../../source/emulation/softmmu/soft_page.h" />
		<Unit filename="../../../../source/emulation/softmmu/soft_ram.cpp" />
		<Unit filename="../../../../source/emulation/softmmu/soft_ram.h" />
		<Unit filename="../../../../source/emulation/softmmu/soft_ro_page.cpp" />
		<Unit filename="../../../../source/emulation/softmmu/soft_ro_page.h" />
		<Unit filename="../../../../source/emulation/softmmu/soft_rw_page.cpp" />
		<Unit filename="../../../../source/emulation/softmmu/soft_rw_page.h" />
		<Unit filename="../../../../source/emulation/softmmu/soft_wo_page.cpp" />
		<Unit filename="../../../../source/emulation/softmmu/soft_wo_page.h" />
		<Unit filename="../../../../source/io/fs.cpp" />
		<Unit filename="../../../../source/io/fs.h" />
		<Unit filename="../../../../source/io/fsdiropennode.cpp" />
		<Unit filename="../../../../source/io/fsdiropennode.h" />
		<Unit filename="../../../../source/io/fsfilenode.cpp" />
		<Unit filename="../../../../source/io/fsfilenode.h" />
		<Unit filename="../../../../source/io/fsfileopennode.cpp" />
		<Unit filename="../../../../source/io/fsfileopennode.h" />
		<Unit filename="../../../../source/io/fsmemnode.cpp" />
		<Unit filename="../../../../source/io/fsmemnode.h" />
		<Unit filename="../../../../source/io/fsmemopennode.cpp" />
		<Unit filename="../../../../source/io/fsmemopennode.h" />
		<Unit filename="../../../../source/io/fsnode.cpp" />
		<Unit filename="../../../../source/io/fsnode.h" />
		<Unit filename="../../../../source/io/fsopennode.cpp" />
		<Unit filename="../../../../source/io/fsopennode.h" />
		<Unit filename="../../../../source/io/fsvirtualnode.cpp" />
		<Unit filename="../../../../source/io/fsvirtualnode.h" />
		<Unit filename="../../../../source/io/fsvirtualopennode.h" />
		<Unit filename="../../../../source/io/fszip.cpp" />
		<Unit filename="../../../../source/io/fszip.h" />
		<Unit filename="../../../../source/io/fszipnode.cpp" />
		<Unit filename="../../../../source/io/fszipnode.h" />
		<Unit filename="../../../../source/io/fszipopennode.cpp" />
		<Unit filename="../../../../source/io/fszipopennode.h" />
		<Unit filename="../../../../source/kernel/devs/devdsp.cpp" />
		<Unit filename="../../../../source/kernel/devs/devfb.cpp" />
		<Unit filename="../../../../source/kernel/devs/devinput.cpp" />
		<Unit filename="../../../../source/kernel/devs/devmixer.cpp" />
		<Unit filename="../../../../source/kernel/devs/devnull.cpp" />
		<Unit filename="../../../../source/kernel/devs/devsequencer.cpp" />
		<Unit filename="../../../../source/kernel/devs/devtty.cpp" />
		<Unit filename="../../../../source/kernel/devs/devurandom.cpp" />
		<Unit filename="../../../../source/kernel/devs/devzero.cpp" />
		<Unit filename="../../../../source/kernel/devs/oss.h" />
		<Unit filename="../../../../source/kernel/kepoll.cpp" />
		<Unit filename="../../../../source/kernel/kfile.cpp" />
		<Unit filename="../../../../source/kernel/kfiledescriptor.cpp" />
		<Unit filename="../../../../source/kernel/kfilelock.cpp" />
		<Unit filename="../../../../source/kernel/kmemory.cpp" />
		<Unit filename="../../../../source/kernel/knativesocket.cpp" />
		<Unit filename="../../../../source/kernel/kobject.cpp" />
		<Unit filename="../../../../source/kernel/kpoll.cpp" />
		<Unit filename="../../../../source/kernel/kprocess.cpp" />
		<Unit filename="../../../../source/kernel/kscheduler.cpp" />
		<Unit filename="../../../../source/kernel/ksignal.cpp" />
		<Unit filename="../../../../source/kernel/ksocket.cpp" />
		<Unit filename="../../../../source/kernel/ksocketobject.cpp" />
		<Unit filename="../../../../source/kernel/ksystem.cpp" />
		<Unit filename="../../../../source/kernel/kthread.cpp" />
		<Unit filename="../../../../source/kernel/ktimer.cpp" />
		<Unit filename="../../../../source/kernel/kunixsocket.cpp" />
		<Unit filename="../../../../source/kernel/loader/kelf.h" />
		<Unit filename="../../../../source/kernel/loader/loader.cpp" />
		<Unit filename="../../../../source/kernel/proc/bufferaccess.cpp" />
		<Unit filename="../../../../source/kernel/proc/cpuinfo.cpp" />
		<Unit filename="../../../../source/kernel/proc/meminfo.cpp" />
		<Unit filename="../../../../source/kernel/proc/self.cpp" />
		<Unit filename="../../../../source/kernel/sys/cpumaxfreq.cpp" />
		<Unit filename="../../../../source/kernel/sys/cpuonline.cpp" />
		<Unit filename="../../../../source/kernel/sys/cpuscalingcurfreq.cpp" />
		<Unit filename="../../../../source/kernel/sys/cpuscalingmaxfreq.cpp" />
		<Unit filename="../../../../source/kernel/syscall.cpp" />
		<Unit filename="../../../../source/opengl/es/esdisplaylist.c">
			<Option compilerVar="CC" />
		</Unit>
		<Unit filename="../../../../source/opengl/es/esdisplaylist.h" />
		<Unit filename="../../../../source/opengl/es/esopengl.c">
			<Option compilerVar="CC" />
		</Unit>
		<Unit filename="../../../../source/opengl/es/esopengl.h" />
		<Unit filename="../../../../source/opengl/es/glshim.c">
			<Option compilerVar="CC" />
		</Unit>
		<Unit filename="../../../../source/opengl/es/glshim.h" />
		<Unit filename="../../../../source/opengl/es/khash.h" />
		<Unit filename="../../../../source/opengl/glMarshal.cpp" />
		<Unit filename="../../../../source/opengl/glMarshal.h" />
		<Unit filename="../../../../source/opengl/glMarshalSize.cpp" />
		<Unit filename="../../../../source/opengl/glMarshalVertex.cpp" />
		<Unit filename="../../../../source/opengl/glcommon.cpp" />
		<Unit filename="../../../../source/opengl/glcommon.h" />
		<Unit filename="../../../../source/opengl/glext.cpp" />
		<Unit filename="../../../../source/opengl/glfunctions.h" />
		<Unit filename="../../../../source/opengl/glfunctions_ext.h" />
		<Unit filename="../../../../source/opengl/glfunctions_ext1.cpp" />
		<Unit filename="../../../../source/opengl/glfunctions_ext2.cpp" />
		<Unit filename="../../../../source/opengl/glfunctions_ext3.cpp" />
		<Unit filename="../../../../source/opengl/glfunctions_ext_def.h" />
		<Unit filename="../../../../source/opengl/mesa/mesagl.c">
			<Option compilerVar="CC" />
		</Unit>
		<Unit filename="../../../../source/opengl/sdl/sdlgl.cpp" />
		<Unit filename="../../../../source/sdl/main.cpp" />
		<Unit filename="../../../../source/sdl/mainloop.h" />
		<Unit filename="../../../../source/sdl/multiThreaded/sdlcallback.cpp" />
		<Unit filename="../../../../source/sdl/multiThreaded/sdlcallback.h" />
		<Unit filename="../../../../source/sdl/multiThreaded/threadedMainloop.cpp" />
		<Unit filename="../../../../source/sdl/sdlopengl.cpp" />
		<Unit filename="../../../../source/sdl/sdlopengl.h" />
		<Unit filename="../../../../source/sdl/sdlwindow.h" />
		<Unit filename="../../../../source/sdl/sdlwindows.cpp" />
		<Unit filename="../../../../source/sdl/singleThreaded/mainloop.cpp" />
		<Unit filename="../../../../source/sdl/startupArgs.cpp" />
		<Unit filename="../../../../source/sdl/startupArgs.h" />
		<Unit filename="../../../../source/sdl/winedrv.cpp" />
		<Unit filename="../../../../source/sdl/wnd.h" />
		<Unit filename="../../../../source/test/testCPU.cpp" />
		<Unit filename="../../../../source/test/testCPU.h" />
		<Unit filename="../../../../source/test/testMMX.cpp" />
		<Unit filename="../../../../source/test/testMMX.h" />
		<Unit filename="../../../../source/test/testSSE.cpp" />
		<Unit filename="../../../../source/test/testSSE.h" />
		<Unit filename="../../../../source/test/testSSE2.cpp" />
		<Unit filename="../../../../source/test/testSSE2.h" />
		<Unit filename="../../../../source/ui/boxedwineui.h" />
		<Unit filename="../../../../source/ui/controls/ImGuiLayout.cpp" />
		<Unit filename="../../../../source/ui/controls/ImGuiLayout.h" />
		<Unit filename="../../../../source/ui/controls/appChooserDlg.cpp" />
		<Unit filename="../../../../source/ui/controls/appChooserDlg.h" />
		<Unit filename="../../../../source/ui/controls/appbar.cpp" />
		<Unit filename="../../../../source/ui/controls/appbar.h" />
		<Unit filename="../../../../source/ui/controls/baseDlg.cpp" />
		<Unit filename="../../../../source/ui/controls/baseDlg.h" />
		<Unit filename="../../../../source/ui/controls/baseView.cpp" />
		<Unit filename="../../../../source/ui/controls/baseView.h" />
		<Unit filename="../../../../source/ui/controls/containersView.cpp" />
		<Unit filename="../../../../source/ui/controls/containersView.h" />
		<Unit filename="../../../../source/ui/controls/downloadDlg.cpp" />
		<Unit filename="../../../../source/ui/controls/downloadDlg.h" />
		<Unit filename="../../../../source/ui/controls/installView.cpp" />
		<Unit filename="../../../../source/ui/controls/installView.h" />
		<Unit filename="../../../../source/ui/controls/listView.cpp" />
		<Unit filename="../../../../source/ui/controls/listView.h" />
		<Unit filename="../../../../source/ui/controls/listViewItem.cpp" />
		<Unit filename="../../../../source/ui/controls/listViewItem.h" />
		<Unit filename="../../../../source/ui/controls/menubar.cpp" />
		<Unit filename="../../../../source/ui/controls/menubar.h" />
		<Unit filename="../../../../source/ui/controls/okDlg.cpp" />
		<Unit filename="../../../../source/ui/controls/okDlg.h" />
		<Unit filename="../../../../source/ui/controls/optionsView.cpp" />
		<Unit filename="../../../../source/ui/controls/optionsView.h" />
		<Unit filename="../../../../source/ui/controls/spinnerControl.cpp" />
		<Unit filename="../../../../source/ui/controls/spinnerControl.h" />
		<Unit filename="../../../../source/ui/controls/uiSettings.cpp" />
		<Unit filename="../../../../source/ui/controls/uiSettings.h" />
		<Unit filename="../../../../source/ui/controls/waitDlg.cpp" />
		<Unit filename="../../../../source/ui/controls/waitDlg.h" />
		<Unit filename="../../../../source/ui/controls/yesNoDlg.cpp" />
		<Unit filename="../../../../source/ui/controls/yesNoDlg.h" />
		<Unit filename="../../../../source/ui/data/appFile.cpp" />
		<Unit filename="../../../../source/ui/data/appFile.h" />
		<Unit filename="../../../../source/ui/data/boxedApp.cpp" />
		<Unit filename="../../../../source/ui/data/boxedApp.h" />
		<Unit filename="../../../../source/ui/data/boxedContainer.cpp" />
		<Unit filename="../../../../source/ui/data/boxedContainer.h" />
		<Unit filename="../../../../source/ui/data/boxedReg.cpp" />
		<Unit filename="../../../../source/ui/data/boxedReg.h" />
		<Unit filename="../../../../source/ui/data/boxedwineData.cpp" />
		<Unit filename="../../../../source/ui/data/boxedwineData.h" />
		<Unit filename="../../../../source/ui/data/configFile.cpp" />
		<Unit filename="../../../../source/ui/data/configFile.h" />
		<Unit filename="../../../../source/ui/data/globalSettings.cpp" />
		<Unit filename="../../../../source/ui/data/globalSettings.h" />
		<Unit filename="../../../../source/ui/mainui.cpp" />
		<Unit filename="../../../../source/ui/mainui.h" />
		<Unit filename="../../../../source/ui/opengl/platformhelper.cpp" />
		<Unit filename="../../../../source/ui/platformhelper.h" />
		<Unit filename="../../../../source/ui/utils/boxedTranslation.cpp" />
		<Unit filename="../../../../source/ui/utils/boxedTranslation.h" />
		<Unit filename="../../../../source/ui/utils/readIcons.cpp" />
		<Unit filename="../../../../source/ui/utils/readIcons.h" />
		<Unit filename="../../../../source/ui/utils/stb_image.h" />
		<Unit filename="../../../../source/ui/utils/uihelper.cpp" />
		<Unit filename="../../../../source/ui/utils/uihelper.h" />
		<Unit filename="../../../../source/util/boxedptr.h" />
		<Unit filename="../../../../source/util/crc.cpp" />
		<Unit filename="../../../../source/util/fileutils.cpp" />
		<Unit filename="../../../../source/util/fileutils.h" />
		<Unit filename="../../../../source/util/karray.h" />
		<Unit filename="../../../../source/util/klist.h" />
		<Unit filename="../../../../source/util/log.cpp" />
		<Unit filename="../../../../source/util/networkutils.cpp" />
		<Unit filename="../../../../source/util/networkutils.h" />
		<Unit filename="../../../../source/util/player.cpp" />
		<Unit filename="../../../../source/util/recorder.cpp" />
		<Unit filename="../../../../source/util/stringutil.cpp" />
		<Unit filename="../../../../source/util/stringutil.h" />
		<Unit filename="../../../../source/util/synchronization.cpp" />
		<Unit filename="../../../../source/util/synchronization.h" />
		<Unit filename="../../../../source/util/threadutils.cpp" />
		<Unit filename="../../../../source/util/threadutils.h" />
		<Unit filename="../../../../source/util/vectorutils.h" />
		<Unit filename="cb.bmp" />
		<Extensions />
	</Project>
</CodeBlocks_project_file>
