<?xml version="1.0" encoding="utf-8"?>
<Project ToolsVersion="4.0" xmlns="http://schemas.microsoft.com/developer/msbuild/2003">
  <ItemGroup>
    <ClCompile Include="..\..\..\..\..\platform\linux\platform.cpp">
      <Filter>platform</Filter>
    </ClCompile>
    <ClCompile Include="..\..\..\..\..\platform\linux\platformThreads.cpp">
      <Filter>platform</Filter>
    </ClCompile>
    <ClCompile Include="..\..\..\..\..\source\util\crc.cpp">
      <Filter>source\util</Filter>
    </ClCompile>
    <ClCompile Include="..\..\..\..\..\source\util\fileutils.cpp">
      <Filter>source\util</Filter>
    </ClCompile>
    <ClCompile Include="..\..\..\..\..\source\util\log.cpp">
      <Filter>source\util</Filter>
    </ClCompile>
    <ClCompile Include="..\..\..\..\..\source\util\networkutils.cpp">
      <Filter>source\util</Filter>
    </ClCompile>
    <ClCompile Include="..\..\..\..\..\source\util\player.cpp">
      <Filter>source\util</Filter>
    </ClCompile>
    <ClCompile Include="..\..\..\..\..\source\util\recorder.cpp">
      <Filter>source\util</Filter>
    </ClCompile>
    <ClCompile Include="..\..\..\..\..\source\util\stringutil.cpp">
      <Filter>source\util</Filter>
    </ClCompile>
    <ClCompile Include="..\..\..\..\..\source\util\synchronization.cpp">
      <Filter>source\util</Filter>
    </ClCompile>
    <ClCompile Include="..\..\..\..\..\source\util\threadutils.cpp">
      <Filter>source\util</Filter>
    </ClCompile>
    <ClCompile Include="..\..\..\..\..\source\emulation\cpu\common\common_arith.cpp">
      <Filter>source\emulation\cpu\common</Filter>
    </ClCompile>
    <ClCompile Include="..\..\..\..\..\source\emulation\cpu\common\common_bit.cpp">
      <Filter>source\emulation\cpu\common</Filter>
    </ClCompile>
    <ClCompile Include="..\..\..\..\..\source\emulation\cpu\common\common_fpu.cpp">
      <Filter>source\emulation\cpu\common</Filter>
    </ClCompile>
    <ClCompile Include="..\..\..\..\..\source\emulation\cpu\common\common_mmx.cpp">
      <Filter>source\emulation\cpu\common</Filter>
    </ClCompile>
    <ClCompile Include="..\..\..\..\..\source\emulation\cpu\common\common_other.cpp">
      <Filter>source\emulation\cpu\common</Filter>
    </ClCompile>
    <ClCompile Include="..\..\..\..\..\source\emulation\cpu\common\common_pushpop.cpp">
      <Filter>source\emulation\cpu\common</Filter>
    </ClCompile>
    <ClCompile Include="..\..\..\..\..\source\emulation\cpu\common\common_sse.cpp">
      <Filter>source\emulation\cpu\common</Filter>
    </ClCompile>
    <ClCompile Include="..\..\..\..\..\source\emulation\cpu\common\common_sse2.cpp">
      <Filter>source\emulation\cpu\common</Filter>
    </ClCompile>
    <ClCompile Include="..\..\..\..\..\source\emulation\cpu\common\common_xchg.cpp">
      <Filter>source\emulation\cpu\common</Filter>
    </ClCompile>
    <ClCompile Include="..\..\..\..\..\source\emulation\cpu\common\cpu.cpp">
      <Filter>source\emulation\cpu\common</Filter>
    </ClCompile>
    <ClCompile Include="..\..\..\..\..\source\emulation\cpu\common\fpu.cpp">
      <Filter>source\emulation\cpu\common</Filter>
    </ClCompile>
    <ClCompile Include="..\..\..\..\..\source\emulation\cpu\common\lazyFlags.cpp">
      <Filter>source\emulation\cpu\common</Filter>
    </ClCompile>
    <ClCompile Include="..\..\..\..\..\source\emulation\cpu\normal\instructions.cpp">
      <Filter>source\emulation\cpu\normal</Filter>
    </ClCompile>
    <ClCompile Include="..\..\..\..\..\source\emulation\cpu\normal\normal_shift.cpp">
      <Filter>source\emulation\cpu\normal</Filter>
    </ClCompile>
    <ClCompile Include="..\..\..\..\..\source\emulation\cpu\normal\normal_strings.cpp">
      <Filter>source\emulation\cpu\normal</Filter>
    </ClCompile>
    <ClCompile Include="..\..\..\..\..\source\emulation\cpu\normal\normalCPU.cpp">
      <Filter>source\emulation\cpu\normal</Filter>
    </ClCompile>
    <ClCompile Include="..\..\..\..\..\source\emulation\cpu\x32\x32CPU.cpp">
      <Filter>source\emulation\cpu\x32</Filter>
    </ClCompile>
    <ClCompile Include="..\..\..\..\..\source\emulation\cpu\x64\x64Asm.cpp">
      <Filter>source\emulation\cpu\x64</Filter>
    </ClCompile>
    <ClCompile Include="..\..\..\..\..\source\emulation\cpu\x64\x64CodeChunk.cpp">
      <Filter>source\emulation\cpu\x64</Filter>
    </ClCompile>
    <ClCompile Include="..\..\..\..\..\source\emulation\cpu\x64\x64CPU.cpp">
      <Filter>source\emulation\cpu\x64</Filter>
    </ClCompile>
    <ClCompile Include="..\..\..\..\..\source\emulation\cpu\x64\x64Data.cpp">
      <Filter>source\emulation\cpu\x64</Filter>
    </ClCompile>
    <ClCompile Include="..\..\..\..\..\source\emulation\cpu\x64\x64Ops.cpp">
      <Filter>source\emulation\cpu\x64</Filter>
    </ClCompile>
    <ClCompile Include="..\..\..\..\..\source\emulation\cpu\decoder.cpp">
      <Filter>source\emulation\cpu</Filter>
    </ClCompile>
    <ClCompile Include="..\..\..\..\..\source\emulation\cpu\srcgen.cpp">
      <Filter>source\emulation\cpu</Filter>
    </ClCompile>
    <ClCompile Include="..\..\..\..\..\source\emulation\softmmu\soft_code_page.cpp">
      <Filter>source\emulation\softmmu</Filter>
    </ClCompile>
    <ClCompile Include="..\..\..\..\..\source\emulation\softmmu\soft_copy_on_write_page.cpp">
      <Filter>source\emulation\softmmu</Filter>
    </ClCompile>
    <ClCompile Include="..\..\..\..\..\source\emulation\softmmu\soft_file_map.cpp">
      <Filter>source\emulation\softmmu</Filter>
    </ClCompile>
    <ClCompile Include="..\..\..\..\..\source\emulation\softmmu\soft_invalid_page.cpp">
      <Filter>source\emulation\softmmu</Filter>
    </ClCompile>
    <ClCompile Include="..\..\..\..\..\source\emulation\softmmu\soft_native_page.cpp">
      <Filter>source\emulation\softmmu</Filter>
    </ClCompile>
    <ClCompile Include="..\..\..\..\..\source\emulation\softmmu\soft_no_page.cpp">
      <Filter>source\emulation\softmmu</Filter>
    </ClCompile>
    <ClCompile Include="..\..\..\..\..\source\emulation\softmmu\soft_ram.cpp">
      <Filter>source\emulation\softmmu</Filter>
    </ClCompile>
    <ClCompile Include="..\..\..\..\..\source\emulation\softmmu\soft_ro_page.cpp">
      <Filter>source\emulation\softmmu</Filter>
    </ClCompile>
    <ClCompile Include="..\..\..\..\..\source\emulation\softmmu\soft_rw_page.cpp">
      <Filter>source\emulation\softmmu</Filter>
    </ClCompile>
    <ClCompile Include="..\..\..\..\..\source\emulation\softmmu\soft_wo_page.cpp">
      <Filter>source\emulation\softmmu</Filter>
    </ClCompile>
    <ClCompile Include="..\..\..\..\..\source\io\fs.cpp">
      <Filter>source\io</Filter>
    </ClCompile>
    <ClCompile Include="..\..\..\..\..\source\io\fsdiropennode.cpp">
      <Filter>source\io</Filter>
    </ClCompile>
    <ClCompile Include="..\..\..\..\..\source\io\fsfilenode.cpp">
      <Filter>source\io</Filter>
    </ClCompile>
    <ClCompile Include="..\..\..\..\..\source\io\fsfileopennode.cpp">
      <Filter>source\io</Filter>
    </ClCompile>
    <ClCompile Include="..\..\..\..\..\source\io\fsmemnode.cpp">
      <Filter>source\io</Filter>
    </ClCompile>
    <ClCompile Include="..\..\..\..\..\source\io\fsmemopennode.cpp">
      <Filter>source\io</Filter>
    </ClCompile>
    <ClCompile Include="..\..\..\..\..\source\io\fsnode.cpp">
      <Filter>source\io</Filter>
    </ClCompile>
    <ClCompile Include="..\..\..\..\..\source\io\fsopennode.cpp">
      <Filter>source\io</Filter>
    </ClCompile>
    <ClCompile Include="..\..\..\..\..\source\io\fsvirtualnode.cpp">
      <Filter>source\io</Filter>
    </ClCompile>
    <ClCompile Include="..\..\..\..\..\source\io\fszip.cpp">
      <Filter>source\io</Filter>
    </ClCompile>
    <ClCompile Include="..\..\..\..\..\source\io\fszipnode.cpp">
      <Filter>source\io</Filter>
    </ClCompile>
    <ClCompile Include="..\..\..\..\..\source\io\fszipopennode.cpp">
      <Filter>source\io</Filter>
    </ClCompile>
    <ClCompile Include="..\..\..\..\..\source\kernel\devs\devdsp.cpp">
      <Filter>source\kernel\devs</Filter>
    </ClCompile>
    <ClCompile Include="..\..\..\..\..\source\kernel\devs\devinput.cpp">
      <Filter>source\kernel\devs</Filter>
    </ClCompile>
    <ClCompile Include="..\..\..\..\..\source\kernel\devs\devmixer.cpp">
      <Filter>source\kernel\devs</Filter>
    </ClCompile>
    <ClCompile Include="..\..\..\..\..\source\kernel\devs\devnull.cpp">
      <Filter>source\kernel\devs</Filter>
    </ClCompile>
    <ClCompile Include="..\..\..\..\..\source\kernel\devs\devsequencer.cpp">
      <Filter>source\kernel\devs</Filter>
    </ClCompile>
    <ClCompile Include="..\..\..\..\..\source\kernel\devs\devtty.cpp">
      <Filter>source\kernel\devs</Filter>
    </ClCompile>
    <ClCompile Include="..\..\..\..\..\source\kernel\devs\devurandom.cpp">
      <Filter>source\kernel\devs</Filter>
    </ClCompile>
    <ClCompile Include="..\..\..\..\..\source\kernel\devs\devzero.cpp">
      <Filter>source\kernel\devs</Filter>
    </ClCompile>
    <ClCompile Include="..\..\..\..\..\source\kernel\loader\loader.cpp">
      <Filter>source\kernel\loader</Filter>
    </ClCompile>
    <ClCompile Include="..\..\..\..\..\source\kernel\proc\bufferaccess.cpp">
      <Filter>source\kernel\proc</Filter>
    </ClCompile>
    <ClCompile Include="..\..\..\..\..\source\kernel\proc\cpuinfo.cpp">
      <Filter>source\kernel\proc</Filter>
    </ClCompile>
    <ClCompile Include="..\..\..\..\..\source\kernel\proc\meminfo.cpp">
      <Filter>source\kernel\proc</Filter>
    </ClCompile>
    <ClCompile Include="..\..\..\..\..\source\kernel\proc\self.cpp">
      <Filter>source\kernel\proc</Filter>
    </ClCompile>
    <ClCompile Include="..\..\..\..\..\source\kernel\sys\cpumaxfreq.cpp">
      <Filter>source\kernel\sys</Filter>
    </ClCompile>
    <ClCompile Include="..\..\..\..\..\source\kernel\sys\cpuonline.cpp">
      <Filter>source\kernel\sys</Filter>
    </ClCompile>
    <ClCompile Include="..\..\..\..\..\source\kernel\sys\cpuscalingcurfreq.cpp">
      <Filter>source\kernel\sys</Filter>
    </ClCompile>
    <ClCompile Include="..\..\..\..\..\source\kernel\sys\cpuscalingmaxfreq.cpp">
      <Filter>source\kernel\sys</Filter>
    </ClCompile>
    <ClCompile Include="..\..\..\..\..\source\kernel\kepoll.cpp">
      <Filter>source\kernel</Filter>
    </ClCompile>
    <ClCompile Include="..\..\..\..\..\source\kernel\kfile.cpp">
      <Filter>source\kernel</Filter>
    </ClCompile>
    <ClCompile Include="..\..\..\..\..\source\kernel\kfiledescriptor.cpp">
      <Filter>source\kernel</Filter>
    </ClCompile>
    <ClCompile Include="..\..\..\..\..\source\kernel\kfilelock.cpp">
      <Filter>source\kernel</Filter>
    </ClCompile>
    <ClCompile Include="..\..\..\..\..\source\kernel\kmemory.cpp">
      <Filter>source\kernel</Filter>
    </ClCompile>
    <ClCompile Include="..\..\..\..\..\source\kernel\knativesocket.cpp">
      <Filter>source\kernel</Filter>
    </ClCompile>
    <ClCompile Include="..\..\..\..\..\source\kernel\kobject.cpp">
      <Filter>source\kernel</Filter>
    </ClCompile>
    <ClCompile Include="..\..\..\..\..\source\kernel\kpoll.cpp">
      <Filter>source\kernel</Filter>
    </ClCompile>
    <ClCompile Include="..\..\..\..\..\source\kernel\kprocess.cpp">
      <Filter>source\kernel</Filter>
    </ClCompile>
    <ClCompile Include="..\..\..\..\..\source\kernel\kscheduler.cpp">
      <Filter>source\kernel</Filter>
    </ClCompile>
    <ClCompile Include="..\..\..\..\..\source\kernel\ksignal.cpp">
      <Filter>source\kernel</Filter>
    </ClCompile>
    <ClCompile Include="..\..\..\..\..\source\kernel\ksocket.cpp">
      <Filter>source\kernel</Filter>
    </ClCompile>
    <ClCompile Include="..\..\..\..\..\source\kernel\ksocketobject.cpp">
      <Filter>source\kernel</Filter>
    </ClCompile>
    <ClCompile Include="..\..\..\..\..\source\kernel\ksystem.cpp">
      <Filter>source\kernel</Filter>
    </ClCompile>
    <ClCompile Include="..\..\..\..\..\source\kernel\kthread.cpp">
      <Filter>source\kernel</Filter>
    </ClCompile>
    <ClCompile Include="..\..\..\..\..\source\kernel\ktimer.cpp">
      <Filter>source\kernel</Filter>
    </ClCompile>
    <ClCompile Include="..\..\..\..\..\source\kernel\kunixsocket.cpp">
      <Filter>source\kernel</Filter>
    </ClCompile>
    <ClCompile Include="..\..\..\..\..\source\kernel\syscall.cpp">
      <Filter>source\kernel</Filter>
    </ClCompile>
    <ClCompile Include="..\..\..\..\..\source\opengl\sdl\sdlgl.cpp">
      <Filter>source\opengl\sdl</Filter>
    </ClCompile>
    <ClCompile Include="..\..\..\..\..\source\opengl\glcommon.cpp">
      <Filter>source\opengl</Filter>
    </ClCompile>
    <ClCompile Include="..\..\..\..\..\source\opengl\glext.cpp">
      <Filter>source\opengl</Filter>
    </ClCompile>
    <ClCompile Include="..\..\..\..\..\source\opengl\glfunctions_ext1.cpp">
      <Filter>source\opengl</Filter>
    </ClCompile>
    <ClCompile Include="..\..\..\..\..\source\opengl\glfunctions_ext2.cpp">
      <Filter>source\opengl</Filter>
    </ClCompile>
    <ClCompile Include="..\..\..\..\..\source\opengl\glfunctions_ext3.cpp">
      <Filter>source\opengl</Filter>
    </ClCompile>
    <ClCompile Include="..\..\..\..\..\source\opengl\glMarshal.cpp">
      <Filter>source\opengl</Filter>
    </ClCompile>
    <ClCompile Include="..\..\..\..\..\source\opengl\glMarshalSize.cpp">
      <Filter>source\opengl</Filter>
    </ClCompile>
    <ClCompile Include="..\..\..\..\..\source\opengl\glMarshalVertex.cpp">
      <Filter>source\opengl</Filter>
    </ClCompile>
    <ClCompile Include="..\..\..\..\..\source\sdl\multiThreaded\threadedMainloop.cpp">
      <Filter>source\sdl\multiThreaded</Filter>
    </ClCompile>
    <ClCompile Include="..\..\..\..\..\source\sdl\singleThreaded\mainloop.cpp">
      <Filter>source\sdl\singleThreaded</Filter>
    </ClCompile>
    <ClCompile Include="..\..\..\..\..\source\sdl\main.cpp">
      <Filter>source\sdl</Filter>
    </ClCompile>
    <ClCompile Include="..\..\..\..\..\source\sdl\startupArgs.cpp">
      <Filter>source\sdl</Filter>
    </ClCompile>
    <ClCompile Include="..\..\..\..\..\source\sdl\winedrv.cpp">
      <Filter>source\sdl</Filter>
    </ClCompile>
    <ClCompile Include="..\..\..\..\..\source\test\testCPU.cpp">
      <Filter>source\test</Filter>
    </ClCompile>
    <ClCompile Include="..\..\..\..\..\source\test\testMMX.cpp">
      <Filter>source\test</Filter>
    </ClCompile>
    <ClCompile Include="..\..\..\..\..\source\test\testSSE.cpp">
      <Filter>source\test</Filter>
    </ClCompile>
    <ClCompile Include="..\..\..\..\..\source\test\testSSE2.cpp">
      <Filter>source\test</Filter>
    </ClCompile>
    <ClCompile Include="..\..\..\..\..\source\ui\controls\appbar.cpp">
      <Filter>source\ui\control</Filter>
    </ClCompile>
    <ClCompile Include="..\..\..\..\..\source\ui\controls\appChooserDlg.cpp">
      <Filter>source\ui\control</Filter>
    </ClCompile>
    <ClCompile Include="..\..\..\..\..\source\ui\controls\baseDlg.cpp">
      <Filter>source\ui\control</Filter>
    </ClCompile>
    <ClCompile Include="..\..\..\..\..\source\ui\controls\baseView.cpp">
      <Filter>source\ui\control</Filter>
    </ClCompile>
    <ClCompile Include="..\..\..\..\..\source\ui\controls\containersView.cpp">
      <Filter>source\ui\control</Filter>
    </ClCompile>
    <ClCompile Include="..\..\..\..\..\source\ui\controls\downloadDlg.cpp">
      <Filter>source\ui\control</Filter>
    </ClCompile>
    <ClCompile Include="..\..\..\..\..\source\ui\controls\ImGuiLayout.cpp">
      <Filter>source\ui\control</Filter>
    </ClCompile>
    <ClCompile Include="..\..\..\..\..\source\ui\controls\installView.cpp">
      <Filter>source\ui\control</Filter>
    </ClCompile>
    <ClCompile Include="..\..\..\..\..\source\ui\controls\listView.cpp">
      <Filter>source\ui\control</Filter>
    </ClCompile>
    <ClCompile Include="..\..\..\..\..\source\ui\controls\listViewItem.cpp">
      <Filter>source\ui\control</Filter>
    </ClCompile>
    <ClCompile Include="..\..\..\..\..\source\ui\controls\menubar.cpp">
      <Filter>source\ui\control</Filter>
    </ClCompile>
    <ClCompile Include="..\..\..\..\..\source\ui\controls\okDlg.cpp">
      <Filter>source\ui\control</Filter>
    </ClCompile>
    <ClCompile Include="..\..\..\..\..\source\ui\controls\optionsView.cpp">
      <Filter>source\ui\control</Filter>
    </ClCompile>
    <ClCompile Include="..\..\..\..\..\source\ui\controls\spinnerControl.cpp">
      <Filter>source\ui\control</Filter>
    </ClCompile>
    <ClCompile Include="..\..\..\..\..\source\ui\controls\uiSettings.cpp">
      <Filter>source\ui\control</Filter>
    </ClCompile>
    <ClCompile Include="..\..\..\..\..\source\ui\controls\waitDlg.cpp">
      <Filter>source\ui\control</Filter>
    </ClCompile>
    <ClCompile Include="..\..\..\..\..\source\ui\controls\yesNoDlg.cpp">
      <Filter>source\ui\control</Filter>
    </ClCompile>
    <ClCompile Include="..\..\..\..\..\source\ui\data\appFile.cpp">
      <Filter>source\ui\data</Filter>
    </ClCompile>
    <ClCompile Include="..\..\..\..\..\source\ui\data\boxedApp.cpp">
      <Filter>source\ui\data</Filter>
    </ClCompile>
    <ClCompile Include="..\..\..\..\..\source\ui\data\boxedContainer.cpp">
      <Filter>source\ui\data</Filter>
    </ClCompile>
    <ClCompile Include="..\..\..\..\..\source\ui\data\boxedReg.cpp">
      <Filter>source\ui\data</Filter>
    </ClCompile>
    <ClCompile Include="..\..\..\..\..\source\ui\data\boxedTexture.cpp">
      <Filter>source\ui\data</Filter>
    </ClCompile>
    <ClCompile Include="..\..\..\..\..\source\ui\data\boxedwineData.cpp">
      <Filter>source\ui\data</Filter>
    </ClCompile>
    <ClCompile Include="..\..\..\..\..\source\ui\data\configFile.cpp">
      <Filter>source\ui\data</Filter>
    </ClCompile>
    <ClCompile Include="..\..\..\..\..\source\ui\data\globalSettings.cpp">
      <Filter>source\ui\data</Filter>
    </ClCompile>
    <ClCompile Include="..\..\..\..\..\source\ui\opengl\platformhelper.cpp">
      <Filter>source\ui\opengl</Filter>
    </ClCompile>
    <ClCompile Include="..\..\..\..\..\source\ui\utils\boxedTranslation.cpp">
      <Filter>source\ui\utils</Filter>
    </ClCompile>
    <ClCompile Include="..\..\..\..\..\source\ui\utils\readIcons.cpp">
      <Filter>source\ui\utils</Filter>
    </ClCompile>
    <ClCompile Include="..\..\..\..\..\source\ui\utils\uihelper.cpp">
      <Filter>source\ui\utils</Filter>
    </ClCompile>
    <ClCompile Include="..\..\..\..\..\source\ui\mainui.cpp">
      <Filter>source\ui</Filter>
    </ClCompile>
    <ClCompile Include="..\..\..\..\..\lib\imgui\imgui.cpp">
      <Filter>lib\imgui</Filter>
    </ClCompile>
    <ClCompile Include="..\..\..\..\..\lib\imgui\imgui_draw.cpp">
      <Filter>lib\imgui</Filter>
    </ClCompile>
    <ClCompile Include="..\..\..\..\..\lib\imgui\imgui_widgets.cpp">
      <Filter>lib\imgui</Filter>
    </ClCompile>
    <ClCompile Include="..\..\..\..\..\lib\imgui\examples\imgui_impl_opengl3.cpp">
      <Filter>lib\imgui\examples</Filter>
    </ClCompile>
    <ClCompile Include="..\..\..\..\..\lib\imgui\examples\imgui_impl_sdl.cpp">
      <Filter>lib\imgui\examples</Filter>
    </ClCompile>
    <ClCompile Include="..\..\..\..\..\lib\imgui\addon\imguitinyfiledialogs.cpp">
      <Filter>lib\imgui\addon</Filter>
    </ClCompile>
    <ClCompile Include="..\..\..\..\..\lib\pugixml\src\pugixml.cpp">
      <Filter>lib\pugixml\src</Filter>
    </ClCompile>
    <ClCompile Include="..\..\..\..\..\lib\glew\src\glew.cpp">
      <Filter>lib\glew\src</Filter>
    </ClCompile>
    <ClCompile Include="..\..\..\..\..\source\ui\controls\unzipDlg.cpp">
      <Filter>source\ui\control</Filter>
    </ClCompile>
    <ClCompile Include="..\..\..\..\..\platform\sdl\knativesystem.cpp">
      <Filter>sdlPlatform</Filter>
    </ClCompile>
    <ClCompile Include="..\..\..\..\..\platform\sdl\knativethread.cpp">
      <Filter>sdlPlatform</Filter>
    </ClCompile>
    <ClCompile Include="..\..\..\..\..\platform\sdl\knativeaudio.cpp">
      <Filter>sdlPlatform</Filter>
    </ClCompile>
    <ClCompile Include="..\..\..\..\..\platform\sdl\knativewindow.cpp">
      <Filter>sdlPlatform</Filter>
    </ClCompile>
    <ClCompile Include="..\..\..\..\..\platform\sdl\sdlcallback.cpp">
      <Filter>sdlPlatform</Filter>
    </ClCompile>
    <ClCompile Include="..\..\..\..\..\lib\imgui\examples\imgui_impl_opengl2.cpp">
      <Filter>lib\imgui\examples</Filter>
    </ClCompile>
    <ClCompile Include="..\..\..\..\..\source\emulation\cpu\armv7\armv7CPU.cpp">
      <Filter>source\emulation\cpu\armv7</Filter>
    </ClCompile>
    <ClCompile Include="..\..\..\..\..\source\emulation\cpu\armv8\armv8CPU.cpp">
      <Filter>source\emulation\cpu\armv8</Filter>
    </ClCompile>
    <ClCompile Include="..\..\..\..\..\source\emulation\cpu\armv8\llvm_helper.cpp">
      <Filter>source\emulation\cpu\armv8</Filter>
    </ClCompile>
    <ClCompile Include="..\..\..\..\..\source\emulation\cpu\binaryTranslation\btCodeChunk.cpp">
      <Filter>source\emulation\cpu\binaryTranslation</Filter>
    </ClCompile>
    <ClCompile Include="..\..\..\..\..\source\ui\controls\helpView.cpp">
      <Filter>source\ui\control</Filter>
    </ClCompile>
    <ClCompile Include="..\..\..\..\..\platform\linux\platformThreads-x64.cpp">
      <Filter>platform</Filter>
    </ClCompile>
    <ClCompile Include="..\..\..\..\..\platform\linux\platformThreads-armv8.cpp">
      <Filter>platform</Filter>
    </ClCompile>
    <ClCompile Include="..\..\..\..\..\source\emulation\cpu\armv8bt\arm8btFlags.cpp">
      <Filter>source\emulation\cpu\armv8bt</Filter>
    </ClCompile>
    <ClCompile Include="..\..\..\..\..\source\emulation\cpu\armv8bt\armv8btAsm.cpp">
      <Filter>source\emulation\cpu\armv8bt</Filter>
    </ClCompile>
    <ClCompile Include="..\..\..\..\..\source\emulation\cpu\armv8bt\armv8btCodeChunk.cpp">
      <Filter>source\emulation\cpu\armv8bt</Filter>
    </ClCompile>
    <ClCompile Include="..\..\..\..\..\source\emulation\cpu\armv8bt\armv8btCPU.cpp">
      <Filter>source\emulation\cpu\armv8bt</Filter>
    </ClCompile>
    <ClCompile Include="..\..\..\..\..\source\emulation\cpu\armv8bt\armv8btData.cpp">
      <Filter>source\emulation\cpu\armv8bt</Filter>
    </ClCompile>
    <ClCompile Include="..\..\..\..\..\source\emulation\cpu\armv8bt\armv8btOps.cpp">
      <Filter>source\emulation\cpu\armv8bt</Filter>
    </ClCompile>
    <ClCompile Include="..\..\..\..\..\source\emulation\cpu\armv8bt\armv8btOps_bits.cpp">
      <Filter>source\emulation\cpu\armv8bt</Filter>
    </ClCompile>
    <ClCompile Include="..\..\..\..\..\source\emulation\cpu\armv8bt\armv8btOps_fpu.cpp">
      <Filter>source\emulation\cpu\armv8bt</Filter>
    </ClCompile>
    <ClCompile Include="..\..\..\..\..\source\emulation\cpu\armv8bt\armv8btOps_mmx.cpp">
      <Filter>source\emulation\cpu\armv8bt</Filter>
    </ClCompile>
    <ClCompile Include="..\..\..\..\..\source\emulation\cpu\armv8bt\armv8btOps_shift.cpp">
      <Filter>source\emulation\cpu\armv8bt</Filter>
    </ClCompile>
    <ClCompile Include="..\..\..\..\..\source\emulation\cpu\armv8bt\armv8btOps_sse_convert.cpp">
      <Filter>source\emulation\cpu\armv8bt</Filter>
    </ClCompile>
    <ClCompile Include="..\..\..\..\..\source\emulation\cpu\armv8bt\armv8btOps_sse_minmax.cpp">
      <Filter>source\emulation\cpu\armv8bt</Filter>
    </ClCompile>
    <ClCompile Include="..\..\..\..\..\source\emulation\cpu\armv8bt\armv8btOps_sse_shuffle.cpp">
      <Filter>source\emulation\cpu\armv8bt</Filter>
    </ClCompile>
    <ClCompile Include="..\..\..\..\..\source\emulation\cpu\armv8bt\armv8btOps_string.cpp">
      <Filter>source\emulation\cpu\armv8bt</Filter>
    </ClCompile>
    <ClCompile Include="..\..\..\..\..\source\sdl\wineaudiodrv.cpp">
      <Filter>source\sdl</Filter>
    </ClCompile>
    <ClCompile Include="..\..\..\..\..\platform\sdl\kdspaudio.cpp">
      <Filter>sdlPlatform</Filter>
    </ClCompile>
    <ClCompile Include="..\..\..\..\..\source\opengl\osmesa\osmesa.cpp">
      <Filter>source\opengl\mesa</Filter>
    </ClCompile>
    <ClCompile Include="..\..\..\..\..\source\opengl\boxedwineGL.cpp">
      <Filter>source\opengl</Filter>
    </ClCompile>
    <ClCompile Include="..\..\..\..\..\source\io\fsdynamiclinknode.cpp">
      <Filter>source\io</Filter>
    </ClCompile>
    <ClCompile Include="..\..\..\..\..\source\vulkan\vk_host.cpp">
      <Filter>source\vulkan</Filter>
    </ClCompile>
    <ClCompile Include="..\..\..\..\..\source\vulkan\vulkancommon.cpp">
      <Filter>source\vulkan</Filter>
    </ClCompile>
    <ClCompile Include="..\..\..\..\..\source\kernel\proc\uptime.cpp">
      <Filter>source\kernel\proc</Filter>
    </ClCompile>
    <ClCompile Include="..\..\..\..\..\lib\tiny-process\process.cpp">
      <Filter>lib\process</Filter>
    </ClCompile>
    <ClCompile Include="..\..\..\..\..\lib\tiny-process\process_unix.cpp">
      <Filter>lib\process</Filter>
    </ClCompile>
    <ClCompile Include="..\..\..\..\..\source\emulation\cpu\binaryTranslation\btCpu.cpp">
      <Filter>source\emulation\cpu\binaryTranslation</Filter>
    </ClCompile>
    <ClCompile Include="..\..\..\..\..\source\emulation\cpu\binaryTranslation\btData.cpp">
      <Filter>source\emulation\cpu\binaryTranslation</Filter>
    </ClCompile>
    <ClCompile Include="..\..\..\..\..\source\util\bstring.cpp" />
    <ClCompile Include="..\..\..\..\..\source\emulation\softmmu\kmemory_soft.cpp">
      <Filter>source\emulation\softmmu</Filter>
    </ClCompile>
    <ClCompile Include="..\..\..\..\..\source\emulation\cpu\binaryTranslation\btMemory.cpp">
      <Filter>source\emulation\cpu\binaryTranslation</Filter>
    </ClCompile>
    <ClCompile Include="..\..\..\..\..\source\util\bfile.cpp">
      <Filter>source\util</Filter>
    </ClCompile>
    <ClCompile Include="..\..\..\..\..\source\kernel\devs\devfb.cpp">
      <Filter>source\kernel\devs</Filter>
    </ClCompile>
    <ClCompile Include="..\..\..\..\..\source\kernel\sys\sysbus.cpp">
      <Filter>source\kernel\sys</Filter>
    </ClCompile>
    <ClCompile Include="..\..\..\..\..\source\kernel\sys\sysbususb.cpp">
      <Filter>source\kernel\sys</Filter>
    </ClCompile>
    <ClCompile Include="..\..\..\..\..\source\kernel\sys\sysdev.cpp">
      <Filter>source\kernel\sys</Filter>
    </ClCompile>
    <ClCompile Include="..\..\..\..\..\source\kernel\sys\sysdevices.cpp">
      <Filter>source\kernel\sys</Filter>
    </ClCompile>
    <ClCompile Include="..\..\..\..\..\source\kernel\sys\sysfb.cpp">
      <Filter>source\kernel\sys</Filter>
    </ClCompile>
    <ClCompile Include="..\..\..\..\..\source\kernel\sys\sysfs.cpp">
      <Filter>source\kernel\sys</Filter>
    </ClCompile>
    <ClCompile Include="..\..\..\..\..\source\kernel\sys\sysmouse.cpp">
      <Filter>source\kernel\sys</Filter>
    </ClCompile>
    <ClCompile Include="..\..\..\..\..\source\kernel\proc\procstat.cpp">
      <Filter>source\kernel\proc</Filter>
    </ClCompile>
    <ClCompile Include="..\..\..\..\..\source\kernel\knetlink.cpp">
      <Filter>source\kernel</Filter>
    </ClCompile>
    <ClCompile Include="..\..\..\..\..\source\kernel\kevent.cpp">
      <Filter>source\kernel</Filter>
    </ClCompile>
  </ItemGroup>
  <ItemGroup>
    <Filter Include="include">
      <UniqueIdentifier>{4f3530b5-9e53-4d8d-9dfd-836780b2370e}</UniqueIdentifier>
    </Filter>
    <Filter Include="source">
      <UniqueIdentifier>{3bf259cf-07d9-4fed-bf12-8b7e526da99f}</UniqueIdentifier>
    </Filter>
    <Filter Include="platform">
      <UniqueIdentifier>{8190a792-fd71-4036-b1b5-965c4b6a6194}</UniqueIdentifier>
    </Filter>
    <Filter Include="source\util">
      <UniqueIdentifier>{ca5ebf92-9e70-4a1c-adaf-c61920f1c23d}</UniqueIdentifier>
    </Filter>
    <Filter Include="source\emulation">
      <UniqueIdentifier>{46d53ce2-1107-4573-a663-fc297672a8cd}</UniqueIdentifier>
    </Filter>
    <Filter Include="source\emulation\cpu">
      <UniqueIdentifier>{c6bedead-b1d7-4ee2-9231-7496818ad6da}</UniqueIdentifier>
    </Filter>
    <Filter Include="source\emulation\softmmu">
      <UniqueIdentifier>{d261536f-bf9d-43fa-ab91-ff7d972ef56e}</UniqueIdentifier>
    </Filter>
    <Filter Include="source\emulation\cpu\common">
      <UniqueIdentifier>{a9cff077-2edb-4001-bbe7-d5e5fafda715}</UniqueIdentifier>
    </Filter>
    <Filter Include="source\emulation\cpu\dynamic">
      <UniqueIdentifier>{018d0234-02b9-4b2c-be26-7719da77818e}</UniqueIdentifier>
    </Filter>
    <Filter Include="source\emulation\cpu\normal">
      <UniqueIdentifier>{f44ccfbd-f190-46b4-b65b-8cdf6d0c263b}</UniqueIdentifier>
    </Filter>
    <Filter Include="source\emulation\cpu\x32">
      <UniqueIdentifier>{aa2c0d3b-d1a5-4e24-b1fa-031113f4a0ea}</UniqueIdentifier>
    </Filter>
    <Filter Include="source\emulation\cpu\x64">
      <UniqueIdentifier>{5832265c-21a2-4a93-b821-469c62aa602b}</UniqueIdentifier>
    </Filter>
    <Filter Include="source\io">
      <UniqueIdentifier>{64026dc7-a858-4c52-b513-1cd5754c9533}</UniqueIdentifier>
    </Filter>
    <Filter Include="source\kernel">
      <UniqueIdentifier>{04761e58-2b02-4dbc-b51d-03c7c060d892}</UniqueIdentifier>
    </Filter>
    <Filter Include="source\kernel\devs">
      <UniqueIdentifier>{6815058f-846f-40c4-b91a-4cb5f7e85a70}</UniqueIdentifier>
    </Filter>
    <Filter Include="source\kernel\loader">
      <UniqueIdentifier>{dd13ed4a-5fce-432c-887f-3b8f72c91d8e}</UniqueIdentifier>
    </Filter>
    <Filter Include="source\kernel\proc">
      <UniqueIdentifier>{b380de94-0d66-4441-b325-0af2db16efe0}</UniqueIdentifier>
    </Filter>
    <Filter Include="source\kernel\sys">
      <UniqueIdentifier>{6de54430-f23a-4ef3-86ef-d784a4ea8b26}</UniqueIdentifier>
    </Filter>
    <Filter Include="source\opengl">
      <UniqueIdentifier>{2acfc38f-90dc-41b3-bfda-8397eca4e5de}</UniqueIdentifier>
    </Filter>
    <Filter Include="source\opengl\sdl">
      <UniqueIdentifier>{9cbec799-83f1-4744-9cb4-16717965460e}</UniqueIdentifier>
    </Filter>
    <Filter Include="source\sdl">
      <UniqueIdentifier>{9e2386db-bbc1-4d3d-b65a-9441ce16e574}</UniqueIdentifier>
    </Filter>
    <Filter Include="source\sdl\multiThreaded">
      <UniqueIdentifier>{633a5541-5532-468b-8dc8-1080aa6e32bc}</UniqueIdentifier>
    </Filter>
    <Filter Include="source\sdl\singleThreaded">
      <UniqueIdentifier>{043a71c5-3a80-4dc7-8599-4611e8f81381}</UniqueIdentifier>
    </Filter>
    <Filter Include="source\test">
      <UniqueIdentifier>{60e8cbdd-c22b-4508-a4b0-015b1f54493f}</UniqueIdentifier>
    </Filter>
    <Filter Include="source\ui">
      <UniqueIdentifier>{0b2e3f17-0c3a-4196-9b29-686970179237}</UniqueIdentifier>
    </Filter>
    <Filter Include="source\ui\control">
      <UniqueIdentifier>{ef9ca10e-cad9-48e7-a00b-c90000178ba6}</UniqueIdentifier>
    </Filter>
    <Filter Include="source\ui\data">
      <UniqueIdentifier>{7b6cbdda-5c73-4267-bee7-de680f35112a}</UniqueIdentifier>
    </Filter>
    <Filter Include="source\ui\opengl">
      <UniqueIdentifier>{71a8aa6b-07f8-4bad-b48c-309c37544c79}</UniqueIdentifier>
    </Filter>
    <Filter Include="source\ui\utils">
      <UniqueIdentifier>{697a5e7c-bee5-4e84-9c3e-51578c4ab486}</UniqueIdentifier>
    </Filter>
    <Filter Include="lib">
      <UniqueIdentifier>{663d1049-7441-470d-9cb2-e4748bf99f97}</UniqueIdentifier>
    </Filter>
    <Filter Include="lib\simde">
      <UniqueIdentifier>{7c4f0eea-7a35-4384-a03c-6cd17bdc1f80}</UniqueIdentifier>
    </Filter>
    <Filter Include="lib\simde\simde">
      <UniqueIdentifier>{3f186174-3ccf-4add-9b6e-17e5249f7119}</UniqueIdentifier>
    </Filter>
    <Filter Include="lib\simde\simde\x86">
      <UniqueIdentifier>{11191eed-7c75-4f95-be51-2aac4a3f58a1}</UniqueIdentifier>
    </Filter>
    <Filter Include="lib\sdl2">
      <UniqueIdentifier>{f41a5510-f744-4a9a-9a62-7dc1fac421c4}</UniqueIdentifier>
    </Filter>
    <Filter Include="lib\sdl2\include">
      <UniqueIdentifier>{5ce20015-d3df-40cb-a3ac-0e6b8ec15c47}</UniqueIdentifier>
    </Filter>
    <Filter Include="lib\zlib">
      <UniqueIdentifier>{487a6913-a0ee-41c8-8ac6-678dc3e8faae}</UniqueIdentifier>
    </Filter>
    <Filter Include="lib\zlib\contrib">
      <UniqueIdentifier>{3030dd0d-1700-4b8c-8c2b-26d0c5989c27}</UniqueIdentifier>
    </Filter>
    <Filter Include="lib\zlib\contrib\minizip">
      <UniqueIdentifier>{a40e8444-b805-4e19-83b4-7ed2ecee1869}</UniqueIdentifier>
    </Filter>
    <Filter Include="lib\glew">
      <UniqueIdentifier>{5fd6fb7d-9163-42e7-98b5-8c806e138aca}</UniqueIdentifier>
    </Filter>
    <Filter Include="lib\glew\include">
      <UniqueIdentifier>{ef6cd526-ae69-4985-b83b-2bc09630965e}</UniqueIdentifier>
    </Filter>
    <Filter Include="lib\glew\include\GL">
      <UniqueIdentifier>{238f8179-ac78-4a78-836d-33fb78684c8e}</UniqueIdentifier>
    </Filter>
    <Filter Include="lib\imgui">
      <UniqueIdentifier>{ca22beb9-131c-4237-872c-94d11c72f258}</UniqueIdentifier>
    </Filter>
    <Filter Include="lib\imgui\examples">
      <UniqueIdentifier>{9c1e32ff-0d86-4281-8505-cb55062f8f32}</UniqueIdentifier>
    </Filter>
    <Filter Include="lib\imgui\addon">
      <UniqueIdentifier>{182e2ee9-915f-469b-a955-2eb353fffab1}</UniqueIdentifier>
    </Filter>
    <Filter Include="lib\pugixml">
      <UniqueIdentifier>{2ddf8aaf-6f1d-4a60-951a-67a310abd91b}</UniqueIdentifier>
    </Filter>
    <Filter Include="lib\pugixml\src">
      <UniqueIdentifier>{573e5ea5-d474-4211-b17a-b9ef6d2f1f60}</UniqueIdentifier>
    </Filter>
    <Filter Include="lib\glew\src">
      <UniqueIdentifier>{a4908825-5f73-4437-89e9-895cc2d79ee8}</UniqueIdentifier>
    </Filter>
    <Filter Include="sdlPlatform">
      <UniqueIdentifier>{73d9ec26-2584-469b-96b3-1b326c20f300}</UniqueIdentifier>
    </Filter>
    <Filter Include="source\emulation\cpu\armv7">
      <UniqueIdentifier>{6944181a-58b0-4f32-a45a-c1402f7892d9}</UniqueIdentifier>
    </Filter>
    <Filter Include="source\emulation\cpu\armv8">
      <UniqueIdentifier>{a52fdd3d-8b52-48cf-a36a-268ccb39be69}</UniqueIdentifier>
    </Filter>
    <Filter Include="source\emulation\cpu\binaryTranslation">
      <UniqueIdentifier>{b32fd766-2acb-4145-a3d1-4cf997c48774}</UniqueIdentifier>
    </Filter>
    <Filter Include="source\emulation\cpu\armv8bt">
      <UniqueIdentifier>{966a1d27-d191-4bf3-9883-edb6b851d9e5}</UniqueIdentifier>
    </Filter>
    <Filter Include="source\opengl\mesa">
      <UniqueIdentifier>{0d4507ea-ed6c-4ba6-8ba0-aa24f2b6c5af}</UniqueIdentifier>
    </Filter>
    <Filter Include="source\vulkan">
      <UniqueIdentifier>{4bf872fb-766a-43e0-b55e-8e10fc3803fb}</UniqueIdentifier>
    </Filter>
    <Filter Include="lib\process">
      <UniqueIdentifier>{a0f4f1da-8521-4120-9ffc-0b963a08b11f}</UniqueIdentifier>
    </Filter>
  </ItemGroup>
  <ItemGroup>
    <ClInclude Include="..\..\..\..\..\include\boxedwine.h">
      <Filter>include</Filter>
    </ClInclude>
    <ClInclude Include="..\..\..\..\..\include\bufferaccess.h">
      <Filter>include</Filter>
    </ClInclude>
    <ClInclude Include="..\..\..\..\..\include\cpuinfo.h">
      <Filter>include</Filter>
    </ClInclude>
    <ClInclude Include="..\..\..\..\..\include\crc.h">
      <Filter>include</Filter>
    </ClInclude>
    <ClInclude Include="..\..\..\..\..\include\devdsp.h">
      <Filter>include</Filter>
    </ClInclude>
    <ClInclude Include="..\..\..\..\..\include\devinput.h">
      <Filter>include</Filter>
    </ClInclude>
    <ClInclude Include="..\..\..\..\..\include\devmixer.h">
      <Filter>include</Filter>
    </ClInclude>
    <ClInclude Include="..\..\..\..\..\include\devnull.h">
      <Filter>include</Filter>
    </ClInclude>
    <ClInclude Include="..\..\..\..\..\include\devpty.h">
      <Filter>include</Filter>
    </ClInclude>
    <ClInclude Include="..\..\..\..\..\include\devsequencer.h">
      <Filter>include</Filter>
    </ClInclude>
    <ClInclude Include="..\..\..\..\..\include\devtty.h">
      <Filter>include</Filter>
    </ClInclude>
    <ClInclude Include="..\..\..\..\..\include\devurandom.h">
      <Filter>include</Filter>
    </ClInclude>
    <ClInclude Include="..\..\..\..\..\include\devzero.h">
      <Filter>include</Filter>
    </ClInclude>
    <ClInclude Include="..\..\..\..\..\include\fpu.h">
      <Filter>include</Filter>
    </ClInclude>
    <ClInclude Include="..\..\..\..\..\include\jit.h">
      <Filter>include</Filter>
    </ClInclude>
    <ClInclude Include="..\..\..\..\..\include\kepoll.h">
      <Filter>include</Filter>
    </ClInclude>
    <ClInclude Include="..\..\..\..\..\include\kerror.h">
      <Filter>include</Filter>
    </ClInclude>
    <ClInclude Include="..\..\..\..\..\include\kfile.h">
      <Filter>include</Filter>
    </ClInclude>
    <ClInclude Include="..\..\..\..\..\include\kfiledescriptor.h">
      <Filter>include</Filter>
    </ClInclude>
    <ClInclude Include="..\..\..\..\..\include\kfilelock.h">
      <Filter>include</Filter>
    </ClInclude>
    <ClInclude Include="..\..\..\..\..\include\knativesocket.h">
      <Filter>include</Filter>
    </ClInclude>
    <ClInclude Include="..\..\..\..\..\include\kobject.h">
      <Filter>include</Filter>
    </ClInclude>
    <ClInclude Include="..\..\..\..\..\include\kpoll.h">
      <Filter>include</Filter>
    </ClInclude>
    <ClInclude Include="..\..\..\..\..\include\kprocess.h">
      <Filter>include</Filter>
    </ClInclude>
    <ClInclude Include="..\..\..\..\..\include\kscheduler.h">
      <Filter>include</Filter>
    </ClInclude>
    <ClInclude Include="..\..\..\..\..\include\ksignal.h">
      <Filter>include</Filter>
    </ClInclude>
    <ClInclude Include="..\..\..\..\..\include\ksocket.h">
      <Filter>include</Filter>
    </ClInclude>
    <ClInclude Include="..\..\..\..\..\include\ksocketdata.h">
      <Filter>include</Filter>
    </ClInclude>
    <ClInclude Include="..\..\..\..\..\include\ksocketmsg.h">
      <Filter>include</Filter>
    </ClInclude>
    <ClInclude Include="..\..\..\..\..\include\ksocketobject.h">
      <Filter>include</Filter>
    </ClInclude>
    <ClInclude Include="..\..\..\..\..\include\kstat.h">
      <Filter>include</Filter>
    </ClInclude>
    <ClInclude Include="..\..\..\..\..\include\ksystem.h">
      <Filter>include</Filter>
    </ClInclude>
    <ClInclude Include="..\..\..\..\..\include\kthread.h">
      <Filter>include</Filter>
    </ClInclude>
    <ClInclude Include="..\..\..\..\..\include\ktimer.h">
      <Filter>include</Filter>
    </ClInclude>
    <ClInclude Include="..\..\..\..\..\include\kunixsocket.h">
      <Filter>include</Filter>
    </ClInclude>
    <ClInclude Include="..\..\..\..\..\include\loader.h">
      <Filter>include</Filter>
    </ClInclude>
    <ClInclude Include="..\..\..\..\..\include\log.h">
      <Filter>include</Filter>
    </ClInclude>
    <ClInclude Include="..\..\..\..\..\include\meminfo.h">
      <Filter>include</Filter>
    </ClInclude>
    <ClInclude Include="..\..\..\..\..\include\pixelformat.h">
      <Filter>include</Filter>
    </ClInclude>
    <ClInclude Include="..\..\..\..\..\include\platform.h">
      <Filter>include</Filter>
    </ClInclude>
    <ClInclude Include="..\..\..\..\..\include\platformtypes.h">
      <Filter>include</Filter>
    </ClInclude>
    <ClInclude Include="..\..\..\..\..\include\player.h">
      <Filter>include</Filter>
    </ClInclude>
    <ClInclude Include="..\..\..\..\..\include\procselfexe.h">
      <Filter>include</Filter>
    </ClInclude>
    <ClInclude Include="..\..\..\..\..\include\recorder.h">
      <Filter>include</Filter>
    </ClInclude>
    <ClInclude Include="..\..\..\..\..\include\reg.h">
      <Filter>include</Filter>
    </ClInclude>
    <ClInclude Include="..\..\..\..\..\include\syscpumaxfreq.h">
      <Filter>include</Filter>
    </ClInclude>
    <ClInclude Include="..\..\..\..\..\include\syscpuonline.h">
      <Filter>include</Filter>
    </ClInclude>
    <ClInclude Include="..\..\..\..\..\include\syscpuscalingcurfreq.h">
      <Filter>include</Filter>
    </ClInclude>
    <ClInclude Include="..\..\..\..\..\include\syscpuscalingmaxfreq.h">
      <Filter>include</Filter>
    </ClInclude>
    <ClInclude Include="..\..\..\..\..\include\x64dynamic.h">
      <Filter>include</Filter>
    </ClInclude>
    <ClInclude Include="..\..\..\..\..\source\util\fileutils.h">
      <Filter>source\util</Filter>
    </ClInclude>
    <ClInclude Include="..\..\..\..\..\source\util\karray.h">
      <Filter>source\util</Filter>
    </ClInclude>
    <ClInclude Include="..\..\..\..\..\source\util\klist.h">
      <Filter>source\util</Filter>
    </ClInclude>
    <ClInclude Include="..\..\..\..\..\source\util\networkutils.h">
      <Filter>source\util</Filter>
    </ClInclude>
    <ClInclude Include="..\..\..\..\..\source\util\stringutil.h">
      <Filter>source\util</Filter>
    </ClInclude>
    <ClInclude Include="..\..\..\..\..\source\util\synchronization.h">
      <Filter>source\util</Filter>
    </ClInclude>
    <ClInclude Include="..\..\..\..\..\source\util\threadutils.h">
      <Filter>source\util</Filter>
    </ClInclude>
    <ClInclude Include="..\..\..\..\..\source\util\vectorutils.h">
      <Filter>source\util</Filter>
    </ClInclude>
    <ClInclude Include="..\..\..\..\..\source\emulation\cpu\common\common_arith.h">
      <Filter>source\emulation\cpu\common</Filter>
    </ClInclude>
    <ClInclude Include="..\..\..\..\..\source\emulation\cpu\common\common_bit.h">
      <Filter>source\emulation\cpu\common</Filter>
    </ClInclude>
    <ClInclude Include="..\..\..\..\..\source\emulation\cpu\common\common_fpu.h">
      <Filter>source\emulation\cpu\common</Filter>
    </ClInclude>
    <ClInclude Include="..\..\..\..\..\source\emulation\cpu\common\common_fpu_def.h">
      <Filter>source\emulation\cpu\common</Filter>
    </ClInclude>
    <ClInclude Include="..\..\..\..\..\source\emulation\cpu\common\common_mmx.h">
      <Filter>source\emulation\cpu\common</Filter>
    </ClInclude>
    <ClInclude Include="..\..\..\..\..\source\emulation\cpu\common\common_mmx_def.h">
      <Filter>source\emulation\cpu\common</Filter>
    </ClInclude>
    <ClInclude Include="..\..\..\..\..\source\emulation\cpu\common\common_other.h">
      <Filter>source\emulation\cpu\common</Filter>
    </ClInclude>
    <ClInclude Include="..\..\..\..\..\source\emulation\cpu\common\common_pushpop.h">
      <Filter>source\emulation\cpu\common</Filter>
    </ClInclude>
    <ClInclude Include="..\..\..\..\..\source\emulation\cpu\common\common_sse.h">
      <Filter>source\emulation\cpu\common</Filter>
    </ClInclude>
    <ClInclude Include="..\..\..\..\..\source\emulation\cpu\common\common_sse_def.h">
      <Filter>source\emulation\cpu\common</Filter>
    </ClInclude>
    <ClInclude Include="..\..\..\..\..\source\emulation\cpu\common\common_sse2.h">
      <Filter>source\emulation\cpu\common</Filter>
    </ClInclude>
    <ClInclude Include="..\..\..\..\..\source\emulation\cpu\common\common_sse2_def.h">
      <Filter>source\emulation\cpu\common</Filter>
    </ClInclude>
    <ClInclude Include="..\..\..\..\..\source\emulation\cpu\common\common_xchg.h">
      <Filter>source\emulation\cpu\common</Filter>
    </ClInclude>
    <ClInclude Include="..\..\..\..\..\source\emulation\cpu\common\cpu.h">
      <Filter>source\emulation\cpu\common</Filter>
    </ClInclude>
    <ClInclude Include="..\..\..\..\..\source\emulation\cpu\common\cpu_init.h">
      <Filter>source\emulation\cpu\common</Filter>
    </ClInclude>
    <ClInclude Include="..\..\..\..\..\source\emulation\cpu\common\cpu_init_fpu.h">
      <Filter>source\emulation\cpu\common</Filter>
    </ClInclude>
    <ClInclude Include="..\..\..\..\..\source\emulation\cpu\common\cpu_init_mmx.h">
      <Filter>source\emulation\cpu\common</Filter>
    </ClInclude>
    <ClInclude Include="..\..\..\..\..\source\emulation\cpu\common\cpu_init_sse.h">
      <Filter>source\emulation\cpu\common</Filter>
    </ClInclude>
    <ClInclude Include="..\..\..\..\..\source\emulation\cpu\common\cpu_init_sse2.h">
      <Filter>source\emulation\cpu\common</Filter>
    </ClInclude>
    <ClInclude Include="..\..\..\..\..\source\emulation\cpu\common\fpu.h">
      <Filter>source\emulation\cpu\common</Filter>
    </ClInclude>
    <ClInclude Include="..\..\..\..\..\source\emulation\cpu\common\lazyFlags.h">
      <Filter>source\emulation\cpu\common</Filter>
    </ClInclude>
    <ClInclude Include="..\..\..\..\..\source\emulation\cpu\dynamic\dynamic.h">
      <Filter>source\emulation\cpu\dynamic</Filter>
    </ClInclude>
    <ClInclude Include="..\..\..\..\..\source\emulation\cpu\dynamic\dynamic_arith.h">
      <Filter>source\emulation\cpu\dynamic</Filter>
    </ClInclude>
    <ClInclude Include="..\..\..\..\..\source\emulation\cpu\dynamic\dynamic_bit.h">
      <Filter>source\emulation\cpu\dynamic</Filter>
    </ClInclude>
    <ClInclude Include="..\..\..\..\..\source\emulation\cpu\dynamic\dynamic_conditions.h">
      <Filter>source\emulation\cpu\dynamic</Filter>
    </ClInclude>
    <ClInclude Include="..\..\..\..\..\source\emulation\cpu\dynamic\dynamic_fpu.h">
      <Filter>source\emulation\cpu\dynamic</Filter>
    </ClInclude>
    <ClInclude Include="..\..\..\..\..\source\emulation\cpu\dynamic\dynamic_func.h">
      <Filter>source\emulation\cpu\dynamic</Filter>
    </ClInclude>
    <ClInclude Include="..\..\..\..\..\source\emulation\cpu\dynamic\dynamic_incdec.h">
      <Filter>source\emulation\cpu\dynamic</Filter>
    </ClInclude>
    <ClInclude Include="..\..\..\..\..\source\emulation\cpu\dynamic\dynamic_jump.h">
      <Filter>source\emulation\cpu\dynamic</Filter>
    </ClInclude>
    <ClInclude Include="..\..\..\..\..\source\emulation\cpu\dynamic\dynamic_mmx.h">
      <Filter>source\emulation\cpu\dynamic</Filter>
    </ClInclude>
    <ClInclude Include="..\..\..\..\..\source\emulation\cpu\dynamic\dynamic_mov.h">
      <Filter>source\emulation\cpu\dynamic</Filter>
    </ClInclude>
    <ClInclude Include="..\..\..\..\..\source\emulation\cpu\dynamic\dynamic_other.h">
      <Filter>source\emulation\cpu\dynamic</Filter>
    </ClInclude>
    <ClInclude Include="..\..\..\..\..\source\emulation\cpu\dynamic\dynamic_pushpop.h">
      <Filter>source\emulation\cpu\dynamic</Filter>
    </ClInclude>
    <ClInclude Include="..\..\..\..\..\source\emulation\cpu\dynamic\dynamic_setcc.h">
      <Filter>source\emulation\cpu\dynamic</Filter>
    </ClInclude>
    <ClInclude Include="..\..\..\..\..\source\emulation\cpu\dynamic\dynamic_shift.h">
      <Filter>source\emulation\cpu\dynamic</Filter>
    </ClInclude>
    <ClInclude Include="..\..\..\..\..\source\emulation\cpu\dynamic\dynamic_sse.h">
      <Filter>source\emulation\cpu\dynamic</Filter>
    </ClInclude>
    <ClInclude Include="..\..\..\..\..\source\emulation\cpu\dynamic\dynamic_sse2.h">
      <Filter>source\emulation\cpu\dynamic</Filter>
    </ClInclude>
    <ClInclude Include="..\..\..\..\..\source\emulation\cpu\dynamic\dynamic_strings.h">
      <Filter>source\emulation\cpu\dynamic</Filter>
    </ClInclude>
    <ClInclude Include="..\..\..\..\..\source\emulation\cpu\dynamic\dynamic_xchg.h">
      <Filter>source\emulation\cpu\dynamic</Filter>
    </ClInclude>
    <ClInclude Include="..\..\..\..\..\source\emulation\cpu\normal\instructions.h">
      <Filter>source\emulation\cpu\normal</Filter>
    </ClInclude>
    <ClInclude Include="..\..\..\..\..\source\emulation\cpu\normal\normal_arith.h">
      <Filter>source\emulation\cpu\normal</Filter>
    </ClInclude>
    <ClInclude Include="..\..\..\..\..\source\emulation\cpu\normal\normal_bit.h">
      <Filter>source\emulation\cpu\normal</Filter>
    </ClInclude>
    <ClInclude Include="..\..\..\..\..\source\emulation\cpu\normal\normal_conditions.h">
      <Filter>source\emulation\cpu\normal</Filter>
    </ClInclude>
    <ClInclude Include="..\..\..\..\..\source\emulation\cpu\normal\normal_fpu.h">
      <Filter>source\emulation\cpu\normal</Filter>
    </ClInclude>
    <ClInclude Include="..\..\..\..\..\source\emulation\cpu\normal\normal_incdec.h">
      <Filter>source\emulation\cpu\normal</Filter>
    </ClInclude>
    <ClInclude Include="..\..\..\..\..\source\emulation\cpu\normal\normal_jump.h">
      <Filter>source\emulation\cpu\normal</Filter>
    </ClInclude>
    <ClInclude Include="..\..\..\..\..\source\emulation\cpu\normal\normal_mmx.h">
      <Filter>source\emulation\cpu\normal</Filter>
    </ClInclude>
    <ClInclude Include="..\..\..\..\..\source\emulation\cpu\normal\normal_move.h">
      <Filter>source\emulation\cpu\normal</Filter>
    </ClInclude>
    <ClInclude Include="..\..\..\..\..\source\emulation\cpu\normal\normal_other.h">
      <Filter>source\emulation\cpu\normal</Filter>
    </ClInclude>
    <ClInclude Include="..\..\..\..\..\source\emulation\cpu\normal\normal_pushpop.h">
      <Filter>source\emulation\cpu\normal</Filter>
    </ClInclude>
    <ClInclude Include="..\..\..\..\..\source\emulation\cpu\normal\normal_setcc.h">
      <Filter>source\emulation\cpu\normal</Filter>
    </ClInclude>
    <ClInclude Include="..\..\..\..\..\source\emulation\cpu\normal\normal_shift.h">
      <Filter>source\emulation\cpu\normal</Filter>
    </ClInclude>
    <ClInclude Include="..\..\..\..\..\source\emulation\cpu\normal\normal_shift_op.h">
      <Filter>source\emulation\cpu\normal</Filter>
    </ClInclude>
    <ClInclude Include="..\..\..\..\..\source\emulation\cpu\normal\normal_sse.h">
      <Filter>source\emulation\cpu\normal</Filter>
    </ClInclude>
    <ClInclude Include="..\..\..\..\..\source\emulation\cpu\normal\normal_sse2.h">
      <Filter>source\emulation\cpu\normal</Filter>
    </ClInclude>
    <ClInclude Include="..\..\..\..\..\source\emulation\cpu\normal\normal_strings.h">
      <Filter>source\emulation\cpu\normal</Filter>
    </ClInclude>
    <ClInclude Include="..\..\..\..\..\source\emulation\cpu\normal\normal_strings_op.h">
      <Filter>source\emulation\cpu\normal</Filter>
    </ClInclude>
    <ClInclude Include="..\..\..\..\..\source\emulation\cpu\normal\normal_xchg.h">
      <Filter>source\emulation\cpu\normal</Filter>
    </ClInclude>
    <ClInclude Include="..\..\..\..\..\source\emulation\cpu\normal\normalCPU.h">
      <Filter>source\emulation\cpu\normal</Filter>
    </ClInclude>
    <ClInclude Include="..\..\..\..\..\source\emulation\cpu\x32\x32CPU.h">
      <Filter>source\emulation\cpu\x32</Filter>
    </ClInclude>
    <ClInclude Include="..\..\..\..\..\source\emulation\cpu\x64\x64Asm.h">
      <Filter>source\emulation\cpu\x64</Filter>
    </ClInclude>
    <ClInclude Include="..\..\..\..\..\source\emulation\cpu\x64\x64CodeChunk.h">
      <Filter>source\emulation\cpu\x64</Filter>
    </ClInclude>
    <ClInclude Include="..\..\..\..\..\source\emulation\cpu\x64\x64CPU.h">
      <Filter>source\emulation\cpu\x64</Filter>
    </ClInclude>
    <ClInclude Include="..\..\..\..\..\source\emulation\cpu\x64\x64Data.h">
      <Filter>source\emulation\cpu\x64</Filter>
    </ClInclude>
    <ClInclude Include="..\..\..\..\..\source\emulation\cpu\x64\x64Ops.h">
      <Filter>source\emulation\cpu\x64</Filter>
    </ClInclude>
    <ClInclude Include="..\..\..\..\..\source\emulation\cpu\conditions.h">
      <Filter>source\emulation\cpu</Filter>
    </ClInclude>
    <ClInclude Include="..\..\..\..\..\source\emulation\cpu\decode.h">
      <Filter>source\emulation\cpu</Filter>
    </ClInclude>
    <ClInclude Include="..\..\..\..\..\source\emulation\cpu\decode_noflags.h">
      <Filter>source\emulation\cpu</Filter>
    </ClInclude>
    <ClInclude Include="..\..\..\..\..\source\emulation\cpu\decoder.h">
      <Filter>source\emulation\cpu</Filter>
    </ClInclude>
    <ClInclude Include="..\..\..\..\..\source\emulation\cpu\fpu.h">
      <Filter>source\emulation\cpu</Filter>
    </ClInclude>
    <ClInclude Include="..\..\..\..\..\source\emulation\cpu\gensrc.h">
      <Filter>source\emulation\cpu</Filter>
    </ClInclude>
    <ClInclude Include="..\..\..\..\..\source\emulation\cpu\incdec.h">
      <Filter>source\emulation\cpu</Filter>
    </ClInclude>
    <ClInclude Include="..\..\..\..\..\source\emulation\cpu\instructions.h">
      <Filter>source\emulation\cpu</Filter>
    </ClInclude>
    <ClInclude Include="..\..\..\..\..\source\emulation\cpu\mmx.h">
      <Filter>source\emulation\cpu</Filter>
    </ClInclude>
    <ClInclude Include="..\..\..\..\..\source\emulation\cpu\ops.h">
      <Filter>source\emulation\cpu</Filter>
    </ClInclude>
    <ClInclude Include="..\..\..\..\..\source\emulation\cpu\pushpop.h">
      <Filter>source\emulation\cpu</Filter>
    </ClInclude>
    <ClInclude Include="..\..\..\..\..\source\emulation\cpu\setcc.h">
      <Filter>source\emulation\cpu</Filter>
    </ClInclude>
    <ClInclude Include="..\..\..\..\..\source\emulation\cpu\shift.h">
      <Filter>source\emulation\cpu</Filter>
    </ClInclude>
    <ClInclude Include="..\..\..\..\..\source\emulation\cpu\shift_op.h">
      <Filter>source\emulation\cpu</Filter>
    </ClInclude>
    <ClInclude Include="..\..\..\..\..\source\emulation\cpu\strings.h">
      <Filter>source\emulation\cpu</Filter>
    </ClInclude>
    <ClInclude Include="..\..\..\..\..\source\emulation\cpu\strings_op.h">
      <Filter>source\emulation\cpu</Filter>
    </ClInclude>
    <ClInclude Include="..\..\..\..\..\source\emulation\softmmu\soft_code_page.h">
      <Filter>source\emulation\softmmu</Filter>
    </ClInclude>
    <ClInclude Include="..\..\..\..\..\source\emulation\softmmu\soft_copy_on_write_page.h">
      <Filter>source\emulation\softmmu</Filter>
    </ClInclude>
    <ClInclude Include="..\..\..\..\..\source\emulation\softmmu\soft_file_map.h">
      <Filter>source\emulation\softmmu</Filter>
    </ClInclude>
    <ClInclude Include="..\..\..\..\..\source\emulation\softmmu\soft_invalid_page.h">
      <Filter>source\emulation\softmmu</Filter>
    </ClInclude>
    <ClInclude Include="..\..\..\..\..\source\emulation\softmmu\soft_native_page.h">
      <Filter>source\emulation\softmmu</Filter>
    </ClInclude>
    <ClInclude Include="..\..\..\..\..\source\emulation\softmmu\soft_no_page.h">
      <Filter>source\emulation\softmmu</Filter>
    </ClInclude>
    <ClInclude Include="..\..\..\..\..\source\emulation\softmmu\soft_page.h">
      <Filter>source\emulation\softmmu</Filter>
    </ClInclude>
    <ClInclude Include="..\..\..\..\..\source\emulation\softmmu\soft_ram.h">
      <Filter>source\emulation\softmmu</Filter>
    </ClInclude>
    <ClInclude Include="..\..\..\..\..\source\emulation\softmmu\soft_ro_page.h">
      <Filter>source\emulation\softmmu</Filter>
    </ClInclude>
    <ClInclude Include="..\..\..\..\..\source\emulation\softmmu\soft_rw_page.h">
      <Filter>source\emulation\softmmu</Filter>
    </ClInclude>
    <ClInclude Include="..\..\..\..\..\source\emulation\softmmu\soft_wo_page.h">
      <Filter>source\emulation\softmmu</Filter>
    </ClInclude>
    <ClInclude Include="..\..\..\..\..\source\io\fs.h">
      <Filter>source\io</Filter>
    </ClInclude>
    <ClInclude Include="..\..\..\..\..\source\io\fsdiropennode.h">
      <Filter>source\io</Filter>
    </ClInclude>
    <ClInclude Include="..\..\..\..\..\source\io\fsfilenode.h">
      <Filter>source\io</Filter>
    </ClInclude>
    <ClInclude Include="..\..\..\..\..\source\io\fsfileopennode.h">
      <Filter>source\io</Filter>
    </ClInclude>
    <ClInclude Include="..\..\..\..\..\source\io\fsmemnode.h">
      <Filter>source\io</Filter>
    </ClInclude>
    <ClInclude Include="..\..\..\..\..\source\io\fsmemopennode.h">
      <Filter>source\io</Filter>
    </ClInclude>
    <ClInclude Include="..\..\..\..\..\source\io\fsnode.h">
      <Filter>source\io</Filter>
    </ClInclude>
    <ClInclude Include="..\..\..\..\..\source\io\fsopennode.h">
      <Filter>source\io</Filter>
    </ClInclude>
    <ClInclude Include="..\..\..\..\..\source\io\fsvirtualnode.h">
      <Filter>source\io</Filter>
    </ClInclude>
    <ClInclude Include="..\..\..\..\..\source\io\fsvirtualopennode.h">
      <Filter>source\io</Filter>
    </ClInclude>
    <ClInclude Include="..\..\..\..\..\source\io\fszip.h">
      <Filter>source\io</Filter>
    </ClInclude>
    <ClInclude Include="..\..\..\..\..\source\io\fszipnode.h">
      <Filter>source\io</Filter>
    </ClInclude>
    <ClInclude Include="..\..\..\..\..\source\io\fszipopennode.h">
      <Filter>source\io</Filter>
    </ClInclude>
    <ClInclude Include="..\..\..\..\..\source\kernel\devs\oss.h">
      <Filter>source\kernel\devs</Filter>
    </ClInclude>
    <ClInclude Include="..\..\..\..\..\source\kernel\loader\kelf.h">
      <Filter>source\kernel\loader</Filter>
    </ClInclude>
    <ClInclude Include="..\..\..\..\..\source\opengl\glcommon.h">
      <Filter>source\opengl</Filter>
    </ClInclude>
    <ClInclude Include="..\..\..\..\..\source\opengl\glfunctions.h">
      <Filter>source\opengl</Filter>
    </ClInclude>
    <ClInclude Include="..\..\..\..\..\source\opengl\glfunctions_ext.h">
      <Filter>source\opengl</Filter>
    </ClInclude>
    <ClInclude Include="..\..\..\..\..\source\opengl\glfunctions_ext_def.h">
      <Filter>source\opengl</Filter>
    </ClInclude>
    <ClInclude Include="..\..\..\..\..\source\opengl\glMarshal.h">
      <Filter>source\opengl</Filter>
    </ClInclude>
    <ClInclude Include="..\..\..\..\..\source\sdl\mainloop.h">
      <Filter>source\sdl</Filter>
    </ClInclude>
    <ClInclude Include="..\..\..\..\..\source\sdl\startupArgs.h">
      <Filter>source\sdl</Filter>
    </ClInclude>
    <ClInclude Include="..\..\..\..\..\source\test\testCPU.h">
      <Filter>source\test</Filter>
    </ClInclude>
    <ClInclude Include="..\..\..\..\..\source\test\testMMX.h">
      <Filter>source\test</Filter>
    </ClInclude>
    <ClInclude Include="..\..\..\..\..\source\test\testSSE.h">
      <Filter>source\test</Filter>
    </ClInclude>
    <ClInclude Include="..\..\..\..\..\source\test\testSSE2.h">
      <Filter>source\test</Filter>
    </ClInclude>
    <ClInclude Include="..\..\..\..\..\source\ui\controls\appbar.h">
      <Filter>source\ui\control</Filter>
    </ClInclude>
    <ClInclude Include="..\..\..\..\..\source\ui\controls\appChooserDlg.h">
      <Filter>source\ui\control</Filter>
    </ClInclude>
    <ClInclude Include="..\..\..\..\..\source\ui\controls\baseDlg.h">
      <Filter>source\ui\control</Filter>
    </ClInclude>
    <ClInclude Include="..\..\..\..\..\source\ui\controls\baseView.h">
      <Filter>source\ui\control</Filter>
    </ClInclude>
    <ClInclude Include="..\..\..\..\..\source\ui\controls\containersView.h">
      <Filter>source\ui\control</Filter>
    </ClInclude>
    <ClInclude Include="..\..\..\..\..\source\ui\controls\downloadDlg.h">
      <Filter>source\ui\control</Filter>
    </ClInclude>
    <ClInclude Include="..\..\..\..\..\source\ui\controls\ImGuiLayout.h">
      <Filter>source\ui\control</Filter>
    </ClInclude>
    <ClInclude Include="..\..\..\..\..\source\ui\controls\installView.h">
      <Filter>source\ui\control</Filter>
    </ClInclude>
    <ClInclude Include="..\..\..\..\..\source\ui\controls\listView.h">
      <Filter>source\ui\control</Filter>
    </ClInclude>
    <ClInclude Include="..\..\..\..\..\source\ui\controls\listViewItem.h">
      <Filter>source\ui\control</Filter>
    </ClInclude>
    <ClInclude Include="..\..\..\..\..\source\ui\controls\menubar.h">
      <Filter>source\ui\control</Filter>
    </ClInclude>
    <ClInclude Include="..\..\..\..\..\source\ui\controls\okDlg.h">
      <Filter>source\ui\control</Filter>
    </ClInclude>
    <ClInclude Include="..\..\..\..\..\source\ui\controls\optionsView.h">
      <Filter>source\ui\control</Filter>
    </ClInclude>
    <ClInclude Include="..\..\..\..\..\source\ui\controls\spinnerControl.h">
      <Filter>source\ui\control</Filter>
    </ClInclude>
    <ClInclude Include="..\..\..\..\..\source\ui\controls\uiSettings.h">
      <Filter>source\ui\control</Filter>
    </ClInclude>
    <ClInclude Include="..\..\..\..\..\source\ui\controls\waitDlg.h">
      <Filter>source\ui\control</Filter>
    </ClInclude>
    <ClInclude Include="..\..\..\..\..\source\ui\controls\yesNoDlg.h">
      <Filter>source\ui\control</Filter>
    </ClInclude>
    <ClInclude Include="..\..\..\..\..\source\ui\data\appFile.h">
      <Filter>source\ui\data</Filter>
    </ClInclude>
    <ClInclude Include="..\..\..\..\..\source\ui\data\boxedApp.h">
      <Filter>source\ui\data</Filter>
    </ClInclude>
    <ClInclude Include="..\..\..\..\..\source\ui\data\boxedContainer.h">
      <Filter>source\ui\data</Filter>
    </ClInclude>
    <ClInclude Include="..\..\..\..\..\source\ui\data\boxedReg.h">
      <Filter>source\ui\data</Filter>
    </ClInclude>
    <ClInclude Include="..\..\..\..\..\source\ui\data\boxedTexture.h">
      <Filter>source\ui\data</Filter>
    </ClInclude>
    <ClInclude Include="..\..\..\..\..\source\ui\data\boxedwineData.h">
      <Filter>source\ui\data</Filter>
    </ClInclude>
    <ClInclude Include="..\..\..\..\..\source\ui\data\configFile.h">
      <Filter>source\ui\data</Filter>
    </ClInclude>
    <ClInclude Include="..\..\..\..\..\source\ui\data\globalSettings.h">
      <Filter>source\ui\data</Filter>
    </ClInclude>
    <ClInclude Include="..\..\..\..\..\source\ui\utils\boxedTranslation.h">
      <Filter>source\ui\utils</Filter>
    </ClInclude>
    <ClInclude Include="..\..\..\..\..\source\ui\utils\readIcons.h">
      <Filter>source\ui\utils</Filter>
    </ClInclude>
    <ClInclude Include="..\..\..\..\..\source\ui\utils\stb_image.h">
      <Filter>source\ui\utils</Filter>
    </ClInclude>
    <ClInclude Include="..\..\..\..\..\source\ui\utils\uihelper.h">
      <Filter>source\ui\utils</Filter>
    </ClInclude>
    <ClInclude Include="..\..\..\..\..\source\ui\boxedwineui.h">
      <Filter>source\ui</Filter>
    </ClInclude>
    <ClInclude Include="..\..\..\..\..\source\ui\mainui.h">
      <Filter>source\ui</Filter>
    </ClInclude>
    <ClInclude Include="..\..\..\..\..\source\ui\platformhelper.h">
      <Filter>source\ui</Filter>
    </ClInclude>
    <ClInclude Include="..\..\..\..\..\lib\simde\simde\x86\avx.h">
      <Filter>lib\simde\simde\x86</Filter>
    </ClInclude>
    <ClInclude Include="..\..\..\..\..\lib\simde\simde\x86\avx2.h">
      <Filter>lib\simde\simde\x86</Filter>
    </ClInclude>
    <ClInclude Include="..\..\..\..\..\lib\simde\simde\x86\mmx.h">
      <Filter>lib\simde\simde\x86</Filter>
    </ClInclude>
    <ClInclude Include="..\..\..\..\..\lib\simde\simde\x86\sse.h">
      <Filter>lib\simde\simde\x86</Filter>
    </ClInclude>
    <ClInclude Include="..\..\..\..\..\lib\simde\simde\x86\sse2.h">
      <Filter>lib\simde\simde\x86</Filter>
    </ClInclude>
    <ClInclude Include="..\..\..\..\..\lib\simde\simde\x86\sse3.h">
      <Filter>lib\simde\simde\x86</Filter>
    </ClInclude>
    <ClInclude Include="..\..\..\..\..\lib\simde\simde\x86\sse4.1.h">
      <Filter>lib\simde\simde\x86</Filter>
    </ClInclude>
    <ClInclude Include="..\..\..\..\..\lib\simde\simde\x86\sse4.2.h">
      <Filter>lib\simde\simde\x86</Filter>
    </ClInclude>
    <ClInclude Include="..\..\..\..\..\lib\simde\simde\x86\ssse3.h">
      <Filter>lib\simde\simde\x86</Filter>
    </ClInclude>
    <ClInclude Include="..\..\..\..\..\lib\simde\simde\check.h">
      <Filter>lib\simde\simde</Filter>
    </ClInclude>
    <ClInclude Include="..\..\..\..\..\lib\simde\simde\hedley.h">
      <Filter>lib\simde\simde</Filter>
    </ClInclude>
    <ClInclude Include="..\..\..\..\..\lib\simde\simde\simde-arch.h">
      <Filter>lib\simde\simde</Filter>
    </ClInclude>
    <ClInclude Include="..\..\..\..\..\lib\simde\simde\simde-common.h">
      <Filter>lib\simde\simde</Filter>
    </ClInclude>
    <ClInclude Include="..\..\..\..\..\lib\sdl2\include\begin_code.h">
      <Filter>lib\sdl2\include</Filter>
    </ClInclude>
    <ClInclude Include="..\..\..\..\..\lib\sdl2\include\close_code.h">
      <Filter>lib\sdl2\include</Filter>
    </ClInclude>
    <ClInclude Include="..\..\..\..\..\lib\sdl2\include\SDL.h">
      <Filter>lib\sdl2\include</Filter>
    </ClInclude>
    <ClInclude Include="..\..\..\..\..\lib\sdl2\include\SDL_assert.h">
      <Filter>lib\sdl2\include</Filter>
    </ClInclude>
    <ClInclude Include="..\..\..\..\..\lib\sdl2\include\SDL_atomic.h">
      <Filter>lib\sdl2\include</Filter>
    </ClInclude>
    <ClInclude Include="..\..\..\..\..\lib\sdl2\include\SDL_audio.h">
      <Filter>lib\sdl2\include</Filter>
    </ClInclude>
    <ClInclude Include="..\..\..\..\..\lib\sdl2\include\SDL_bits.h">
      <Filter>lib\sdl2\include</Filter>
    </ClInclude>
    <ClInclude Include="..\..\..\..\..\lib\sdl2\include\SDL_blendmode.h">
      <Filter>lib\sdl2\include</Filter>
    </ClInclude>
    <ClInclude Include="..\..\..\..\..\lib\sdl2\include\SDL_clipboard.h">
      <Filter>lib\sdl2\include</Filter>
    </ClInclude>
    <ClInclude Include="..\..\..\..\..\lib\sdl2\include\SDL_config.h">
      <Filter>lib\sdl2\include</Filter>
    </ClInclude>
    <ClInclude Include="..\..\..\..\..\lib\sdl2\include\SDL_config_android.h">
      <Filter>lib\sdl2\include</Filter>
    </ClInclude>
    <ClInclude Include="..\..\..\..\..\lib\sdl2\include\SDL_config_iphoneos.h">
      <Filter>lib\sdl2\include</Filter>
    </ClInclude>
    <ClInclude Include="..\..\..\..\..\lib\sdl2\include\SDL_config_macosx.h">
      <Filter>lib\sdl2\include</Filter>
    </ClInclude>
    <ClInclude Include="..\..\..\..\..\lib\sdl2\include\SDL_config_minimal.h">
      <Filter>lib\sdl2\include</Filter>
    </ClInclude>
    <ClInclude Include="..\..\..\..\..\lib\sdl2\include\SDL_config_os2.h">
      <Filter>lib\sdl2\include</Filter>
    </ClInclude>
    <ClInclude Include="..\..\..\..\..\lib\sdl2\include\SDL_config_pandora.h">
      <Filter>lib\sdl2\include</Filter>
    </ClInclude>
    <ClInclude Include="..\..\..\..\..\lib\sdl2\include\SDL_config_psp.h">
      <Filter>lib\sdl2\include</Filter>
    </ClInclude>
    <ClInclude Include="..\..\..\..\..\lib\sdl2\include\SDL_config_windows.h">
      <Filter>lib\sdl2\include</Filter>
    </ClInclude>
    <ClInclude Include="..\..\..\..\..\lib\sdl2\include\SDL_config_winrt.h">
      <Filter>lib\sdl2\include</Filter>
    </ClInclude>
    <ClInclude Include="..\..\..\..\..\lib\sdl2\include\SDL_config_wiz.h">
      <Filter>lib\sdl2\include</Filter>
    </ClInclude>
    <ClInclude Include="..\..\..\..\..\lib\sdl2\include\SDL_copying.h">
      <Filter>lib\sdl2\include</Filter>
    </ClInclude>
    <ClInclude Include="..\..\..\..\..\lib\sdl2\include\SDL_cpuinfo.h">
      <Filter>lib\sdl2\include</Filter>
    </ClInclude>
    <ClInclude Include="..\..\..\..\..\lib\sdl2\include\SDL_egl.h">
      <Filter>lib\sdl2\include</Filter>
    </ClInclude>
    <ClInclude Include="..\..\..\..\..\lib\sdl2\include\SDL_endian.h">
      <Filter>lib\sdl2\include</Filter>
    </ClInclude>
    <ClInclude Include="..\..\..\..\..\lib\sdl2\include\SDL_error.h">
      <Filter>lib\sdl2\include</Filter>
    </ClInclude>
    <ClInclude Include="..\..\..\..\..\lib\sdl2\include\SDL_events.h">
      <Filter>lib\sdl2\include</Filter>
    </ClInclude>
    <ClInclude Include="..\..\..\..\..\lib\sdl2\include\SDL_filesystem.h">
      <Filter>lib\sdl2\include</Filter>
    </ClInclude>
    <ClInclude Include="..\..\..\..\..\lib\sdl2\include\SDL_gamecontroller.h">
      <Filter>lib\sdl2\include</Filter>
    </ClInclude>
    <ClInclude Include="..\..\..\..\..\lib\sdl2\include\SDL_gesture.h">
      <Filter>lib\sdl2\include</Filter>
    </ClInclude>
    <ClInclude Include="..\..\..\..\..\lib\sdl2\include\SDL_haptic.h">
      <Filter>lib\sdl2\include</Filter>
    </ClInclude>
    <ClInclude Include="..\..\..\..\..\lib\sdl2\include\SDL_hints.h">
      <Filter>lib\sdl2\include</Filter>
    </ClInclude>
    <ClInclude Include="..\..\..\..\..\lib\sdl2\include\SDL_joystick.h">
      <Filter>lib\sdl2\include</Filter>
    </ClInclude>
    <ClInclude Include="..\..\..\..\..\lib\sdl2\include\SDL_keyboard.h">
      <Filter>lib\sdl2\include</Filter>
    </ClInclude>
    <ClInclude Include="..\..\..\..\..\lib\sdl2\include\SDL_keycode.h">
      <Filter>lib\sdl2\include</Filter>
    </ClInclude>
    <ClInclude Include="..\..\..\..\..\lib\sdl2\include\SDL_loadso.h">
      <Filter>lib\sdl2\include</Filter>
    </ClInclude>
    <ClInclude Include="..\..\..\..\..\lib\sdl2\include\SDL_log.h">
      <Filter>lib\sdl2\include</Filter>
    </ClInclude>
    <ClInclude Include="..\..\..\..\..\lib\sdl2\include\SDL_main.h">
      <Filter>lib\sdl2\include</Filter>
    </ClInclude>
    <ClInclude Include="..\..\..\..\..\lib\sdl2\include\SDL_messagebox.h">
      <Filter>lib\sdl2\include</Filter>
    </ClInclude>
    <ClInclude Include="..\..\..\..\..\lib\sdl2\include\SDL_metal.h">
      <Filter>lib\sdl2\include</Filter>
    </ClInclude>
    <ClInclude Include="..\..\..\..\..\lib\sdl2\include\SDL_mouse.h">
      <Filter>lib\sdl2\include</Filter>
    </ClInclude>
    <ClInclude Include="..\..\..\..\..\lib\sdl2\include\SDL_mutex.h">
      <Filter>lib\sdl2\include</Filter>
    </ClInclude>
    <ClInclude Include="..\..\..\..\..\lib\sdl2\include\SDL_name.h">
      <Filter>lib\sdl2\include</Filter>
    </ClInclude>
    <ClInclude Include="..\..\..\..\..\lib\sdl2\include\SDL_opengl.h">
      <Filter>lib\sdl2\include</Filter>
    </ClInclude>
    <ClInclude Include="..\..\..\..\..\lib\sdl2\include\SDL_opengl_glext.h">
      <Filter>lib\sdl2\include</Filter>
    </ClInclude>
    <ClInclude Include="..\..\..\..\..\lib\sdl2\include\SDL_opengles.h">
      <Filter>lib\sdl2\include</Filter>
    </ClInclude>
    <ClInclude Include="..\..\..\..\..\lib\sdl2\include\SDL_opengles2.h">
      <Filter>lib\sdl2\include</Filter>
    </ClInclude>
    <ClInclude Include="..\..\..\..\..\lib\sdl2\include\SDL_opengles2_gl2.h">
      <Filter>lib\sdl2\include</Filter>
    </ClInclude>
    <ClInclude Include="..\..\..\..\..\lib\sdl2\include\SDL_opengles2_gl2ext.h">
      <Filter>lib\sdl2\include</Filter>
    </ClInclude>
    <ClInclude Include="..\..\..\..\..\lib\sdl2\include\SDL_opengles2_gl2platform.h">
      <Filter>lib\sdl2\include</Filter>
    </ClInclude>
    <ClInclude Include="..\..\..\..\..\lib\sdl2\include\SDL_opengles2_khrplatform.h">
      <Filter>lib\sdl2\include</Filter>
    </ClInclude>
    <ClInclude Include="..\..\..\..\..\lib\sdl2\include\SDL_pixels.h">
      <Filter>lib\sdl2\include</Filter>
    </ClInclude>
    <ClInclude Include="..\..\..\..\..\lib\sdl2\include\SDL_platform.h">
      <Filter>lib\sdl2\include</Filter>
    </ClInclude>
    <ClInclude Include="..\..\..\..\..\lib\sdl2\include\SDL_power.h">
      <Filter>lib\sdl2\include</Filter>
    </ClInclude>
    <ClInclude Include="..\..\..\..\..\lib\sdl2\include\SDL_quit.h">
      <Filter>lib\sdl2\include</Filter>
    </ClInclude>
    <ClInclude Include="..\..\..\..\..\lib\sdl2\include\SDL_rect.h">
      <Filter>lib\sdl2\include</Filter>
    </ClInclude>
    <ClInclude Include="..\..\..\..\..\lib\sdl2\include\SDL_render.h">
      <Filter>lib\sdl2\include</Filter>
    </ClInclude>
    <ClInclude Include="..\..\..\..\..\lib\sdl2\include\SDL_revision.h">
      <Filter>lib\sdl2\include</Filter>
    </ClInclude>
    <ClInclude Include="..\..\..\..\..\lib\sdl2\include\SDL_rwops.h">
      <Filter>lib\sdl2\include</Filter>
    </ClInclude>
    <ClInclude Include="..\..\..\..\..\lib\sdl2\include\SDL_scancode.h">
      <Filter>lib\sdl2\include</Filter>
    </ClInclude>
    <ClInclude Include="..\..\..\..\..\lib\sdl2\include\SDL_sensor.h">
      <Filter>lib\sdl2\include</Filter>
    </ClInclude>
    <ClInclude Include="..\..\..\..\..\lib\sdl2\include\SDL_shape.h">
      <Filter>lib\sdl2\include</Filter>
    </ClInclude>
    <ClInclude Include="..\..\..\..\..\lib\sdl2\include\SDL_stdinc.h">
      <Filter>lib\sdl2\include</Filter>
    </ClInclude>
    <ClInclude Include="..\..\..\..\..\lib\sdl2\include\SDL_surface.h">
      <Filter>lib\sdl2\include</Filter>
    </ClInclude>
    <ClInclude Include="..\..\..\..\..\lib\sdl2\include\SDL_system.h">
      <Filter>lib\sdl2\include</Filter>
    </ClInclude>
    <ClInclude Include="..\..\..\..\..\lib\sdl2\include\SDL_syswm.h">
      <Filter>lib\sdl2\include</Filter>
    </ClInclude>
    <ClInclude Include="..\..\..\..\..\lib\sdl2\include\SDL_test.h">
      <Filter>lib\sdl2\include</Filter>
    </ClInclude>
    <ClInclude Include="..\..\..\..\..\lib\sdl2\include\SDL_test_assert.h">
      <Filter>lib\sdl2\include</Filter>
    </ClInclude>
    <ClInclude Include="..\..\..\..\..\lib\sdl2\include\SDL_test_common.h">
      <Filter>lib\sdl2\include</Filter>
    </ClInclude>
    <ClInclude Include="..\..\..\..\..\lib\sdl2\include\SDL_test_compare.h">
      <Filter>lib\sdl2\include</Filter>
    </ClInclude>
    <ClInclude Include="..\..\..\..\..\lib\sdl2\include\SDL_test_crc32.h">
      <Filter>lib\sdl2\include</Filter>
    </ClInclude>
    <ClInclude Include="..\..\..\..\..\lib\sdl2\include\SDL_test_font.h">
      <Filter>lib\sdl2\include</Filter>
    </ClInclude>
    <ClInclude Include="..\..\..\..\..\lib\sdl2\include\SDL_test_fuzzer.h">
      <Filter>lib\sdl2\include</Filter>
    </ClInclude>
    <ClInclude Include="..\..\..\..\..\lib\sdl2\include\SDL_test_harness.h">
      <Filter>lib\sdl2\include</Filter>
    </ClInclude>
    <ClInclude Include="..\..\..\..\..\lib\sdl2\include\SDL_test_images.h">
      <Filter>lib\sdl2\include</Filter>
    </ClInclude>
    <ClInclude Include="..\..\..\..\..\lib\sdl2\include\SDL_test_log.h">
      <Filter>lib\sdl2\include</Filter>
    </ClInclude>
    <ClInclude Include="..\..\..\..\..\lib\sdl2\include\SDL_test_md5.h">
      <Filter>lib\sdl2\include</Filter>
    </ClInclude>
    <ClInclude Include="..\..\..\..\..\lib\sdl2\include\SDL_test_memory.h">
      <Filter>lib\sdl2\include</Filter>
    </ClInclude>
    <ClInclude Include="..\..\..\..\..\lib\sdl2\include\SDL_test_random.h">
      <Filter>lib\sdl2\include</Filter>
    </ClInclude>
    <ClInclude Include="..\..\..\..\..\lib\sdl2\include\SDL_thread.h">
      <Filter>lib\sdl2\include</Filter>
    </ClInclude>
    <ClInclude Include="..\..\..\..\..\lib\sdl2\include\SDL_timer.h">
      <Filter>lib\sdl2\include</Filter>
    </ClInclude>
    <ClInclude Include="..\..\..\..\..\lib\sdl2\include\SDL_touch.h">
      <Filter>lib\sdl2\include</Filter>
    </ClInclude>
    <ClInclude Include="..\..\..\..\..\lib\sdl2\include\SDL_types.h">
      <Filter>lib\sdl2\include</Filter>
    </ClInclude>
    <ClInclude Include="..\..\..\..\..\lib\sdl2\include\SDL_version.h">
      <Filter>lib\sdl2\include</Filter>
    </ClInclude>
    <ClInclude Include="..\..\..\..\..\lib\sdl2\include\SDL_video.h">
      <Filter>lib\sdl2\include</Filter>
    </ClInclude>
    <ClInclude Include="..\..\..\..\..\lib\sdl2\include\SDL_vulkan.h">
      <Filter>lib\sdl2\include</Filter>
    </ClInclude>
    <ClInclude Include="..\..\..\..\..\lib\zlib\contrib\minizip\unzip.h">
      <Filter>lib\zlib\contrib\minizip</Filter>
    </ClInclude>
    <ClInclude Include="..\..\..\..\..\lib\zlib\contrib\minizip\ioapi.h">
      <Filter>lib\zlib\contrib\minizip</Filter>
    </ClInclude>
    <ClInclude Include="..\..\..\..\..\lib\glew\include\GL\glew.h">
      <Filter>lib\glew\include\GL</Filter>
    </ClInclude>
    <ClInclude Include="..\..\..\..\..\tools\opengl\gldef.h">
      <Filter>source\opengl</Filter>
    </ClInclude>
    <ClInclude Include="..\..\..\..\..\tools\opengl\gldef_ext.h">
      <Filter>source\opengl</Filter>
    </ClInclude>
    <ClInclude Include="..\..\..\..\..\tools\opengl\glfunctions.h">
      <Filter>source\opengl</Filter>
    </ClInclude>
    <ClInclude Include="..\..\..\..\..\lib\imgui\imgui.h">
      <Filter>lib\imgui</Filter>
    </ClInclude>
    <ClInclude Include="..\..\..\..\..\lib\imgui\imgui_internal.h">
      <Filter>lib\imgui</Filter>
    </ClInclude>
    <ClInclude Include="..\..\..\..\..\lib\imgui\imstb_rectpack.h">
      <Filter>lib\imgui</Filter>
    </ClInclude>
    <ClInclude Include="..\..\..\..\..\lib\imgui\imstb_textedit.h">
      <Filter>lib\imgui</Filter>
    </ClInclude>
    <ClInclude Include="..\..\..\..\..\lib\imgui\imstb_truetype.h">
      <Filter>lib\imgui</Filter>
    </ClInclude>
    <ClInclude Include="..\..\..\..\..\lib\imgui\examples\imgui_impl_opengl3.h">
      <Filter>lib\imgui\examples</Filter>
    </ClInclude>
    <ClInclude Include="..\..\..\..\..\lib\imgui\examples\imgui_impl_sdl.h">
      <Filter>lib\imgui\examples</Filter>
    </ClInclude>
    <ClInclude Include="..\..\..\..\..\lib\imgui\addon\imguitinyfiledialogs.h">
      <Filter>lib\imgui\addon</Filter>
    </ClInclude>
    <ClInclude Include="..\..\..\..\..\lib\imgui\imconfig.h">
      <Filter>lib\imgui</Filter>
    </ClInclude>
    <ClInclude Include="..\..\..\..\..\lib\pugixml\src\pugiconfig.hpp">
      <Filter>lib\pugixml\src</Filter>
    </ClInclude>
    <ClInclude Include="..\..\..\..\..\lib\pugixml\src\pugixml.hpp">
      <Filter>lib\pugixml\src</Filter>
    </ClInclude>
    <ClInclude Include="..\..\..\..\..\lib\glew\include\GL\glxew.h">
      <Filter>lib\glew\include\GL</Filter>
    </ClInclude>
    <ClInclude Include="..\..\..\..\..\source\ui\controls\unzipDlg.h">
      <Filter>source\ui\control</Filter>
    </ClInclude>
    <ClInclude Include="..\..\..\..\..\include\knativesystem.h">
      <Filter>include</Filter>
    </ClInclude>
    <ClInclude Include="..\..\..\..\..\include\knativethread.h">
      <Filter>include</Filter>
    </ClInclude>
    <ClInclude Include="..\..\..\..\..\include\knativeaudio.h">
      <Filter>include</Filter>
    </ClInclude>
    <ClInclude Include="..\..\..\..\..\platform\sdl\sdlcallback.h">
      <Filter>sdlPlatform</Filter>
    </ClInclude>
    <ClInclude Include="..\..\..\..\..\include\knativewindow.h">
      <Filter>include</Filter>
    </ClInclude>
    <ClInclude Include="..\..\..\..\..\lib\imgui\examples\imgui_impl_opengl2.h">
      <Filter>lib\imgui\examples</Filter>
    </ClInclude>
    <ClInclude Include="..\..\..\..\..\source\emulation\cpu\armv7\armv7CPU.h">
      <Filter>source\emulation\cpu\armv7</Filter>
    </ClInclude>
    <ClInclude Include="..\..\..\..\..\source\emulation\cpu\dynamic\dynamic_generic_base.h">
      <Filter>source\emulation\cpu\dynamic</Filter>
    </ClInclude>
    <ClInclude Include="..\..\..\..\..\source\emulation\cpu\armv8\armv8CPU.h">
      <Filter>source\emulation\cpu\armv8</Filter>
    </ClInclude>
    <ClInclude Include="..\..\..\..\..\source\emulation\cpu\armv8\llvm_helper.h">
      <Filter>source\emulation\cpu\armv8</Filter>
    </ClInclude>
    <ClInclude Include="..\..\..\..\..\source\emulation\cpu\binaryTranslation\btCpu.h">
      <Filter>source\emulation\cpu\binaryTranslation</Filter>
    </ClInclude>
    <ClInclude Include="..\..\..\..\..\source\emulation\cpu\binaryTranslation\btCodeChunk.h">
      <Filter>source\emulation\cpu\binaryTranslation</Filter>
    </ClInclude>
    <ClInclude Include="..\..\..\..\..\source\ui\controls\helpView.h">
      <Filter>source\ui\control</Filter>
    </ClInclude>
    <ClInclude Include="..\..\..\..\..\source\ui\utils\imgui_markdown.h">
      <Filter>source\ui\utils</Filter>
    </ClInclude>
    <ClInclude Include="..\..\..\..\..\lib\simde\simde\debug-trap.h">
      <Filter>lib\simde\simde</Filter>
    </ClInclude>
    <ClInclude Include="..\..\..\..\..\lib\simde\simde\simde-align.h">
      <Filter>lib\simde\simde</Filter>
    </ClInclude>
    <ClInclude Include="..\..\..\..\..\lib\simde\simde\simde-constify.h">
      <Filter>lib\simde\simde</Filter>
    </ClInclude>
    <ClInclude Include="..\..\..\..\..\lib\simde\simde\simde-detect-clang.h">
      <Filter>lib\simde\simde</Filter>
    </ClInclude>
    <ClInclude Include="..\..\..\..\..\lib\simde\simde\simde-diagnostic.h">
      <Filter>lib\simde\simde</Filter>
    </ClInclude>
    <ClInclude Include="..\..\..\..\..\lib\simde\simde\simde-features.h">
      <Filter>lib\simde\simde</Filter>
    </ClInclude>
    <ClInclude Include="..\..\..\..\..\lib\simde\simde\simde-math.h">
      <Filter>lib\simde\simde</Filter>
    </ClInclude>
    <ClInclude Include="..\..\..\..\..\source\emulation\cpu\armv8bt\arm8btFlags.h">
      <Filter>source\emulation\cpu\armv8bt</Filter>
    </ClInclude>
    <ClInclude Include="..\..\..\..\..\source\emulation\cpu\armv8bt\armv8btAsm.h">
      <Filter>source\emulation\cpu\armv8bt</Filter>
    </ClInclude>
    <ClInclude Include="..\..\..\..\..\source\emulation\cpu\armv8bt\armv8btCodeChunk.h">
      <Filter>source\emulation\cpu\armv8bt</Filter>
    </ClInclude>
    <ClInclude Include="..\..\..\..\..\source\emulation\cpu\armv8bt\armv8btCPU.h">
      <Filter>source\emulation\cpu\armv8bt</Filter>
    </ClInclude>
    <ClInclude Include="..\..\..\..\..\source\emulation\cpu\armv8bt\armv8btData.h">
      <Filter>source\emulation\cpu\armv8bt</Filter>
    </ClInclude>
    <ClInclude Include="..\..\..\..\..\source\emulation\cpu\armv8bt\armv8btOps.h">
      <Filter>source\emulation\cpu\armv8bt</Filter>
    </ClInclude>
    <ClInclude Include="..\..\..\..\..\source\emulation\cpu\armv8bt\armv8btOps_bits.h">
      <Filter>source\emulation\cpu\armv8bt</Filter>
    </ClInclude>
    <ClInclude Include="..\..\..\..\..\source\emulation\cpu\armv8bt\armv8btOps_fpu.h">
      <Filter>source\emulation\cpu\armv8bt</Filter>
    </ClInclude>
    <ClInclude Include="..\..\..\..\..\source\emulation\cpu\armv8bt\armv8btOps_mmx.h">
      <Filter>source\emulation\cpu\armv8bt</Filter>
    </ClInclude>
    <ClInclude Include="..\..\..\..\..\source\emulation\cpu\armv8bt\armv8btOps_shift.h">
      <Filter>source\emulation\cpu\armv8bt</Filter>
    </ClInclude>
    <ClInclude Include="..\..\..\..\..\source\emulation\cpu\armv8bt\armv8btOps_sse_convert.h">
      <Filter>source\emulation\cpu\armv8bt</Filter>
    </ClInclude>
    <ClInclude Include="..\..\..\..\..\source\emulation\cpu\armv8bt\armv8btOps_sse_minmax.h">
      <Filter>source\emulation\cpu\armv8bt</Filter>
    </ClInclude>
    <ClInclude Include="..\..\..\..\..\source\emulation\cpu\armv8bt\armv8btOps_sse_shuffle.h">
      <Filter>source\emulation\cpu\armv8bt</Filter>
    </ClInclude>
    <ClInclude Include="..\..\..\..\..\source\emulation\cpu\armv8bt\armv8btOps_string.h">
      <Filter>source\emulation\cpu\armv8bt</Filter>
    </ClInclude>
    <ClInclude Include="..\..\..\..\..\platform\sdl\knativeaudiosdl.h">
      <Filter>sdlPlatform</Filter>
    </ClInclude>
    <ClInclude Include="..\..\..\..\..\include\kdspaudio.h">
      <Filter>include</Filter>
    </ClInclude>
    <ClInclude Include="..\..\..\..\..\source\opengl\boxedwineGL.h">
      <Filter>source\opengl</Filter>
    </ClInclude>
    <ClInclude Include="..\..\..\..\..\source\io\fsdynamiclinknode.h">
      <Filter>source\io</Filter>
    </ClInclude>
    <ClInclude Include="..\..\..\..\..\include\uptime.h">
      <Filter>include</Filter>
    </ClInclude>
    <ClInclude Include="..\..\..\..\..\lib\tiny-process\process.hpp">
      <Filter>lib\process</Filter>
    </ClInclude>
    <ClInclude Include="..\..\..\..\..\source\emulation\cpu\binaryTranslation\btData.h">
      <Filter>source\emulation\cpu\binaryTranslation</Filter>
    </ClInclude>
    <ClInclude Include="..\..\..\..\..\include\kmemory.h" />
    <ClInclude Include="..\..\..\..\..\source\emulation\cpu\dynamic\dynamic_memory.h" />
    <ClInclude Include="..\..\..\..\..\source\util\bstring.h" />
    <ClInclude Include="..\..\..\..\..\source\util\concurrentqueue.h" />
    <ClInclude Include="..\..\..\..\..\source\emulation\softmmu\kmemory_soft.h">
      <Filter>source\emulation\softmmu</Filter>
    </ClInclude>
    <ClInclude Include="..\..\..\..\..\source\emulation\cpu\binaryTranslation\btMemory.h">
      <Filter>source\emulation\cpu\binaryTranslation</Filter>
    </ClInclude>
    <ClInclude Include="..\..\..\..\..\source\util\ptrpool.h">
      <Filter>source\util</Filter>
    </ClInclude>
    <ClInclude Include="..\..\..\..\..\source\util\bfile.h">
      <Filter>source\util</Filter>
    </ClInclude>
    <ClInclude Include="..\..\..\..\..\source\util\bhashtable.h">
      <Filter>source\util</Filter>
    </ClInclude>
    <ClInclude Include="..\..\..\..\..\include\devfb.h">
      <Filter>include</Filter>
    </ClInclude>
    <ClInclude Include="..\..\..\..\..\include\ktimercallback.h">
      <Filter>include</Filter>
    </ClInclude>
    <ClInclude Include="..\..\..\..\..\include\procstat.h">
      <Filter>include</Filter>
    </ClInclude>
    <ClInclude Include="..\..\..\..\..\include\knetlink.h">
      <Filter>include</Filter>
    </ClInclude>
    <ClInclude Include="..\..\..\..\..\include\kevent.h">
      <Filter>include</Filter>
    </ClInclude>
  </ItemGroup>
  <ItemGroup>
    <None Include="..\..\..\..\..\lib\sdl2\include\SDL_config.h.cmake">
      <Filter>lib\sdl2\include</Filter>
    </None>
    <None Include="..\..\..\..\..\lib\sdl2\include\SDL_config.h.in">
      <Filter>lib\sdl2\include</Filter>
    </None>
  </ItemGroup>
</Project>